
Microsoft Visual Studio Solution File, Format Version 12.00
# Visual Studio 15
VisualStudioVersion = 15.0.27428.2037
MinimumVisualStudioVersion = 10.0.40219.1
Project("{FAE04EC0-301F-11D3-BF4B-00C04F79EFBC}") = "App09_Estilo.Android", "App09_Estilo\App09_Estilo.Android\App09_Estilo.Android.csproj", "{AAB650AA-4B43-4E52-9E2C-2D350F6A647E}"
EndProject
Project("{FAE04EC0-301F-11D3-BF4B-00C04F79EFBC}") = "App09_Estilo.iOS", "App09_Estilo\App09_Estilo.iOS\App09_Estilo.iOS.csproj", "{0DF2FF28-DC72-4F8A-9B96-BAAF3841128D}"
EndProject
Project("{FAE04EC0-301F-11D3-BF4B-00C04F79EFBC}") = "App09_Estilo.UWP", "App09_Estilo\App09_Estilo.UWP\App09_Estilo.UWP.csproj", "{6F96A5E5-476A-4114-93B7-C27C336B4A0E}"
EndProject
Project("{FAE04EC0-301F-11D3-BF4B-00C04F79EFBC}") = "App09_Estilo", "App09_Estilo\App09_Estilo\App09_Estilo.csproj", "{2C1322A8-CD09-4942-9E1B-14FF030282BF}"
EndProject
Global
	GlobalSection(SolutionConfigurationPlatforms) = preSolution
		Ad-Hoc|Any CPU = Ad-Hoc|Any CPU
		Ad-Hoc|ARM = Ad-Hoc|ARM
		Ad-Hoc|iPhone = Ad-Hoc|iPhone
		Ad-Hoc|iPhoneSimulator = Ad-Hoc|iPhoneSimulator
		Ad-Hoc|x64 = Ad-Hoc|x64
		Ad-Hoc|x86 = Ad-Hoc|x86
		AppStore|Any CPU = AppStore|Any CPU
		AppStore|ARM = AppStore|ARM
		AppStore|iPhone = AppStore|iPhone
		AppStore|iPhoneSimulator = AppStore|iPhoneSimulator
		AppStore|x64 = AppStore|x64
		AppStore|x86 = AppStore|x86
		Debug|Any CPU = Debug|Any CPU
		Debug|ARM = Debug|ARM
		Debug|iPhone = Debug|iPhone
		Debug|iPhoneSimulator = Debug|iPhoneSimulator
		Debug|x64 = Debug|x64
		Debug|x86 = Debug|x86
		Release|Any CPU = Release|Any CPU
		Release|ARM = Release|ARM
		Release|iPhone = Release|iPhone
		Release|iPhoneSimulator = Release|iPhoneSimulator
		Release|x64 = Release|x64
		Release|x86 = Release|x86
	EndGlobalSection
	GlobalSection(ProjectConfigurationPlatforms) = postSolution
		{AAB650AA-4B43-4E52-9E2C-2D350F6A647E}.Ad-Hoc|Any CPU.ActiveCfg = Release|Any CPU
		{AAB650AA-4B43-4E52-9E2C-2D350F6A647E}.Ad-Hoc|Any CPU.Build.0 = Release|Any CPU
		{AAB650AA-4B43-4E52-9E2C-2D350F6A647E}.Ad-Hoc|Any CPU.Deploy.0 = Release|Any CPU
		{AAB650AA-4B43-4E52-9E2C-2D350F6A647E}.Ad-Hoc|ARM.ActiveCfg = Release|Any CPU
		{AAB650AA-4B43-4E52-9E2C-2D350F6A647E}.Ad-Hoc|ARM.Build.0 = Release|Any CPU
		{AAB650AA-4B43-4E52-9E2C-2D350F6A647E}.Ad-Hoc|ARM.Deploy.0 = Release|Any CPU
		{AAB650AA-4B43-4E52-9E2C-2D350F6A647E}.Ad-Hoc|iPhone.ActiveCfg = Release|Any CPU
		{AAB650AA-4B43-4E52-9E2C-2D350F6A647E}.Ad-Hoc|iPhone.Build.0 = Release|Any CPU
		{AAB650AA-4B43-4E52-9E2C-2D350F6A647E}.Ad-Hoc|iPhone.Deploy.0 = Release|Any CPU
		{AAB650AA-4B43-4E52-9E2C-2D350F6A647E}.Ad-Hoc|iPhoneSimulator.ActiveCfg = Release|Any CPU
		{AAB650AA-4B43-4E52-9E2C-2D350F6A647E}.Ad-Hoc|iPhoneSimulator.Build.0 = Release|Any CPU
		{AAB650AA-4B43-4E52-9E2C-2D350F6A647E}.Ad-Hoc|iPhoneSimulator.Deploy.0 = Release|Any CPU
		{AAB650AA-4B43-4E52-9E2C-2D350F6A647E}.Ad-Hoc|x64.ActiveCfg = Release|Any CPU
		{AAB650AA-4B43-4E52-9E2C-2D350F6A647E}.Ad-Hoc|x64.Build.0 = Release|Any CPU
		{AAB650AA-4B43-4E52-9E2C-2D350F6A647E}.Ad-Hoc|x64.Deploy.0 = Release|Any CPU
		{AAB650AA-4B43-4E52-9E2C-2D350F6A647E}.Ad-Hoc|x86.ActiveCfg = Release|Any CPU
		{AAB650AA-4B43-4E52-9E2C-2D350F6A647E}.Ad-Hoc|x86.Build.0 = Release|Any CPU
		{AAB650AA-4B43-4E52-9E2C-2D350F6A647E}.Ad-Hoc|x86.Deploy.0 = Release|Any CPU
		{AAB650AA-4B43-4E52-9E2C-2D350F6A647E}.AppStore|Any CPU.ActiveCfg = Release|Any CPU
		{AAB650AA-4B43-4E52-9E2C-2D350F6A647E}.AppStore|Any CPU.Build.0 = Release|Any CPU
		{AAB650AA-4B43-4E52-9E2C-2D350F6A647E}.AppStore|Any CPU.Deploy.0 = Release|Any CPU
		{AAB650AA-4B43-4E52-9E2C-2D350F6A647E}.AppStore|ARM.ActiveCfg = Release|Any CPU
		{AAB650AA-4B43-4E52-9E2C-2D350F6A647E}.AppStore|ARM.Build.0 = Release|Any CPU
		{AAB650AA-4B43-4E52-9E2C-2D350F6A647E}.AppStore|ARM.Deploy.0 = Release|Any CPU
		{AAB650AA-4B43-4E52-9E2C-2D350F6A647E}.AppStore|iPhone.ActiveCfg = Release|Any CPU
		{AAB650AA-4B43-4E52-9E2C-2D350F6A647E}.AppStore|iPhone.Build.0 = Release|Any CPU
		{AAB650AA-4B43-4E52-9E2C-2D350F6A647E}.AppStore|iPhone.Deploy.0 = Release|Any CPU
		{AAB650AA-4B43-4E52-9E2C-2D350F6A647E}.AppStore|iPhoneSimulator.ActiveCfg = Release|Any CPU
		{AAB650AA-4B43-4E52-9E2C-2D350F6A647E}.AppStore|iPhoneSimulator.Build.0 = Release|Any CPU
		{AAB650AA-4B43-4E52-9E2C-2D350F6A647E}.AppStore|iPhoneSimulator.Deploy.0 = Release|Any CPU
		{AAB650AA-4B43-4E52-9E2C-2D350F6A647E}.AppStore|x64.ActiveCfg = Release|Any CPU
		{AAB650AA-4B43-4E52-9E2C-2D350F6A647E}.AppStore|x64.Build.0 = Release|Any CPU
		{AAB650AA-4B43-4E52-9E2C-2D350F6A647E}.AppStore|x64.Deploy.0 = Release|Any CPU
		{AAB650AA-4B43-4E52-9E2C-2D350F6A647E}.AppStore|x86.ActiveCfg = Release|Any CPU
		{AAB650AA-4B43-4E52-9E2C-2D350F6A647E}.AppStore|x86.Build.0 = Release|Any CPU
		{AAB650AA-4B43-4E52-9E2C-2D350F6A647E}.AppStore|x86.Deploy.0 = Release|Any CPU
		{AAB650AA-4B43-4E52-9E2C-2D350F6A647E}.Debug|Any CPU.ActiveCfg = Debug|Any CPU
		{AAB650AA-4B43-4E52-9E2C-2D350F6A647E}.Debug|Any CPU.Build.0 = Debug|Any CPU
		{AAB650AA-4B43-4E52-9E2C-2D350F6A647E}.Debug|Any CPU.Deploy.0 = Debug|Any CPU
		{AAB650AA-4B43-4E52-9E2C-2D350F6A647E}.Debug|ARM.ActiveCfg = Debug|Any CPU
		{AAB650AA-4B43-4E52-9E2C-2D350F6A647E}.Debug|ARM.Build.0 = Debug|Any CPU
		{AAB650AA-4B43-4E52-9E2C-2D350F6A647E}.Debug|ARM.Deploy.0 = Debug|Any CPU
		{AAB650AA-4B43-4E52-9E2C-2D350F6A647E}.Debug|iPhone.ActiveCfg = Debug|Any CPU
		{AAB650AA-4B43-4E52-9E2C-2D350F6A647E}.Debug|iPhone.Build.0 = Debug|Any CPU
		{AAB650AA-4B43-4E52-9E2C-2D350F6A647E}.Debug|iPhone.Deploy.0 = Debug|Any CPU
		{AAB650AA-4B43-4E52-9E2C-2D350F6A647E}.Debug|iPhoneSimulator.ActiveCfg = Debug|Any CPU
		{AAB650AA-4B43-4E52-9E2C-2D350F6A647E}.Debug|iPhoneSimulator.Build.0 = Debug|Any CPU
		{AAB650AA-4B43-4E52-9E2C-2D350F6A647E}.Debug|iPhoneSimulator.Deploy.0 = Debug|Any CPU
		{AAB650AA-4B43-4E52-9E2C-2D350F6A647E}.Debug|x64.ActiveCfg = Debug|Any CPU
		{AAB650AA-4B43-4E52-9E2C-2D350F6A647E}.Debug|x64.Build.0 = Debug|Any CPU
		{AAB650AA-4B43-4E52-9E2C-2D350F6A647E}.Debug|x64.Deploy.0 = Debug|Any CPU
		{AAB650AA-4B43-4E52-9E2C-2D350F6A647E}.Debug|x86.ActiveCfg = Debug|Any CPU
		{AAB650AA-4B43-4E52-9E2C-2D350F6A647E}.Debug|x86.Build.0 = Debug|Any CPU
		{AAB650AA-4B43-4E52-9E2C-2D350F6A647E}.Debug|x86.Deploy.0 = Debug|Any CPU
		{AAB650AA-4B43-4E52-9E2C-2D350F6A647E}.Release|Any CPU.ActiveCfg = Release|Any CPU
		{AAB650AA-4B43-4E52-9E2C-2D350F6A647E}.Release|Any CPU.Build.0 = Release|Any CPU
		{AAB650AA-4B43-4E52-9E2C-2D350F6A647E}.Release|Any CPU.Deploy.0 = Release|Any CPU
		{AAB650AA-4B43-4E52-9E2C-2D350F6A647E}.Release|ARM.ActiveCfg = Release|Any CPU
		{AAB650AA-4B43-4E52-9E2C-2D350F6A647E}.Release|ARM.Build.0 = Release|Any CPU
		{AAB650AA-4B43-4E52-9E2C-2D350F6A647E}.Release|ARM.Deploy.0 = Release|Any CPU
		{AAB650AA-4B43-4E52-9E2C-2D350F6A647E}.Release|iPhone.ActiveCfg = Release|Any CPU
		{AAB650AA-4B43-4E52-9E2C-2D350F6A647E}.Release|iPhone.Build.0 = Release|Any CPU
		{AAB650AA-4B43-4E52-9E2C-2D350F6A647E}.Release|iPhone.Deploy.0 = Release|Any CPU
		{AAB650AA-4B43-4E52-9E2C-2D350F6A647E}.Release|iPhoneSimulator.ActiveCfg = Release|Any CPU
		{AAB650AA-4B43-4E52-9E2C-2D350F6A647E}.Release|iPhoneSimulator.Build.0 = Release|Any CPU
		{AAB650AA-4B43-4E52-9E2C-2D350F6A647E}.Release|iPhoneSimulator.Deploy.0 = Release|Any CPU
		{AAB650AA-4B43-4E52-9E2C-2D350F6A647E}.Release|x64.ActiveCfg = Release|Any CPU
		{AAB650AA-4B43-4E52-9E2C-2D350F6A647E}.Release|x64.Build.0 = Release|Any CPU
		{AAB650AA-4B43-4E52-9E2C-2D350F6A647E}.Release|x64.Deploy.0 = Release|Any CPU
		{AAB650AA-4B43-4E52-9E2C-2D350F6A647E}.Release|x86.ActiveCfg = Release|Any CPU
		{AAB650AA-4B43-4E52-9E2C-2D350F6A647E}.Release|x86.Build.0 = Release|Any CPU
		{AAB650AA-4B43-4E52-9E2C-2D350F6A647E}.Release|x86.Deploy.0 = Release|Any CPU
		{0DF2FF28-DC72-4F8A-9B96-BAAF3841128D}.Ad-Hoc|Any CPU.ActiveCfg = Ad-Hoc|iPhone
		{0DF2FF28-DC72-4F8A-9B96-BAAF3841128D}.Ad-Hoc|ARM.ActiveCfg = Ad-Hoc|iPhone
		{0DF2FF28-DC72-4F8A-9B96-BAAF3841128D}.Ad-Hoc|iPhone.ActiveCfg = Ad-Hoc|iPhone
		{0DF2FF28-DC72-4F8A-9B96-BAAF3841128D}.Ad-Hoc|iPhone.Build.0 = Ad-Hoc|iPhone
		{0DF2FF28-DC72-4F8A-9B96-BAAF3841128D}.Ad-Hoc|iPhoneSimulator.ActiveCfg = Ad-Hoc|iPhoneSimulator
		{0DF2FF28-DC72-4F8A-9B96-BAAF3841128D}.Ad-Hoc|iPhoneSimulator.Build.0 = Ad-Hoc|iPhoneSimulator
		{0DF2FF28-DC72-4F8A-9B96-BAAF3841128D}.Ad-Hoc|x64.ActiveCfg = Ad-Hoc|iPhone
		{0DF2FF28-DC72-4F8A-9B96-BAAF3841128D}.Ad-Hoc|x86.ActiveCfg = Ad-Hoc|iPhone
		{0DF2FF28-DC72-4F8A-9B96-BAAF3841128D}.AppStore|Any CPU.ActiveCfg = AppStore|iPhone
		{0DF2FF28-DC72-4F8A-9B96-BAAF3841128D}.AppStore|ARM.ActiveCfg = AppStore|iPhone
		{0DF2FF28-DC72-4F8A-9B96-BAAF3841128D}.AppStore|iPhone.ActiveCfg = AppStore|iPhone
		{0DF2FF28-DC72-4F8A-9B96-BAAF3841128D}.AppStore|iPhone.Build.0 = AppStore|iPhone
		{0DF2FF28-DC72-4F8A-9B96-BAAF3841128D}.AppStore|iPhoneSimulator.ActiveCfg = AppStore|iPhoneSimulator
		{0DF2FF28-DC72-4F8A-9B96-BAAF3841128D}.AppStore|iPhoneSimulator.Build.0 = AppStore|iPhoneSimulator
		{0DF2FF28-DC72-4F8A-9B96-BAAF3841128D}.AppStore|x64.ActiveCfg = AppStore|iPhone
		{0DF2FF28-DC72-4F8A-9B96-BAAF3841128D}.AppStore|x86.ActiveCfg = AppStore|iPhone
		{0DF2FF28-DC72-4F8A-9B96-BAAF3841128D}.Debug|Any CPU.ActiveCfg = Debug|iPhone
		{0DF2FF28-DC72-4F8A-9B96-BAAF3841128D}.Debug|ARM.ActiveCfg = Debug|iPhone
		{0DF2FF28-DC72-4F8A-9B96-BAAF3841128D}.Debug|iPhone.ActiveCfg = Debug|iPhone
		{0DF2FF28-DC72-4F8A-9B96-BAAF3841128D}.Debug|iPhone.Build.0 = Debug|iPhone
		{0DF2FF28-DC72-4F8A-9B96-BAAF3841128D}.Debug|iPhoneSimulator.ActiveCfg = Debug|iPhoneSimulator
		{0DF2FF28-DC72-4F8A-9B96-BAAF3841128D}.Debug|iPhoneSimulator.Build.0 = Debug|iPhoneSimulator
		{0DF2FF28-DC72-4F8A-9B96-BAAF3841128D}.Debug|x64.ActiveCfg = Debug|iPhone
		{0DF2FF28-DC72-4F8A-9B96-BAAF3841128D}.Debug|x86.ActiveCfg = Debug|iPhone
		{0DF2FF28-DC72-4F8A-9B96-BAAF3841128D}.Release|Any CPU.ActiveCfg = Release|iPhone
		{0DF2FF28-DC72-4F8A-9B96-BAAF3841128D}.Release|ARM.ActiveCfg = Release|iPhone
		{0DF2FF28-DC72-4F8A-9B96-BAAF3841128D}.Release|iPhone.ActiveCfg = Release|iPhone
		{0DF2FF28-DC72-4F8A-9B96-BAAF3841128D}.Release|iPhone.Build.0 = Release|iPhone
		{0DF2FF28-DC72-4F8A-9B96-BAAF3841128D}.Release|iPhoneSimulator.ActiveCfg = Release|iPhoneSimulator
		{0DF2FF28-DC72-4F8A-9B96-BAAF3841128D}.Release|iPhoneSimulator.Build.0 = Release|iPhoneSimulator
		{0DF2FF28-DC72-4F8A-9B96-BAAF3841128D}.Release|x64.ActiveCfg = Release|iPhone
		{0DF2FF28-DC72-4F8A-9B96-BAAF3841128D}.Release|x86.ActiveCfg = Release|iPhone
		{6F96A5E5-476A-4114-93B7-C27C336B4A0E}.Ad-Hoc|Any CPU.ActiveCfg = Release|x86
		{6F96A5E5-476A-4114-93B7-C27C336B4A0E}.Ad-Hoc|Any CPU.Build.0 = Release|x86
		{6F96A5E5-476A-4114-93B7-C27C336B4A0E}.Ad-Hoc|Any CPU.Deploy.0 = Release|x86
		{6F96A5E5-476A-4114-93B7-C27C336B4A0E}.Ad-Hoc|ARM.ActiveCfg = Release|ARM
		{6F96A5E5-476A-4114-93B7-C27C336B4A0E}.Ad-Hoc|ARM.Build.0 = Release|ARM
		{6F96A5E5-476A-4114-93B7-C27C336B4A0E}.Ad-Hoc|ARM.Deploy.0 = Release|ARM
		{6F96A5E5-476A-4114-93B7-C27C336B4A0E}.Ad-Hoc|iPhone.ActiveCfg = Release|x86
		{6F96A5E5-476A-4114-93B7-C27C336B4A0E}.Ad-Hoc|iPhone.Build.0 = Release|x86
		{6F96A5E5-476A-4114-93B7-C27C336B4A0E}.Ad-Hoc|iPhone.Deploy.0 = Release|x86
		{6F96A5E5-476A-4114-93B7-C27C336B4A0E}.Ad-Hoc|iPhoneSimulator.ActiveCfg = Release|x86
		{6F96A5E5-476A-4114-93B7-C27C336B4A0E}.Ad-Hoc|iPhoneSimulator.Build.0 = Release|x86
		{6F96A5E5-476A-4114-93B7-C27C336B4A0E}.Ad-Hoc|iPhoneSimulator.Deploy.0 = Release|x86
		{6F96A5E5-476A-4114-93B7-C27C336B4A0E}.Ad-Hoc|x64.ActiveCfg = Release|x64
		{6F96A5E5-476A-4114-93B7-C27C336B4A0E}.Ad-Hoc|x64.Build.0 = Release|x64
		{6F96A5E5-476A-4114-93B7-C27C336B4A0E}.Ad-Hoc|x64.Deploy.0 = Release|x64
		{6F96A5E5-476A-4114-93B7-C27C336B4A0E}.Ad-Hoc|x86.ActiveCfg = Release|x86
		{6F96A5E5-476A-4114-93B7-C27C336B4A0E}.Ad-Hoc|x86.Build.0 = Release|x86
		{6F96A5E5-476A-4114-93B7-C27C336B4A0E}.Ad-Hoc|x86.Deploy.0 = Release|x86
		{6F96A5E5-476A-4114-93B7-C27C336B4A0E}.AppStore|Any CPU.ActiveCfg = Release|x86
		{6F96A5E5-476A-4114-93B7-C27C336B4A0E}.AppStore|Any CPU.Build.0 = Release|x86
		{6F96A5E5-476A-4114-93B7-C27C336B4A0E}.AppStore|Any CPU.Deploy.0 = Release|x86
		{6F96A5E5-476A-4114-93B7-C27C336B4A0E}.AppStore|ARM.ActiveCfg = Release|ARM
		{6F96A5E5-476A-4114-93B7-C27C336B4A0E}.AppStore|ARM.Build.0 = Release|ARM
		{6F96A5E5-476A-4114-93B7-C27C336B4A0E}.AppStore|ARM.Deploy.0 = Release|ARM
		{6F96A5E5-476A-4114-93B7-C27C336B4A0E}.AppStore|iPhone.ActiveCfg = Release|x86
		{6F96A5E5-476A-4114-93B7-C27C336B4A0E}.AppStore|iPhone.Build.0 = Release|x86
		{6F96A5E5-476A-4114-93B7-C27C336B4A0E}.AppStore|iPhone.Deploy.0 = Release|x86
		{6F96A5E5-476A-4114-93B7-C27C336B4A0E}.AppStore|iPhoneSimulator.ActiveCfg = Release|x86
		{6F96A5E5-476A-4114-93B7-C27C336B4A0E}.AppStore|iPhoneSimulator.Build.0 = Release|x86
		{6F96A5E5-476A-4114-93B7-C27C336B4A0E}.AppStore|iPhoneSimulator.Deploy.0 = Release|x86
		{6F96A5E5-476A-4114-93B7-C27C336B4A0E}.AppStore|x64.ActiveCfg = Release|x64
		{6F96A5E5-476A-4114-93B7-C27C336B4A0E}.AppStore|x64.Build.0 = Release|x64
		{6F96A5E5-476A-4114-93B7-C27C336B4A0E}.AppStore|x64.Deploy.0 = Release|x64
		{6F96A5E5-476A-4114-93B7-C27C336B4A0E}.AppStore|x86.ActiveCfg = Release|x86
		{6F96A5E5-476A-4114-93B7-C27C336B4A0E}.AppStore|x86.Build.0 = Release|x86
		{6F96A5E5-476A-4114-93B7-C27C336B4A0E}.AppStore|x86.Deploy.0 = Release|x86
		{6F96A5E5-476A-4114-93B7-C27C336B4A0E}.Debug|Any CPU.ActiveCfg = Debug|x86
		{6F96A5E5-476A-4114-93B7-C27C336B4A0E}.Debug|ARM.ActiveCfg = Debug|ARM
		{6F96A5E5-476A-4114-93B7-C27C336B4A0E}.Debug|ARM.Build.0 = Debug|ARM
		{6F96A5E5-476A-4114-93B7-C27C336B4A0E}.Debug|ARM.Deploy.0 = Debug|ARM
		{6F96A5E5-476A-4114-93B7-C27C336B4A0E}.Debug|iPhone.ActiveCfg = Debug|x86
		{6F96A5E5-476A-4114-93B7-C27C336B4A0E}.Debug|iPhoneSimulator.ActiveCfg = Debug|x86
		{6F96A5E5-476A-4114-93B7-C27C336B4A0E}.Debug|x64.ActiveCfg = Debug|x64
		{6F96A5E5-476A-4114-93B7-C27C336B4A0E}.Debug|x64.Build.0 = Debug|x64
		{6F96A5E5-476A-4114-93B7-C27C336B4A0E}.Debug|x64.Deploy.0 = Debug|x64
		{6F96A5E5-476A-4114-93B7-C27C336B4A0E}.Debug|x86.ActiveCfg = Debug|x86
		{6F96A5E5-476A-4114-93B7-C27C336B4A0E}.Debug|x86.Build.0 = Debug|x86
		{6F96A5E5-476A-4114-93B7-C27C336B4A0E}.Debug|x86.Deploy.0 = Debug|x86
		{6F96A5E5-476A-4114-93B7-C27C336B4A0E}.Release|Any CPU.ActiveCfg = Release|x86
		{6F96A5E5-476A-4114-93B7-C27C336B4A0E}.Release|ARM.ActiveCfg = Release|ARM
		{6F96A5E5-476A-4114-93B7-C27C336B4A0E}.Release|ARM.Build.0 = Release|ARM
		{6F96A5E5-476A-4114-93B7-C27C336B4A0E}.Release|ARM.Deploy.0 = Release|ARM
		{6F96A5E5-476A-4114-93B7-C27C336B4A0E}.Release|iPhone.ActiveCfg = Release|x86
		{6F96A5E5-476A-4114-93B7-C27C336B4A0E}.Release|iPhoneSimulator.ActiveCfg = Release|x86
		{6F96A5E5-476A-4114-93B7-C27C336B4A0E}.Release|x64.ActiveCfg = Release|x64
		{6F96A5E5-476A-4114-93B7-C27C336B4A0E}.Release|x64.Build.0 = Release|x64
		{6F96A5E5-476A-4114-93B7-C27C336B4A0E}.Release|x64.Deploy.0 = Release|x64
		{6F96A5E5-476A-4114-93B7-C27C336B4A0E}.Release|x86.ActiveCfg = Release|x86
		{6F96A5E5-476A-4114-93B7-C27C336B4A0E}.Release|x86.Build.0 = Release|x86
		{6F96A5E5-476A-4114-93B7-C27C336B4A0E}.Release|x86.Deploy.0 = Release|x86
		{2C1322A8-CD09-4942-9E1B-14FF030282BF}.Ad-Hoc|Any CPU.ActiveCfg = Debug|Any CPU
		{2C1322A8-CD09-4942-9E1B-14FF030282BF}.Ad-Hoc|Any CPU.Build.0 = Debug|Any CPU
		{2C1322A8-CD09-4942-9E1B-14FF030282BF}.Ad-Hoc|ARM.ActiveCfg = Debug|Any CPU
		{2C1322A8-CD09-4942-9E1B-14FF030282BF}.Ad-Hoc|ARM.Build.0 = Debug|Any CPU
		{2C1322A8-CD09-4942-9E1B-14FF030282BF}.Ad-Hoc|iPhone.ActiveCfg = Debug|Any CPU
		{2C1322A8-CD09-4942-9E1B-14FF030282BF}.Ad-Hoc|iPhone.Build.0 = Debug|Any CPU
		{2C1322A8-CD09-4942-9E1B-14FF030282BF}.Ad-Hoc|iPhoneSimulator.ActiveCfg = Debug|Any CPU
		{2C1322A8-CD09-4942-9E1B-14FF030282BF}.Ad-Hoc|iPhoneSimulator.Build.0 = Debug|Any CPU
		{2C1322A8-CD09-4942-9E1B-14FF030282BF}.Ad-Hoc|x64.ActiveCfg = Debug|Any CPU
		{2C1322A8-CD09-4942-9E1B-14FF030282BF}.Ad-Hoc|x64.Build.0 = Debug|Any CPU
		{2C1322A8-CD09-4942-9E1B-14FF030282BF}.Ad-Hoc|x86.ActiveCfg = Debug|Any CPU
		{2C1322A8-CD09-4942-9E1B-14FF030282BF}.Ad-Hoc|x86.Build.0 = Debug|Any CPU
		{2C1322A8-CD09-4942-9E1B-14FF030282BF}.AppStore|Any CPU.ActiveCfg = Debug|Any CPU
		{2C1322A8-CD09-4942-9E1B-14FF030282BF}.AppStore|Any CPU.Build.0 = Debug|Any CPU
		{2C1322A8-CD09-4942-9E1B-14FF030282BF}.AppStore|ARM.ActiveCfg = Debug|Any CPU
		{2C1322A8-CD09-4942-9E1B-14FF030282BF}.AppStore|ARM.Build.0 = Debug|Any CPU
		{2C1322A8-CD09-4942-9E1B-14FF030282BF}.AppStore|iPhone.ActiveCfg = Debug|Any CPU
		{2C1322A8-CD09-4942-9E1B-14FF030282BF}.AppStore|iPhone.Build.0 = Debug|Any CPU
		{2C1322A8-CD09-4942-9E1B-14FF030282BF}.AppStore|iPhoneSimulator.ActiveCfg = Debug|Any CPU
		{2C1322A8-CD09-4942-9E1B-14FF030282BF}.AppStore|iPhoneSimulator.Build.0 = Debug|Any CPU
		{2C1322A8-CD09-4942-9E1B-14FF030282BF}.AppStore|x64.ActiveCfg = Debug|Any CPU
		{2C1322A8-CD09-4942-9E1B-14FF030282BF}.AppStore|x64.Build.0 = Debug|Any CPU
		{2C1322A8-CD09-4942-9E1B-14FF030282BF}.AppStore|x86.ActiveCfg = Debug|Any CPU
		{2C1322A8-CD09-4942-9E1B-14FF030282BF}.AppStore|x86.Build.0 = Debug|Any CPU
		{2C1322A8-CD09-4942-9E1B-14FF030282BF}.Debug|Any CPU.ActiveCfg = Debug|Any CPU
		{2C1322A8-CD09-4942-9E1B-14FF030282BF}.Debug|Any CPU.Build.0 = Debug|Any CPU
		{2C1322A8-CD09-4942-9E1B-14FF030282BF}.Debug|ARM.ActiveCfg = Debug|Any CPU
		{2C1322A8-CD09-4942-9E1B-14FF030282BF}.Debug|ARM.Build.0 = Debug|Any CPU
		{2C1322A8-CD09-4942-9E1B-14FF030282BF}.Debug|iPhone.ActiveCfg = Debug|Any CPU
		{2C1322A8-CD09-4942-9E1B-14FF030282BF}.Debug|iPhone.Build.0 = Debug|Any CPU
		{2C1322A8-CD09-4942-9E1B-14FF030282BF}.Debug|iPhoneSimulator.ActiveCfg = Debug|Any CPU
		{2C1322A8-CD09-4942-9E1B-14FF030282BF}.Debug|iPhoneSimulator.Build.0 = Debug|Any CPU
		{2C1322A8-CD09-4942-9E1B-14FF030282BF}.Debug|x64.ActiveCfg = Debug|Any CPU
		{2C1322A8-CD09-4942-9E1B-14FF030282BF}.Debug|x64.Build.0 = Debug|Any CPU
		{2C1322A8-CD09-4942-9E1B-14FF030282BF}.Debug|x86.ActiveCfg = Debug|Any CPU
		{2C1322A8-CD09-4942-9E1B-14FF030282BF}.Debug|x86.Build.0 = Debug|Any CPU
		{2C1322A8-CD09-4942-9E1B-14FF030282BF}.Release|Any CPU.ActiveCfg = Release|Any CPU
		{2C1322A8-CD09-4942-9E1B-14FF030282BF}.Release|Any CPU.Build.0 = Release|Any CPU
		{2C1322A8-CD09-4942-9E1B-14FF030282BF}.Release|ARM.ActiveCfg = Release|Any CPU
		{2C1322A8-CD09-4942-9E1B-14FF030282BF}.Release|ARM.Build.0 = Release|Any CPU
		{2C1322A8-CD09-4942-9E1B-14FF030282BF}.Release|iPhone.ActiveCfg = Release|Any CPU
		{2C1322A8-CD09-4942-9E1B-14FF030282BF}.Release|iPhone.Build.0 = Release|Any CPU
		{2C1322A8-CD09-4942-9E1B-14FF030282BF}.Release|iPhoneSimulator.ActiveCfg = Release|Any CPU
		{2C1322A8-CD09-4942-9E1B-14FF030282BF}.Release|iPhoneSimulator.Build.0 = Release|Any CPU
		{2C1322A8-CD09-4942-9E1B-14FF030282BF}.Release|x64.ActiveCfg = Release|Any CPU
		{2C1322A8-CD09-4942-9E1B-14FF030282BF}.Release|x64.Build.0 = Release|Any CPU
		{2C1322A8-CD09-4942-9E1B-14FF030282BF}.Release|x86.ActiveCfg = Release|Any CPU
		{2C1322A8-CD09-4942-9E1B-14FF030282BF}.Release|x86.Build.0 = Release|Any CPU
	EndGlobalSection
	GlobalSection(SolutionProperties) = preSolution
		HideSolutionNode = FALSE
	EndGlobalSection
	GlobalSection(ExtensibilityGlobals) = postSolution
		SolutionGuid = {F9E855EE-2FEF-4D2C-903F-66FF223A025B}
	EndGlobalSection
EndGlobal
