
Microsoft Visual Studio Solution File, Format Version 12.00
# Visual Studio 15
VisualStudioVersion = 15.0.27428.2037
MinimumVisualStudioVersion = 10.0.40219.1
Project("{FAE04EC0-301F-11D3-BF4B-00C04F79EFBC}") = "APIIntroducao", "APIIntroducao\APIIntroducao.csproj", "{B77D7DFB-9195-43B5-A61C-D7F2120CCED5}"
EndProject
Global
	GlobalSection(SolutionConfigurationPlatforms) = preSolution
		Debug|Any CPU = Debug|Any CPU
		Release|Any CPU = Release|Any CPU
	EndGlobalSection
	GlobalSection(ProjectConfigurationPlatforms) = postSolution
		{B77D7DFB-9195-43B5-A61C-D7F2120CCED5}.Debug|Any CPU.ActiveCfg = Debug|Any CPU
		{B77D7DFB-9195-43B5-A61C-D7F2120CCED5}.Debug|Any CPU.Build.0 = Debug|Any CPU
		{B77D7DFB-9195-43B5-A61C-D7F2120CCED5}.Release|Any CPU.ActiveCfg = Release|Any CPU
		{B77D7DFB-9195-43B5-A61C-D7F2120CCED5}.Release|Any CPU.Build.0 = Release|Any CPU
	EndGlobalSection
	GlobalSection(SolutionProperties) = preSolution
		HideSolutionNode = FALSE
	EndGlobalSection
	GlobalSection(ExtensibilityGlobals) = postSolution
		SolutionGuid = {7F7DE14E-18E8-4611-95E1-B62394E25FE4}
	EndGlobalSection
EndGlobal
