
Microsoft Visual Studio Solution File, Format Version 12.00
# Visual Studio 15
VisualStudioVersion = 15.0.27428.2037
MinimumVisualStudioVersion = 10.0.40219.1
Project("{FAE04EC0-301F-11D3-BF4B-00C04F79EFBC}") = "App10_ProjEstiloCinema.Android", "App10_ProjEstiloCinema\App10_ProjEstiloCinema.Android\App10_ProjEstiloCinema.Android.csproj", "{7E7C4ED8-0795-4CA5-97EB-54F58DA78B81}"
EndProject
Project("{FAE04EC0-301F-11D3-BF4B-00C04F79EFBC}") = "App10_ProjEstiloCinema.iOS", "App10_ProjEstiloCinema\App10_ProjEstiloCinema.iOS\App10_ProjEstiloCinema.iOS.csproj", "{F654F347-B7A8-4694-9295-0A7049298C3D}"
EndProject
Project("{FAE04EC0-301F-11D3-BF4B-00C04F79EFBC}") = "App10_ProjEstiloCinema.UWP", "App10_ProjEstiloCinema\App10_ProjEstiloCinema.UWP\App10_ProjEstiloCinema.UWP.csproj", "{58CE6E65-4AC3-44B9-AB28-197DE9BF1F96}"
EndProject
Project("{FAE04EC0-301F-11D3-BF4B-00C04F79EFBC}") = "App10_ProjEstiloCinema", "App10_ProjEstiloCinema\App10_ProjEstiloCinema\App10_ProjEstiloCinema.csproj", "{2507E894-30B2-4EAC-958F-1A89731775D7}"
EndProject
Global
	GlobalSection(SolutionConfigurationPlatforms) = preSolution
		Ad-Hoc|Any CPU = Ad-Hoc|Any CPU
		Ad-Hoc|ARM = Ad-Hoc|ARM
		Ad-Hoc|iPhone = Ad-Hoc|iPhone
		Ad-Hoc|iPhoneSimulator = Ad-Hoc|iPhoneSimulator
		Ad-Hoc|x64 = Ad-Hoc|x64
		Ad-Hoc|x86 = Ad-Hoc|x86
		AppStore|Any CPU = AppStore|Any CPU
		AppStore|ARM = AppStore|ARM
		AppStore|iPhone = AppStore|iPhone
		AppStore|iPhoneSimulator = AppStore|iPhoneSimulator
		AppStore|x64 = AppStore|x64
		AppStore|x86 = AppStore|x86
		Debug|Any CPU = Debug|Any CPU
		Debug|ARM = Debug|ARM
		Debug|iPhone = Debug|iPhone
		Debug|iPhoneSimulator = Debug|iPhoneSimulator
		Debug|x64 = Debug|x64
		Debug|x86 = Debug|x86
		Release|Any CPU = Release|Any CPU
		Release|ARM = Release|ARM
		Release|iPhone = Release|iPhone
		Release|iPhoneSimulator = Release|iPhoneSimulator
		Release|x64 = Release|x64
		Release|x86 = Release|x86
	EndGlobalSection
	GlobalSection(ProjectConfigurationPlatforms) = postSolution
		{7E7C4ED8-0795-4CA5-97EB-54F58DA78B81}.Ad-Hoc|Any CPU.ActiveCfg = Release|Any CPU
		{7E7C4ED8-0795-4CA5-97EB-54F58DA78B81}.Ad-Hoc|Any CPU.Build.0 = Release|Any CPU
		{7E7C4ED8-0795-4CA5-97EB-54F58DA78B81}.Ad-Hoc|Any CPU.Deploy.0 = Release|Any CPU
		{7E7C4ED8-0795-4CA5-97EB-54F58DA78B81}.Ad-Hoc|ARM.ActiveCfg = Release|Any CPU
		{7E7C4ED8-0795-4CA5-97EB-54F58DA78B81}.Ad-Hoc|ARM.Build.0 = Release|Any CPU
		{7E7C4ED8-0795-4CA5-97EB-54F58DA78B81}.Ad-Hoc|ARM.Deploy.0 = Release|Any CPU
		{7E7C4ED8-0795-4CA5-97EB-54F58DA78B81}.Ad-Hoc|iPhone.ActiveCfg = Release|Any CPU
		{7E7C4ED8-0795-4CA5-97EB-54F58DA78B81}.Ad-Hoc|iPhone.Build.0 = Release|Any CPU
		{7E7C4ED8-0795-4CA5-97EB-54F58DA78B81}.Ad-Hoc|iPhone.Deploy.0 = Release|Any CPU
		{7E7C4ED8-0795-4CA5-97EB-54F58DA78B81}.Ad-Hoc|iPhoneSimulator.ActiveCfg = Release|Any CPU
		{7E7C4ED8-0795-4CA5-97EB-54F58DA78B81}.Ad-Hoc|iPhoneSimulator.Build.0 = Release|Any CPU
		{7E7C4ED8-0795-4CA5-97EB-54F58DA78B81}.Ad-Hoc|iPhoneSimulator.Deploy.0 = Release|Any CPU
		{7E7C4ED8-0795-4CA5-97EB-54F58DA78B81}.Ad-Hoc|x64.ActiveCfg = Release|Any CPU
		{7E7C4ED8-0795-4CA5-97EB-54F58DA78B81}.Ad-Hoc|x64.Build.0 = Release|Any CPU
		{7E7C4ED8-0795-4CA5-97EB-54F58DA78B81}.Ad-Hoc|x64.Deploy.0 = Release|Any CPU
		{7E7C4ED8-0795-4CA5-97EB-54F58DA78B81}.Ad-Hoc|x86.ActiveCfg = Release|Any CPU
		{7E7C4ED8-0795-4CA5-97EB-54F58DA78B81}.Ad-Hoc|x86.Build.0 = Release|Any CPU
		{7E7C4ED8-0795-4CA5-97EB-54F58DA78B81}.Ad-Hoc|x86.Deploy.0 = Release|Any CPU
		{7E7C4ED8-0795-4CA5-97EB-54F58DA78B81}.AppStore|Any CPU.ActiveCfg = Release|Any CPU
		{7E7C4ED8-0795-4CA5-97EB-54F58DA78B81}.AppStore|Any CPU.Build.0 = Release|Any CPU
		{7E7C4ED8-0795-4CA5-97EB-54F58DA78B81}.AppStore|Any CPU.Deploy.0 = Release|Any CPU
		{7E7C4ED8-0795-4CA5-97EB-54F58DA78B81}.AppStore|ARM.ActiveCfg = Release|Any CPU
		{7E7C4ED8-0795-4CA5-97EB-54F58DA78B81}.AppStore|ARM.Build.0 = Release|Any CPU
		{7E7C4ED8-0795-4CA5-97EB-54F58DA78B81}.AppStore|ARM.Deploy.0 = Release|Any CPU
		{7E7C4ED8-0795-4CA5-97EB-54F58DA78B81}.AppStore|iPhone.ActiveCfg = Release|Any CPU
		{7E7C4ED8-0795-4CA5-97EB-54F58DA78B81}.AppStore|iPhone.Build.0 = Release|Any CPU
		{7E7C4ED8-0795-4CA5-97EB-54F58DA78B81}.AppStore|iPhone.Deploy.0 = Release|Any CPU
		{7E7C4ED8-0795-4CA5-97EB-54F58DA78B81}.AppStore|iPhoneSimulator.ActiveCfg = Release|Any CPU
		{7E7C4ED8-0795-4CA5-97EB-54F58DA78B81}.AppStore|iPhoneSimulator.Build.0 = Release|Any CPU
		{7E7C4ED8-0795-4CA5-97EB-54F58DA78B81}.AppStore|iPhoneSimulator.Deploy.0 = Release|Any CPU
		{7E7C4ED8-0795-4CA5-97EB-54F58DA78B81}.AppStore|x64.ActiveCfg = Release|Any CPU
		{7E7C4ED8-0795-4CA5-97EB-54F58DA78B81}.AppStore|x64.Build.0 = Release|Any CPU
		{7E7C4ED8-0795-4CA5-97EB-54F58DA78B81}.AppStore|x64.Deploy.0 = Release|Any CPU
		{7E7C4ED8-0795-4CA5-97EB-54F58DA78B81}.AppStore|x86.ActiveCfg = Release|Any CPU
		{7E7C4ED8-0795-4CA5-97EB-54F58DA78B81}.AppStore|x86.Build.0 = Release|Any CPU
		{7E7C4ED8-0795-4CA5-97EB-54F58DA78B81}.AppStore|x86.Deploy.0 = Release|Any CPU
		{7E7C4ED8-0795-4CA5-97EB-54F58DA78B81}.Debug|Any CPU.ActiveCfg = Debug|Any CPU
		{7E7C4ED8-0795-4CA5-97EB-54F58DA78B81}.Debug|Any CPU.Build.0 = Debug|Any CPU
		{7E7C4ED8-0795-4CA5-97EB-54F58DA78B81}.Debug|Any CPU.Deploy.0 = Debug|Any CPU
		{7E7C4ED8-0795-4CA5-97EB-54F58DA78B81}.Debug|ARM.ActiveCfg = Debug|Any CPU
		{7E7C4ED8-0795-4CA5-97EB-54F58DA78B81}.Debug|ARM.Build.0 = Debug|Any CPU
		{7E7C4ED8-0795-4CA5-97EB-54F58DA78B81}.Debug|ARM.Deploy.0 = Debug|Any CPU
		{7E7C4ED8-0795-4CA5-97EB-54F58DA78B81}.Debug|iPhone.ActiveCfg = Debug|Any CPU
		{7E7C4ED8-0795-4CA5-97EB-54F58DA78B81}.Debug|iPhone.Build.0 = Debug|Any CPU
		{7E7C4ED8-0795-4CA5-97EB-54F58DA78B81}.Debug|iPhone.Deploy.0 = Debug|Any CPU
		{7E7C4ED8-0795-4CA5-97EB-54F58DA78B81}.Debug|iPhoneSimulator.ActiveCfg = Debug|Any CPU
		{7E7C4ED8-0795-4CA5-97EB-54F58DA78B81}.Debug|iPhoneSimulator.Build.0 = Debug|Any CPU
		{7E7C4ED8-0795-4CA5-97EB-54F58DA78B81}.Debug|iPhoneSimulator.Deploy.0 = Debug|Any CPU
		{7E7C4ED8-0795-4CA5-97EB-54F58DA78B81}.Debug|x64.ActiveCfg = Debug|Any CPU
		{7E7C4ED8-0795-4CA5-97EB-54F58DA78B81}.Debug|x64.Build.0 = Debug|Any CPU
		{7E7C4ED8-0795-4CA5-97EB-54F58DA78B81}.Debug|x64.Deploy.0 = Debug|Any CPU
		{7E7C4ED8-0795-4CA5-97EB-54F58DA78B81}.Debug|x86.ActiveCfg = Debug|Any CPU
		{7E7C4ED8-0795-4CA5-97EB-54F58DA78B81}.Debug|x86.Build.0 = Debug|Any CPU
		{7E7C4ED8-0795-4CA5-97EB-54F58DA78B81}.Debug|x86.Deploy.0 = Debug|Any CPU
		{7E7C4ED8-0795-4CA5-97EB-54F58DA78B81}.Release|Any CPU.ActiveCfg = Release|Any CPU
		{7E7C4ED8-0795-4CA5-97EB-54F58DA78B81}.Release|Any CPU.Build.0 = Release|Any CPU
		{7E7C4ED8-0795-4CA5-97EB-54F58DA78B81}.Release|Any CPU.Deploy.0 = Release|Any CPU
		{7E7C4ED8-0795-4CA5-97EB-54F58DA78B81}.Release|ARM.ActiveCfg = Release|Any CPU
		{7E7C4ED8-0795-4CA5-97EB-54F58DA78B81}.Release|ARM.Build.0 = Release|Any CPU
		{7E7C4ED8-0795-4CA5-97EB-54F58DA78B81}.Release|ARM.Deploy.0 = Release|Any CPU
		{7E7C4ED8-0795-4CA5-97EB-54F58DA78B81}.Release|iPhone.ActiveCfg = Release|Any CPU
		{7E7C4ED8-0795-4CA5-97EB-54F58DA78B81}.Release|iPhone.Build.0 = Release|Any CPU
		{7E7C4ED8-0795-4CA5-97EB-54F58DA78B81}.Release|iPhone.Deploy.0 = Release|Any CPU
		{7E7C4ED8-0795-4CA5-97EB-54F58DA78B81}.Release|iPhoneSimulator.ActiveCfg = Release|Any CPU
		{7E7C4ED8-0795-4CA5-97EB-54F58DA78B81}.Release|iPhoneSimulator.Build.0 = Release|Any CPU
		{7E7C4ED8-0795-4CA5-97EB-54F58DA78B81}.Release|iPhoneSimulator.Deploy.0 = Release|Any CPU
		{7E7C4ED8-0795-4CA5-97EB-54F58DA78B81}.Release|x64.ActiveCfg = Release|Any CPU
		{7E7C4ED8-0795-4CA5-97EB-54F58DA78B81}.Release|x64.Build.0 = Release|Any CPU
		{7E7C4ED8-0795-4CA5-97EB-54F58DA78B81}.Release|x64.Deploy.0 = Release|Any CPU
		{7E7C4ED8-0795-4CA5-97EB-54F58DA78B81}.Release|x86.ActiveCfg = Release|Any CPU
		{7E7C4ED8-0795-4CA5-97EB-54F58DA78B81}.Release|x86.Build.0 = Release|Any CPU
		{7E7C4ED8-0795-4CA5-97EB-54F58DA78B81}.Release|x86.Deploy.0 = Release|Any CPU
		{F654F347-B7A8-4694-9295-0A7049298C3D}.Ad-Hoc|Any CPU.ActiveCfg = Ad-Hoc|iPhone
		{F654F347-B7A8-4694-9295-0A7049298C3D}.Ad-Hoc|ARM.ActiveCfg = Ad-Hoc|iPhone
		{F654F347-B7A8-4694-9295-0A7049298C3D}.Ad-Hoc|iPhone.ActiveCfg = Ad-Hoc|iPhone
		{F654F347-B7A8-4694-9295-0A7049298C3D}.Ad-Hoc|iPhone.Build.0 = Ad-Hoc|iPhone
		{F654F347-B7A8-4694-9295-0A7049298C3D}.Ad-Hoc|iPhoneSimulator.ActiveCfg = Ad-Hoc|iPhoneSimulator
		{F654F347-B7A8-4694-9295-0A7049298C3D}.Ad-Hoc|iPhoneSimulator.Build.0 = Ad-Hoc|iPhoneSimulator
		{F654F347-B7A8-4694-9295-0A7049298C3D}.Ad-Hoc|x64.ActiveCfg = Ad-Hoc|iPhone
		{F654F347-B7A8-4694-9295-0A7049298C3D}.Ad-Hoc|x86.ActiveCfg = Ad-Hoc|iPhone
		{F654F347-B7A8-4694-9295-0A7049298C3D}.AppStore|Any CPU.ActiveCfg = AppStore|iPhone
		{F654F347-B7A8-4694-9295-0A7049298C3D}.AppStore|ARM.ActiveCfg = AppStore|iPhone
		{F654F347-B7A8-4694-9295-0A7049298C3D}.AppStore|iPhone.ActiveCfg = AppStore|iPhone
		{F654F347-B7A8-4694-9295-0A7049298C3D}.AppStore|iPhone.Build.0 = AppStore|iPhone
		{F654F347-B7A8-4694-9295-0A7049298C3D}.AppStore|iPhoneSimulator.ActiveCfg = AppStore|iPhoneSimulator
		{F654F347-B7A8-4694-9295-0A7049298C3D}.AppStore|iPhoneSimulator.Build.0 = AppStore|iPhoneSimulator
		{F654F347-B7A8-4694-9295-0A7049298C3D}.AppStore|x64.ActiveCfg = AppStore|iPhone
		{F654F347-B7A8-4694-9295-0A7049298C3D}.AppStore|x86.ActiveCfg = AppStore|iPhone
		{F654F347-B7A8-4694-9295-0A7049298C3D}.Debug|Any CPU.ActiveCfg = Debug|iPhone
		{F654F347-B7A8-4694-9295-0A7049298C3D}.Debug|ARM.ActiveCfg = Debug|iPhone
		{F654F347-B7A8-4694-9295-0A7049298C3D}.Debug|iPhone.ActiveCfg = Debug|iPhone
		{F654F347-B7A8-4694-9295-0A7049298C3D}.Debug|iPhone.Build.0 = Debug|iPhone
		{F654F347-B7A8-4694-9295-0A7049298C3D}.Debug|iPhoneSimulator.ActiveCfg = Debug|iPhoneSimulator
		{F654F347-B7A8-4694-9295-0A7049298C3D}.Debug|iPhoneSimulator.Build.0 = Debug|iPhoneSimulator
		{F654F347-B7A8-4694-9295-0A7049298C3D}.Debug|x64.ActiveCfg = Debug|iPhone
		{F654F347-B7A8-4694-9295-0A7049298C3D}.Debug|x86.ActiveCfg = Debug|iPhone
		{F654F347-B7A8-4694-9295-0A7049298C3D}.Release|Any CPU.ActiveCfg = Release|iPhone
		{F654F347-B7A8-4694-9295-0A7049298C3D}.Release|ARM.ActiveCfg = Release|iPhone
		{F654F347-B7A8-4694-9295-0A7049298C3D}.Release|iPhone.ActiveCfg = Release|iPhone
		{F654F347-B7A8-4694-9295-0A7049298C3D}.Release|iPhone.Build.0 = Release|iPhone
		{F654F347-B7A8-4694-9295-0A7049298C3D}.Release|iPhoneSimulator.ActiveCfg = Release|iPhoneSimulator
		{F654F347-B7A8-4694-9295-0A7049298C3D}.Release|iPhoneSimulator.Build.0 = Release|iPhoneSimulator
		{F654F347-B7A8-4694-9295-0A7049298C3D}.Release|x64.ActiveCfg = Release|iPhone
		{F654F347-B7A8-4694-9295-0A7049298C3D}.Release|x86.ActiveCfg = Release|iPhone
		{58CE6E65-4AC3-44B9-AB28-197DE9BF1F96}.Ad-Hoc|Any CPU.ActiveCfg = Release|x86
		{58CE6E65-4AC3-44B9-AB28-197DE9BF1F96}.Ad-Hoc|Any CPU.Build.0 = Release|x86
		{58CE6E65-4AC3-44B9-AB28-197DE9BF1F96}.Ad-Hoc|Any CPU.Deploy.0 = Release|x86
		{58CE6E65-4AC3-44B9-AB28-197DE9BF1F96}.Ad-Hoc|ARM.ActiveCfg = Release|ARM
		{58CE6E65-4AC3-44B9-AB28-197DE9BF1F96}.Ad-Hoc|ARM.Build.0 = Release|ARM
		{58CE6E65-4AC3-44B9-AB28-197DE9BF1F96}.Ad-Hoc|ARM.Deploy.0 = Release|ARM
		{58CE6E65-4AC3-44B9-AB28-197DE9BF1F96}.Ad-Hoc|iPhone.ActiveCfg = Release|x86
		{58CE6E65-4AC3-44B9-AB28-197DE9BF1F96}.Ad-Hoc|iPhone.Build.0 = Release|x86
		{58CE6E65-4AC3-44B9-AB28-197DE9BF1F96}.Ad-Hoc|iPhone.Deploy.0 = Release|x86
		{58CE6E65-4AC3-44B9-AB28-197DE9BF1F96}.Ad-Hoc|iPhoneSimulator.ActiveCfg = Release|x86
		{58CE6E65-4AC3-44B9-AB28-197DE9BF1F96}.Ad-Hoc|iPhoneSimulator.Build.0 = Release|x86
		{58CE6E65-4AC3-44B9-AB28-197DE9BF1F96}.Ad-Hoc|iPhoneSimulator.Deploy.0 = Release|x86
		{58CE6E65-4AC3-44B9-AB28-197DE9BF1F96}.Ad-Hoc|x64.ActiveCfg = Release|x64
		{58CE6E65-4AC3-44B9-AB28-197DE9BF1F96}.Ad-Hoc|x64.Build.0 = Release|x64
		{58CE6E65-4AC3-44B9-AB28-197DE9BF1F96}.Ad-Hoc|x64.Deploy.0 = Release|x64
		{58CE6E65-4AC3-44B9-AB28-197DE9BF1F96}.Ad-Hoc|x86.ActiveCfg = Release|x86
		{58CE6E65-4AC3-44B9-AB28-197DE9BF1F96}.Ad-Hoc|x86.Build.0 = Release|x86
		{58CE6E65-4AC3-44B9-AB28-197DE9BF1F96}.Ad-Hoc|x86.Deploy.0 = Release|x86
		{58CE6E65-4AC3-44B9-AB28-197DE9BF1F96}.AppStore|Any CPU.ActiveCfg = Release|x86
		{58CE6E65-4AC3-44B9-AB28-197DE9BF1F96}.AppStore|Any CPU.Build.0 = Release|x86
		{58CE6E65-4AC3-44B9-AB28-197DE9BF1F96}.AppStore|Any CPU.Deploy.0 = Release|x86
		{58CE6E65-4AC3-44B9-AB28-197DE9BF1F96}.AppStore|ARM.ActiveCfg = Release|ARM
		{58CE6E65-4AC3-44B9-AB28-197DE9BF1F96}.AppStore|ARM.Build.0 = Release|ARM
		{58CE6E65-4AC3-44B9-AB28-197DE9BF1F96}.AppStore|ARM.Deploy.0 = Release|ARM
		{58CE6E65-4AC3-44B9-AB28-197DE9BF1F96}.AppStore|iPhone.ActiveCfg = Release|x86
		{58CE6E65-4AC3-44B9-AB28-197DE9BF1F96}.AppStore|iPhone.Build.0 = Release|x86
		{58CE6E65-4AC3-44B9-AB28-197DE9BF1F96}.AppStore|iPhone.Deploy.0 = Release|x86
		{58CE6E65-4AC3-44B9-AB28-197DE9BF1F96}.AppStore|iPhoneSimulator.ActiveCfg = Release|x86
		{58CE6E65-4AC3-44B9-AB28-197DE9BF1F96}.AppStore|iPhoneSimulator.Build.0 = Release|x86
		{58CE6E65-4AC3-44B9-AB28-197DE9BF1F96}.AppStore|iPhoneSimulator.Deploy.0 = Release|x86
		{58CE6E65-4AC3-44B9-AB28-197DE9BF1F96}.AppStore|x64.ActiveCfg = Release|x64
		{58CE6E65-4AC3-44B9-AB28-197DE9BF1F96}.AppStore|x64.Build.0 = Release|x64
		{58CE6E65-4AC3-44B9-AB28-197DE9BF1F96}.AppStore|x64.Deploy.0 = Release|x64
		{58CE6E65-4AC3-44B9-AB28-197DE9BF1F96}.AppStore|x86.ActiveCfg = Release|x86
		{58CE6E65-4AC3-44B9-AB28-197DE9BF1F96}.AppStore|x86.Build.0 = Release|x86
		{58CE6E65-4AC3-44B9-AB28-197DE9BF1F96}.AppStore|x86.Deploy.0 = Release|x86
		{58CE6E65-4AC3-44B9-AB28-197DE9BF1F96}.Debug|Any CPU.ActiveCfg = Debug|x86
		{58CE6E65-4AC3-44B9-AB28-197DE9BF1F96}.Debug|ARM.ActiveCfg = Debug|ARM
		{58CE6E65-4AC3-44B9-AB28-197DE9BF1F96}.Debug|ARM.Build.0 = Debug|ARM
		{58CE6E65-4AC3-44B9-AB28-197DE9BF1F96}.Debug|ARM.Deploy.0 = Debug|ARM
		{58CE6E65-4AC3-44B9-AB28-197DE9BF1F96}.Debug|iPhone.ActiveCfg = Debug|x86
		{58CE6E65-4AC3-44B9-AB28-197DE9BF1F96}.Debug|iPhoneSimulator.ActiveCfg = Debug|x86
		{58CE6E65-4AC3-44B9-AB28-197DE9BF1F96}.Debug|x64.ActiveCfg = Debug|x64
		{58CE6E65-4AC3-44B9-AB28-197DE9BF1F96}.Debug|x64.Build.0 = Debug|x64
		{58CE6E65-4AC3-44B9-AB28-197DE9BF1F96}.Debug|x64.Deploy.0 = Debug|x64
		{58CE6E65-4AC3-44B9-AB28-197DE9BF1F96}.Debug|x86.ActiveCfg = Debug|x86
		{58CE6E65-4AC3-44B9-AB28-197DE9BF1F96}.Debug|x86.Build.0 = Debug|x86
		{58CE6E65-4AC3-44B9-AB28-197DE9BF1F96}.Debug|x86.Deploy.0 = Debug|x86
		{58CE6E65-4AC3-44B9-AB28-197DE9BF1F96}.Release|Any CPU.ActiveCfg = Release|x86
		{58CE6E65-4AC3-44B9-AB28-197DE9BF1F96}.Release|ARM.ActiveCfg = Release|ARM
		{58CE6E65-4AC3-44B9-AB28-197DE9BF1F96}.Release|ARM.Build.0 = Release|ARM
		{58CE6E65-4AC3-44B9-AB28-197DE9BF1F96}.Release|ARM.Deploy.0 = Release|ARM
		{58CE6E65-4AC3-44B9-AB28-197DE9BF1F96}.Release|iPhone.ActiveCfg = Release|x86
		{58CE6E65-4AC3-44B9-AB28-197DE9BF1F96}.Release|iPhoneSimulator.ActiveCfg = Release|x86
		{58CE6E65-4AC3-44B9-AB28-197DE9BF1F96}.Release|x64.ActiveCfg = Release|x64
		{58CE6E65-4AC3-44B9-AB28-197DE9BF1F96}.Release|x64.Build.0 = Release|x64
		{58CE6E65-4AC3-44B9-AB28-197DE9BF1F96}.Release|x64.Deploy.0 = Release|x64
		{58CE6E65-4AC3-44B9-AB28-197DE9BF1F96}.Release|x86.ActiveCfg = Release|x86
		{58CE6E65-4AC3-44B9-AB28-197DE9BF1F96}.Release|x86.Build.0 = Release|x86
		{58CE6E65-4AC3-44B9-AB28-197DE9BF1F96}.Release|x86.Deploy.0 = Release|x86
		{2507E894-30B2-4EAC-958F-1A89731775D7}.Ad-Hoc|Any CPU.ActiveCfg = Debug|Any CPU
		{2507E894-30B2-4EAC-958F-1A89731775D7}.Ad-Hoc|Any CPU.Build.0 = Debug|Any CPU
		{2507E894-30B2-4EAC-958F-1A89731775D7}.Ad-Hoc|ARM.ActiveCfg = Debug|Any CPU
		{2507E894-30B2-4EAC-958F-1A89731775D7}.Ad-Hoc|ARM.Build.0 = Debug|Any CPU
		{2507E894-30B2-4EAC-958F-1A89731775D7}.Ad-Hoc|iPhone.ActiveCfg = Debug|Any CPU
		{2507E894-30B2-4EAC-958F-1A89731775D7}.Ad-Hoc|iPhone.Build.0 = Debug|Any CPU
		{2507E894-30B2-4EAC-958F-1A89731775D7}.Ad-Hoc|iPhoneSimulator.ActiveCfg = Debug|Any CPU
		{2507E894-30B2-4EAC-958F-1A89731775D7}.Ad-Hoc|iPhoneSimulator.Build.0 = Debug|Any CPU
		{2507E894-30B2-4EAC-958F-1A89731775D7}.Ad-Hoc|x64.ActiveCfg = Debug|Any CPU
		{2507E894-30B2-4EAC-958F-1A89731775D7}.Ad-Hoc|x64.Build.0 = Debug|Any CPU
		{2507E894-30B2-4EAC-958F-1A89731775D7}.Ad-Hoc|x86.ActiveCfg = Debug|Any CPU
		{2507E894-30B2-4EAC-958F-1A89731775D7}.Ad-Hoc|x86.Build.0 = Debug|Any CPU
		{2507E894-30B2-4EAC-958F-1A89731775D7}.AppStore|Any CPU.ActiveCfg = Debug|Any CPU
		{2507E894-30B2-4EAC-958F-1A89731775D7}.AppStore|Any CPU.Build.0 = Debug|Any CPU
		{2507E894-30B2-4EAC-958F-1A89731775D7}.AppStore|ARM.ActiveCfg = Debug|Any CPU
		{2507E894-30B2-4EAC-958F-1A89731775D7}.AppStore|ARM.Build.0 = Debug|Any CPU
		{2507E894-30B2-4EAC-958F-1A89731775D7}.AppStore|iPhone.ActiveCfg = Debug|Any CPU
		{2507E894-30B2-4EAC-958F-1A89731775D7}.AppStore|iPhone.Build.0 = Debug|Any CPU
		{2507E894-30B2-4EAC-958F-1A89731775D7}.AppStore|iPhoneSimulator.ActiveCfg = Debug|Any CPU
		{2507E894-30B2-4EAC-958F-1A89731775D7}.AppStore|iPhoneSimulator.Build.0 = Debug|Any CPU
		{2507E894-30B2-4EAC-958F-1A89731775D7}.AppStore|x64.ActiveCfg = Debug|Any CPU
		{2507E894-30B2-4EAC-958F-1A89731775D7}.AppStore|x64.Build.0 = Debug|Any CPU
		{2507E894-30B2-4EAC-958F-1A89731775D7}.AppStore|x86.ActiveCfg = Debug|Any CPU
		{2507E894-30B2-4EAC-958F-1A89731775D7}.AppStore|x86.Build.0 = Debug|Any CPU
		{2507E894-30B2-4EAC-958F-1A89731775D7}.Debug|Any CPU.ActiveCfg = Debug|Any CPU
		{2507E894-30B2-4EAC-958F-1A89731775D7}.Debug|Any CPU.Build.0 = Debug|Any CPU
		{2507E894-30B2-4EAC-958F-1A89731775D7}.Debug|ARM.ActiveCfg = Debug|Any CPU
		{2507E894-30B2-4EAC-958F-1A89731775D7}.Debug|ARM.Build.0 = Debug|Any CPU
		{2507E894-30B2-4EAC-958F-1A89731775D7}.Debug|iPhone.ActiveCfg = Debug|Any CPU
		{2507E894-30B2-4EAC-958F-1A89731775D7}.Debug|iPhone.Build.0 = Debug|Any CPU
		{2507E894-30B2-4EAC-958F-1A89731775D7}.Debug|iPhoneSimulator.ActiveCfg = Debug|Any CPU
		{2507E894-30B2-4EAC-958F-1A89731775D7}.Debug|iPhoneSimulator.Build.0 = Debug|Any CPU
		{2507E894-30B2-4EAC-958F-1A89731775D7}.Debug|x64.ActiveCfg = Debug|Any CPU
		{2507E894-30B2-4EAC-958F-1A89731775D7}.Debug|x64.Build.0 = Debug|Any CPU
		{2507E894-30B2-4EAC-958F-1A89731775D7}.Debug|x86.ActiveCfg = Debug|Any CPU
		{2507E894-30B2-4EAC-958F-1A89731775D7}.Debug|x86.Build.0 = Debug|Any CPU
		{2507E894-30B2-4EAC-958F-1A89731775D7}.Release|Any CPU.ActiveCfg = Release|Any CPU
		{2507E894-30B2-4EAC-958F-1A89731775D7}.Release|Any CPU.Build.0 = Release|Any CPU
		{2507E894-30B2-4EAC-958F-1A89731775D7}.Release|ARM.ActiveCfg = Release|Any CPU
		{2507E894-30B2-4EAC-958F-1A89731775D7}.Release|ARM.Build.0 = Release|Any CPU
		{2507E894-30B2-4EAC-958F-1A89731775D7}.Release|iPhone.ActiveCfg = Release|Any CPU
		{2507E894-30B2-4EAC-958F-1A89731775D7}.Release|iPhone.Build.0 = Release|Any CPU
		{2507E894-30B2-4EAC-958F-1A89731775D7}.Release|iPhoneSimulator.ActiveCfg = Release|Any CPU
		{2507E894-30B2-4EAC-958F-1A89731775D7}.Release|iPhoneSimulator.Build.0 = Release|Any CPU
		{2507E894-30B2-4EAC-958F-1A89731775D7}.Release|x64.ActiveCfg = Release|Any CPU
		{2507E894-30B2-4EAC-958F-1A89731775D7}.Release|x64.Build.0 = Release|Any CPU
		{2507E894-30B2-4EAC-958F-1A89731775D7}.Release|x86.ActiveCfg = Release|Any CPU
		{2507E894-30B2-4EAC-958F-1A89731775D7}.Release|x86.Build.0 = Release|Any CPU
	EndGlobalSection
	GlobalSection(SolutionProperties) = preSolution
		HideSolutionNode = FALSE
	EndGlobalSection
	GlobalSection(ExtensibilityGlobals) = postSolution
		SolutionGuid = {6F98EE0F-4C57-4032-AD54-50842A8AB43A}
	EndGlobalSection
EndGlobal
