
Microsoft Visual Studio Solution File, Format Version 12.00
# Visual Studio 15
VisualStudioVersion = 15.0.27428.2037
MinimumVisualStudioVersion = 10.0.40219.1
Project("{FAE04EC0-301F-11D3-BF4B-00C04F79EFBC}") = "App01.Android", "App01\App01.Android\App01.Android.csproj", "{265159D8-9E49-46C6-BA88-A17CDF173D5D}"
EndProject
Project("{FAE04EC0-301F-11D3-BF4B-00C04F79EFBC}") = "App01.iOS", "App01\App01.iOS\App01.iOS.csproj", "{D0D8F30B-8FA8-4AEA-AC7C-282E8C7510DB}"
EndProject
Project("{FAE04EC0-301F-11D3-BF4B-00C04F79EFBC}") = "App01.UWP", "App01\App01.UWP\App01.UWP.csproj", "{3918319D-746A-4948-8A93-037A69A67DEA}"
EndProject
Project("{FAE04EC0-301F-11D3-BF4B-00C04F79EFBC}") = "App01", "App01\App01\App01.csproj", "{E38695E2-3592-4DB5-99CC-4E04B64F5A9D}"
EndProject
Global
	GlobalSection(SolutionConfigurationPlatforms) = preSolution
		Ad-Hoc|Any CPU = Ad-Hoc|Any CPU
		Ad-Hoc|ARM = Ad-Hoc|ARM
		Ad-Hoc|iPhone = Ad-Hoc|iPhone
		Ad-Hoc|iPhoneSimulator = Ad-Hoc|iPhoneSimulator
		Ad-Hoc|x64 = Ad-Hoc|x64
		Ad-Hoc|x86 = Ad-Hoc|x86
		AppStore|Any CPU = AppStore|Any CPU
		AppStore|ARM = AppStore|ARM
		AppStore|iPhone = AppStore|iPhone
		AppStore|iPhoneSimulator = AppStore|iPhoneSimulator
		AppStore|x64 = AppStore|x64
		AppStore|x86 = AppStore|x86
		Debug|Any CPU = Debug|Any CPU
		Debug|ARM = Debug|ARM
		Debug|iPhone = Debug|iPhone
		Debug|iPhoneSimulator = Debug|iPhoneSimulator
		Debug|x64 = Debug|x64
		Debug|x86 = Debug|x86
		Release|Any CPU = Release|Any CPU
		Release|ARM = Release|ARM
		Release|iPhone = Release|iPhone
		Release|iPhoneSimulator = Release|iPhoneSimulator
		Release|x64 = Release|x64
		Release|x86 = Release|x86
	EndGlobalSection
	GlobalSection(ProjectConfigurationPlatforms) = postSolution
		{265159D8-9E49-46C6-BA88-A17CDF173D5D}.Ad-Hoc|Any CPU.ActiveCfg = Release|Any CPU
		{265159D8-9E49-46C6-BA88-A17CDF173D5D}.Ad-Hoc|Any CPU.Build.0 = Release|Any CPU
		{265159D8-9E49-46C6-BA88-A17CDF173D5D}.Ad-Hoc|Any CPU.Deploy.0 = Release|Any CPU
		{265159D8-9E49-46C6-BA88-A17CDF173D5D}.Ad-Hoc|ARM.ActiveCfg = Release|Any CPU
		{265159D8-9E49-46C6-BA88-A17CDF173D5D}.Ad-Hoc|ARM.Build.0 = Release|Any CPU
		{265159D8-9E49-46C6-BA88-A17CDF173D5D}.Ad-Hoc|ARM.Deploy.0 = Release|Any CPU
		{265159D8-9E49-46C6-BA88-A17CDF173D5D}.Ad-Hoc|iPhone.ActiveCfg = Release|Any CPU
		{265159D8-9E49-46C6-BA88-A17CDF173D5D}.Ad-Hoc|iPhone.Build.0 = Release|Any CPU
		{265159D8-9E49-46C6-BA88-A17CDF173D5D}.Ad-Hoc|iPhone.Deploy.0 = Release|Any CPU
		{265159D8-9E49-46C6-BA88-A17CDF173D5D}.Ad-Hoc|iPhoneSimulator.ActiveCfg = Release|Any CPU
		{265159D8-9E49-46C6-BA88-A17CDF173D5D}.Ad-Hoc|iPhoneSimulator.Build.0 = Release|Any CPU
		{265159D8-9E49-46C6-BA88-A17CDF173D5D}.Ad-Hoc|iPhoneSimulator.Deploy.0 = Release|Any CPU
		{265159D8-9E49-46C6-BA88-A17CDF173D5D}.Ad-Hoc|x64.ActiveCfg = Release|Any CPU
		{265159D8-9E49-46C6-BA88-A17CDF173D5D}.Ad-Hoc|x64.Build.0 = Release|Any CPU
		{265159D8-9E49-46C6-BA88-A17CDF173D5D}.Ad-Hoc|x64.Deploy.0 = Release|Any CPU
		{265159D8-9E49-46C6-BA88-A17CDF173D5D}.Ad-Hoc|x86.ActiveCfg = Release|Any CPU
		{265159D8-9E49-46C6-BA88-A17CDF173D5D}.Ad-Hoc|x86.Build.0 = Release|Any CPU
		{265159D8-9E49-46C6-BA88-A17CDF173D5D}.Ad-Hoc|x86.Deploy.0 = Release|Any CPU
		{265159D8-9E49-46C6-BA88-A17CDF173D5D}.AppStore|Any CPU.ActiveCfg = Release|Any CPU
		{265159D8-9E49-46C6-BA88-A17CDF173D5D}.AppStore|Any CPU.Build.0 = Release|Any CPU
		{265159D8-9E49-46C6-BA88-A17CDF173D5D}.AppStore|Any CPU.Deploy.0 = Release|Any CPU
		{265159D8-9E49-46C6-BA88-A17CDF173D5D}.AppStore|ARM.ActiveCfg = Release|Any CPU
		{265159D8-9E49-46C6-BA88-A17CDF173D5D}.AppStore|ARM.Build.0 = Release|Any CPU
		{265159D8-9E49-46C6-BA88-A17CDF173D5D}.AppStore|ARM.Deploy.0 = Release|Any CPU
		{265159D8-9E49-46C6-BA88-A17CDF173D5D}.AppStore|iPhone.ActiveCfg = Release|Any CPU
		{265159D8-9E49-46C6-BA88-A17CDF173D5D}.AppStore|iPhone.Build.0 = Release|Any CPU
		{265159D8-9E49-46C6-BA88-A17CDF173D5D}.AppStore|iPhone.Deploy.0 = Release|Any CPU
		{265159D8-9E49-46C6-BA88-A17CDF173D5D}.AppStore|iPhoneSimulator.ActiveCfg = Release|Any CPU
		{265159D8-9E49-46C6-BA88-A17CDF173D5D}.AppStore|iPhoneSimulator.Build.0 = Release|Any CPU
		{265159D8-9E49-46C6-BA88-A17CDF173D5D}.AppStore|iPhoneSimulator.Deploy.0 = Release|Any CPU
		{265159D8-9E49-46C6-BA88-A17CDF173D5D}.AppStore|x64.ActiveCfg = Release|Any CPU
		{265159D8-9E49-46C6-BA88-A17CDF173D5D}.AppStore|x64.Build.0 = Release|Any CPU
		{265159D8-9E49-46C6-BA88-A17CDF173D5D}.AppStore|x64.Deploy.0 = Release|Any CPU
		{265159D8-9E49-46C6-BA88-A17CDF173D5D}.AppStore|x86.ActiveCfg = Release|Any CPU
		{265159D8-9E49-46C6-BA88-A17CDF173D5D}.AppStore|x86.Build.0 = Release|Any CPU
		{265159D8-9E49-46C6-BA88-A17CDF173D5D}.AppStore|x86.Deploy.0 = Release|Any CPU
		{265159D8-9E49-46C6-BA88-A17CDF173D5D}.Debug|Any CPU.ActiveCfg = Debug|Any CPU
		{265159D8-9E49-46C6-BA88-A17CDF173D5D}.Debug|Any CPU.Build.0 = Debug|Any CPU
		{265159D8-9E49-46C6-BA88-A17CDF173D5D}.Debug|Any CPU.Deploy.0 = Debug|Any CPU
		{265159D8-9E49-46C6-BA88-A17CDF173D5D}.Debug|ARM.ActiveCfg = Debug|Any CPU
		{265159D8-9E49-46C6-BA88-A17CDF173D5D}.Debug|ARM.Build.0 = Debug|Any CPU
		{265159D8-9E49-46C6-BA88-A17CDF173D5D}.Debug|ARM.Deploy.0 = Debug|Any CPU
		{265159D8-9E49-46C6-BA88-A17CDF173D5D}.Debug|iPhone.ActiveCfg = Debug|Any CPU
		{265159D8-9E49-46C6-BA88-A17CDF173D5D}.Debug|iPhone.Build.0 = Debug|Any CPU
		{265159D8-9E49-46C6-BA88-A17CDF173D5D}.Debug|iPhone.Deploy.0 = Debug|Any CPU
		{265159D8-9E49-46C6-BA88-A17CDF173D5D}.Debug|iPhoneSimulator.ActiveCfg = Debug|Any CPU
		{265159D8-9E49-46C6-BA88-A17CDF173D5D}.Debug|iPhoneSimulator.Build.0 = Debug|Any CPU
		{265159D8-9E49-46C6-BA88-A17CDF173D5D}.Debug|iPhoneSimulator.Deploy.0 = Debug|Any CPU
		{265159D8-9E49-46C6-BA88-A17CDF173D5D}.Debug|x64.ActiveCfg = Debug|Any CPU
		{265159D8-9E49-46C6-BA88-A17CDF173D5D}.Debug|x64.Build.0 = Debug|Any CPU
		{265159D8-9E49-46C6-BA88-A17CDF173D5D}.Debug|x64.Deploy.0 = Debug|Any CPU
		{265159D8-9E49-46C6-BA88-A17CDF173D5D}.Debug|x86.ActiveCfg = Debug|Any CPU
		{265159D8-9E49-46C6-BA88-A17CDF173D5D}.Debug|x86.Build.0 = Debug|Any CPU
		{265159D8-9E49-46C6-BA88-A17CDF173D5D}.Debug|x86.Deploy.0 = Debug|Any CPU
		{265159D8-9E49-46C6-BA88-A17CDF173D5D}.Release|Any CPU.ActiveCfg = Release|Any CPU
		{265159D8-9E49-46C6-BA88-A17CDF173D5D}.Release|Any CPU.Build.0 = Release|Any CPU
		{265159D8-9E49-46C6-BA88-A17CDF173D5D}.Release|Any CPU.Deploy.0 = Release|Any CPU
		{265159D8-9E49-46C6-BA88-A17CDF173D5D}.Release|ARM.ActiveCfg = Release|Any CPU
		{265159D8-9E49-46C6-BA88-A17CDF173D5D}.Release|ARM.Build.0 = Release|Any CPU
		{265159D8-9E49-46C6-BA88-A17CDF173D5D}.Release|ARM.Deploy.0 = Release|Any CPU
		{265159D8-9E49-46C6-BA88-A17CDF173D5D}.Release|iPhone.ActiveCfg = Release|Any CPU
		{265159D8-9E49-46C6-BA88-A17CDF173D5D}.Release|iPhone.Build.0 = Release|Any CPU
		{265159D8-9E49-46C6-BA88-A17CDF173D5D}.Release|iPhone.Deploy.0 = Release|Any CPU
		{265159D8-9E49-46C6-BA88-A17CDF173D5D}.Release|iPhoneSimulator.ActiveCfg = Release|Any CPU
		{265159D8-9E49-46C6-BA88-A17CDF173D5D}.Release|iPhoneSimulator.Build.0 = Release|Any CPU
		{265159D8-9E49-46C6-BA88-A17CDF173D5D}.Release|iPhoneSimulator.Deploy.0 = Release|Any CPU
		{265159D8-9E49-46C6-BA88-A17CDF173D5D}.Release|x64.ActiveCfg = Release|Any CPU
		{265159D8-9E49-46C6-BA88-A17CDF173D5D}.Release|x64.Build.0 = Release|Any CPU
		{265159D8-9E49-46C6-BA88-A17CDF173D5D}.Release|x64.Deploy.0 = Release|Any CPU
		{265159D8-9E49-46C6-BA88-A17CDF173D5D}.Release|x86.ActiveCfg = Release|Any CPU
		{265159D8-9E49-46C6-BA88-A17CDF173D5D}.Release|x86.Build.0 = Release|Any CPU
		{265159D8-9E49-46C6-BA88-A17CDF173D5D}.Release|x86.Deploy.0 = Release|Any CPU
		{D0D8F30B-8FA8-4AEA-AC7C-282E8C7510DB}.Ad-Hoc|Any CPU.ActiveCfg = Ad-Hoc|iPhone
		{D0D8F30B-8FA8-4AEA-AC7C-282E8C7510DB}.Ad-Hoc|ARM.ActiveCfg = Ad-Hoc|iPhone
		{D0D8F30B-8FA8-4AEA-AC7C-282E8C7510DB}.Ad-Hoc|iPhone.ActiveCfg = Ad-Hoc|iPhone
		{D0D8F30B-8FA8-4AEA-AC7C-282E8C7510DB}.Ad-Hoc|iPhone.Build.0 = Ad-Hoc|iPhone
		{D0D8F30B-8FA8-4AEA-AC7C-282E8C7510DB}.Ad-Hoc|iPhoneSimulator.ActiveCfg = Ad-Hoc|iPhoneSimulator
		{D0D8F30B-8FA8-4AEA-AC7C-282E8C7510DB}.Ad-Hoc|iPhoneSimulator.Build.0 = Ad-Hoc|iPhoneSimulator
		{D0D8F30B-8FA8-4AEA-AC7C-282E8C7510DB}.Ad-Hoc|x64.ActiveCfg = Ad-Hoc|iPhone
		{D0D8F30B-8FA8-4AEA-AC7C-282E8C7510DB}.Ad-Hoc|x86.ActiveCfg = Ad-Hoc|iPhone
		{D0D8F30B-8FA8-4AEA-AC7C-282E8C7510DB}.AppStore|Any CPU.ActiveCfg = AppStore|iPhone
		{D0D8F30B-8FA8-4AEA-AC7C-282E8C7510DB}.AppStore|ARM.ActiveCfg = AppStore|iPhone
		{D0D8F30B-8FA8-4AEA-AC7C-282E8C7510DB}.AppStore|iPhone.ActiveCfg = AppStore|iPhone
		{D0D8F30B-8FA8-4AEA-AC7C-282E8C7510DB}.AppStore|iPhone.Build.0 = AppStore|iPhone
		{D0D8F30B-8FA8-4AEA-AC7C-282E8C7510DB}.AppStore|iPhoneSimulator.ActiveCfg = AppStore|iPhoneSimulator
		{D0D8F30B-8FA8-4AEA-AC7C-282E8C7510DB}.AppStore|iPhoneSimulator.Build.0 = AppStore|iPhoneSimulator
		{D0D8F30B-8FA8-4AEA-AC7C-282E8C7510DB}.AppStore|x64.ActiveCfg = AppStore|iPhone
		{D0D8F30B-8FA8-4AEA-AC7C-282E8C7510DB}.AppStore|x86.ActiveCfg = AppStore|iPhone
		{D0D8F30B-8FA8-4AEA-AC7C-282E8C7510DB}.Debug|Any CPU.ActiveCfg = Debug|iPhone
		{D0D8F30B-8FA8-4AEA-AC7C-282E8C7510DB}.Debug|ARM.ActiveCfg = Debug|iPhone
		{D0D8F30B-8FA8-4AEA-AC7C-282E8C7510DB}.Debug|iPhone.ActiveCfg = Debug|iPhone
		{D0D8F30B-8FA8-4AEA-AC7C-282E8C7510DB}.Debug|iPhone.Build.0 = Debug|iPhone
		{D0D8F30B-8FA8-4AEA-AC7C-282E8C7510DB}.Debug|iPhoneSimulator.ActiveCfg = Debug|iPhoneSimulator
		{D0D8F30B-8FA8-4AEA-AC7C-282E8C7510DB}.Debug|iPhoneSimulator.Build.0 = Debug|iPhoneSimulator
		{D0D8F30B-8FA8-4AEA-AC7C-282E8C7510DB}.Debug|x64.ActiveCfg = Debug|iPhone
		{D0D8F30B-8FA8-4AEA-AC7C-282E8C7510DB}.Debug|x86.ActiveCfg = Debug|iPhone
		{D0D8F30B-8FA8-4AEA-AC7C-282E8C7510DB}.Release|Any CPU.ActiveCfg = Release|iPhone
		{D0D8F30B-8FA8-4AEA-AC7C-282E8C7510DB}.Release|ARM.ActiveCfg = Release|iPhone
		{D0D8F30B-8FA8-4AEA-AC7C-282E8C7510DB}.Release|iPhone.ActiveCfg = Release|iPhone
		{D0D8F30B-8FA8-4AEA-AC7C-282E8C7510DB}.Release|iPhone.Build.0 = Release|iPhone
		{D0D8F30B-8FA8-4AEA-AC7C-282E8C7510DB}.Release|iPhoneSimulator.ActiveCfg = Release|iPhoneSimulator
		{D0D8F30B-8FA8-4AEA-AC7C-282E8C7510DB}.Release|iPhoneSimulator.Build.0 = Release|iPhoneSimulator
		{D0D8F30B-8FA8-4AEA-AC7C-282E8C7510DB}.Release|x64.ActiveCfg = Release|iPhone
		{D0D8F30B-8FA8-4AEA-AC7C-282E8C7510DB}.Release|x86.ActiveCfg = Release|iPhone
		{3918319D-746A-4948-8A93-037A69A67DEA}.Ad-Hoc|Any CPU.ActiveCfg = Release|x86
		{3918319D-746A-4948-8A93-037A69A67DEA}.Ad-Hoc|Any CPU.Build.0 = Release|x86
		{3918319D-746A-4948-8A93-037A69A67DEA}.Ad-Hoc|Any CPU.Deploy.0 = Release|x86
		{3918319D-746A-4948-8A93-037A69A67DEA}.Ad-Hoc|ARM.ActiveCfg = Release|ARM
		{3918319D-746A-4948-8A93-037A69A67DEA}.Ad-Hoc|ARM.Build.0 = Release|ARM
		{3918319D-746A-4948-8A93-037A69A67DEA}.Ad-Hoc|ARM.Deploy.0 = Release|ARM
		{3918319D-746A-4948-8A93-037A69A67DEA}.Ad-Hoc|iPhone.ActiveCfg = Release|x86
		{3918319D-746A-4948-8A93-037A69A67DEA}.Ad-Hoc|iPhone.Build.0 = Release|x86
		{3918319D-746A-4948-8A93-037A69A67DEA}.Ad-Hoc|iPhone.Deploy.0 = Release|x86
		{3918319D-746A-4948-8A93-037A69A67DEA}.Ad-Hoc|iPhoneSimulator.ActiveCfg = Release|x86
		{3918319D-746A-4948-8A93-037A69A67DEA}.Ad-Hoc|iPhoneSimulator.Build.0 = Release|x86
		{3918319D-746A-4948-8A93-037A69A67DEA}.Ad-Hoc|iPhoneSimulator.Deploy.0 = Release|x86
		{3918319D-746A-4948-8A93-037A69A67DEA}.Ad-Hoc|x64.ActiveCfg = Release|x64
		{3918319D-746A-4948-8A93-037A69A67DEA}.Ad-Hoc|x64.Build.0 = Release|x64
		{3918319D-746A-4948-8A93-037A69A67DEA}.Ad-Hoc|x64.Deploy.0 = Release|x64
		{3918319D-746A-4948-8A93-037A69A67DEA}.Ad-Hoc|x86.ActiveCfg = Release|x86
		{3918319D-746A-4948-8A93-037A69A67DEA}.Ad-Hoc|x86.Build.0 = Release|x86
		{3918319D-746A-4948-8A93-037A69A67DEA}.Ad-Hoc|x86.Deploy.0 = Release|x86
		{3918319D-746A-4948-8A93-037A69A67DEA}.AppStore|Any CPU.ActiveCfg = Release|x86
		{3918319D-746A-4948-8A93-037A69A67DEA}.AppStore|Any CPU.Build.0 = Release|x86
		{3918319D-746A-4948-8A93-037A69A67DEA}.AppStore|Any CPU.Deploy.0 = Release|x86
		{3918319D-746A-4948-8A93-037A69A67DEA}.AppStore|ARM.ActiveCfg = Release|ARM
		{3918319D-746A-4948-8A93-037A69A67DEA}.AppStore|ARM.Build.0 = Release|ARM
		{3918319D-746A-4948-8A93-037A69A67DEA}.AppStore|ARM.Deploy.0 = Release|ARM
		{3918319D-746A-4948-8A93-037A69A67DEA}.AppStore|iPhone.ActiveCfg = Release|x86
		{3918319D-746A-4948-8A93-037A69A67DEA}.AppStore|iPhone.Build.0 = Release|x86
		{3918319D-746A-4948-8A93-037A69A67DEA}.AppStore|iPhone.Deploy.0 = Release|x86
		{3918319D-746A-4948-8A93-037A69A67DEA}.AppStore|iPhoneSimulator.ActiveCfg = Release|x86
		{3918319D-746A-4948-8A93-037A69A67DEA}.AppStore|iPhoneSimulator.Build.0 = Release|x86
		{3918319D-746A-4948-8A93-037A69A67DEA}.AppStore|iPhoneSimulator.Deploy.0 = Release|x86
		{3918319D-746A-4948-8A93-037A69A67DEA}.AppStore|x64.ActiveCfg = Release|x64
		{3918319D-746A-4948-8A93-037A69A67DEA}.AppStore|x64.Build.0 = Release|x64
		{3918319D-746A-4948-8A93-037A69A67DEA}.AppStore|x64.Deploy.0 = Release|x64
		{3918319D-746A-4948-8A93-037A69A67DEA}.AppStore|x86.ActiveCfg = Release|x86
		{3918319D-746A-4948-8A93-037A69A67DEA}.AppStore|x86.Build.0 = Release|x86
		{3918319D-746A-4948-8A93-037A69A67DEA}.AppStore|x86.Deploy.0 = Release|x86
		{3918319D-746A-4948-8A93-037A69A67DEA}.Debug|Any CPU.ActiveCfg = Debug|x86
		{3918319D-746A-4948-8A93-037A69A67DEA}.Debug|ARM.ActiveCfg = Debug|ARM
		{3918319D-746A-4948-8A93-037A69A67DEA}.Debug|ARM.Build.0 = Debug|ARM
		{3918319D-746A-4948-8A93-037A69A67DEA}.Debug|ARM.Deploy.0 = Debug|ARM
		{3918319D-746A-4948-8A93-037A69A67DEA}.Debug|iPhone.ActiveCfg = Debug|x86
		{3918319D-746A-4948-8A93-037A69A67DEA}.Debug|iPhoneSimulator.ActiveCfg = Debug|x86
		{3918319D-746A-4948-8A93-037A69A67DEA}.Debug|x64.ActiveCfg = Debug|x64
		{3918319D-746A-4948-8A93-037A69A67DEA}.Debug|x64.Build.0 = Debug|x64
		{3918319D-746A-4948-8A93-037A69A67DEA}.Debug|x64.Deploy.0 = Debug|x64
		{3918319D-746A-4948-8A93-037A69A67DEA}.Debug|x86.ActiveCfg = Debug|x86
		{3918319D-746A-4948-8A93-037A69A67DEA}.Debug|x86.Build.0 = Debug|x86
		{3918319D-746A-4948-8A93-037A69A67DEA}.Debug|x86.Deploy.0 = Debug|x86
		{3918319D-746A-4948-8A93-037A69A67DEA}.Release|Any CPU.ActiveCfg = Release|x86
		{3918319D-746A-4948-8A93-037A69A67DEA}.Release|ARM.ActiveCfg = Release|ARM
		{3918319D-746A-4948-8A93-037A69A67DEA}.Release|ARM.Build.0 = Release|ARM
		{3918319D-746A-4948-8A93-037A69A67DEA}.Release|ARM.Deploy.0 = Release|ARM
		{3918319D-746A-4948-8A93-037A69A67DEA}.Release|iPhone.ActiveCfg = Release|x86
		{3918319D-746A-4948-8A93-037A69A67DEA}.Release|iPhoneSimulator.ActiveCfg = Release|x86
		{3918319D-746A-4948-8A93-037A69A67DEA}.Release|x64.ActiveCfg = Release|x64
		{3918319D-746A-4948-8A93-037A69A67DEA}.Release|x64.Build.0 = Release|x64
		{3918319D-746A-4948-8A93-037A69A67DEA}.Release|x64.Deploy.0 = Release|x64
		{3918319D-746A-4948-8A93-037A69A67DEA}.Release|x86.ActiveCfg = Release|x86
		{3918319D-746A-4948-8A93-037A69A67DEA}.Release|x86.Build.0 = Release|x86
		{3918319D-746A-4948-8A93-037A69A67DEA}.Release|x86.Deploy.0 = Release|x86
		{E38695E2-3592-4DB5-99CC-4E04B64F5A9D}.Ad-Hoc|Any CPU.ActiveCfg = Debug|Any CPU
		{E38695E2-3592-4DB5-99CC-4E04B64F5A9D}.Ad-Hoc|Any CPU.Build.0 = Debug|Any CPU
		{E38695E2-3592-4DB5-99CC-4E04B64F5A9D}.Ad-Hoc|ARM.ActiveCfg = Debug|Any CPU
		{E38695E2-3592-4DB5-99CC-4E04B64F5A9D}.Ad-Hoc|ARM.Build.0 = Debug|Any CPU
		{E38695E2-3592-4DB5-99CC-4E04B64F5A9D}.Ad-Hoc|iPhone.ActiveCfg = Debug|Any CPU
		{E38695E2-3592-4DB5-99CC-4E04B64F5A9D}.Ad-Hoc|iPhone.Build.0 = Debug|Any CPU
		{E38695E2-3592-4DB5-99CC-4E04B64F5A9D}.Ad-Hoc|iPhoneSimulator.ActiveCfg = Debug|Any CPU
		{E38695E2-3592-4DB5-99CC-4E04B64F5A9D}.Ad-Hoc|iPhoneSimulator.Build.0 = Debug|Any CPU
		{E38695E2-3592-4DB5-99CC-4E04B64F5A9D}.Ad-Hoc|x64.ActiveCfg = Debug|Any CPU
		{E38695E2-3592-4DB5-99CC-4E04B64F5A9D}.Ad-Hoc|x64.Build.0 = Debug|Any CPU
		{E38695E2-3592-4DB5-99CC-4E04B64F5A9D}.Ad-Hoc|x86.ActiveCfg = Debug|Any CPU
		{E38695E2-3592-4DB5-99CC-4E04B64F5A9D}.Ad-Hoc|x86.Build.0 = Debug|Any CPU
		{E38695E2-3592-4DB5-99CC-4E04B64F5A9D}.AppStore|Any CPU.ActiveCfg = Debug|Any CPU
		{E38695E2-3592-4DB5-99CC-4E04B64F5A9D}.AppStore|Any CPU.Build.0 = Debug|Any CPU
		{E38695E2-3592-4DB5-99CC-4E04B64F5A9D}.AppStore|ARM.ActiveCfg = Debug|Any CPU
		{E38695E2-3592-4DB5-99CC-4E04B64F5A9D}.AppStore|ARM.Build.0 = Debug|Any CPU
		{E38695E2-3592-4DB5-99CC-4E04B64F5A9D}.AppStore|iPhone.ActiveCfg = Debug|Any CPU
		{E38695E2-3592-4DB5-99CC-4E04B64F5A9D}.AppStore|iPhone.Build.0 = Debug|Any CPU
		{E38695E2-3592-4DB5-99CC-4E04B64F5A9D}.AppStore|iPhoneSimulator.ActiveCfg = Debug|Any CPU
		{E38695E2-3592-4DB5-99CC-4E04B64F5A9D}.AppStore|iPhoneSimulator.Build.0 = Debug|Any CPU
		{E38695E2-3592-4DB5-99CC-4E04B64F5A9D}.AppStore|x64.ActiveCfg = Debug|Any CPU
		{E38695E2-3592-4DB5-99CC-4E04B64F5A9D}.AppStore|x64.Build.0 = Debug|Any CPU
		{E38695E2-3592-4DB5-99CC-4E04B64F5A9D}.AppStore|x86.ActiveCfg = Debug|Any CPU
		{E38695E2-3592-4DB5-99CC-4E04B64F5A9D}.AppStore|x86.Build.0 = Debug|Any CPU
		{E38695E2-3592-4DB5-99CC-4E04B64F5A9D}.Debug|Any CPU.ActiveCfg = Debug|Any CPU
		{E38695E2-3592-4DB5-99CC-4E04B64F5A9D}.Debug|Any CPU.Build.0 = Debug|Any CPU
		{E38695E2-3592-4DB5-99CC-4E04B64F5A9D}.Debug|ARM.ActiveCfg = Debug|Any CPU
		{E38695E2-3592-4DB5-99CC-4E04B64F5A9D}.Debug|ARM.Build.0 = Debug|Any CPU
		{E38695E2-3592-4DB5-99CC-4E04B64F5A9D}.Debug|iPhone.ActiveCfg = Debug|Any CPU
		{E38695E2-3592-4DB5-99CC-4E04B64F5A9D}.Debug|iPhone.Build.0 = Debug|Any CPU
		{E38695E2-3592-4DB5-99CC-4E04B64F5A9D}.Debug|iPhoneSimulator.ActiveCfg = Debug|Any CPU
		{E38695E2-3592-4DB5-99CC-4E04B64F5A9D}.Debug|iPhoneSimulator.Build.0 = Debug|Any CPU
		{E38695E2-3592-4DB5-99CC-4E04B64F5A9D}.Debug|x64.ActiveCfg = Debug|Any CPU
		{E38695E2-3592-4DB5-99CC-4E04B64F5A9D}.Debug|x64.Build.0 = Debug|Any CPU
		{E38695E2-3592-4DB5-99CC-4E04B64F5A9D}.Debug|x86.ActiveCfg = Debug|Any CPU
		{E38695E2-3592-4DB5-99CC-4E04B64F5A9D}.Debug|x86.Build.0 = Debug|Any CPU
		{E38695E2-3592-4DB5-99CC-4E04B64F5A9D}.Release|Any CPU.ActiveCfg = Release|Any CPU
		{E38695E2-3592-4DB5-99CC-4E04B64F5A9D}.Release|Any CPU.Build.0 = Release|Any CPU
		{E38695E2-3592-4DB5-99CC-4E04B64F5A9D}.Release|ARM.ActiveCfg = Release|Any CPU
		{E38695E2-3592-4DB5-99CC-4E04B64F5A9D}.Release|ARM.Build.0 = Release|Any CPU
		{E38695E2-3592-4DB5-99CC-4E04B64F5A9D}.Release|iPhone.ActiveCfg = Release|Any CPU
		{E38695E2-3592-4DB5-99CC-4E04B64F5A9D}.Release|iPhone.Build.0 = Release|Any CPU
		{E38695E2-3592-4DB5-99CC-4E04B64F5A9D}.Release|iPhoneSimulator.ActiveCfg = Release|Any CPU
		{E38695E2-3592-4DB5-99CC-4E04B64F5A9D}.Release|iPhoneSimulator.Build.0 = Release|Any CPU
		{E38695E2-3592-4DB5-99CC-4E04B64F5A9D}.Release|x64.ActiveCfg = Release|Any CPU
		{E38695E2-3592-4DB5-99CC-4E04B64F5A9D}.Release|x64.Build.0 = Release|Any CPU
		{E38695E2-3592-4DB5-99CC-4E04B64F5A9D}.Release|x86.ActiveCfg = Release|Any CPU
		{E38695E2-3592-4DB5-99CC-4E04B64F5A9D}.Release|x86.Build.0 = Release|Any CPU
	EndGlobalSection
	GlobalSection(SolutionProperties) = preSolution
		HideSolutionNode = FALSE
	EndGlobalSection
	GlobalSection(ExtensibilityGlobals) = postSolution
		SolutionGuid = {AB6A7681-8642-4216-8911-190D8B40E295}
	EndGlobalSection
EndGlobal
