
Microsoft Visual Studio Solution File, Format Version 12.00
# Visual Studio 15
VisualStudioVersion = 15.0.27428.2037
MinimumVisualStudioVersion = 10.0.40219.1
Project("{FAE04EC0-301F-11D3-BF4B-00C04F79EFBC}") = "App05_ControlesVisuais.Android", "App05_ControlesVisuais\App05_ControlesVisuais.Android\App05_ControlesVisuais.Android.csproj", "{3355A729-9CBE-46A0-8DD4-596D4964EADA}"
EndProject
Project("{FAE04EC0-301F-11D3-BF4B-00C04F79EFBC}") = "App05_ControlesVisuais.iOS", "App05_ControlesVisuais\App05_ControlesVisuais.iOS\App05_ControlesVisuais.iOS.csproj", "{1587EBA4-F6BC-4E6F-A22D-248F2E05549E}"
EndProject
Project("{FAE04EC0-301F-11D3-BF4B-00C04F79EFBC}") = "App05_ControlesVisuais.UWP", "App05_ControlesVisuais\App05_ControlesVisuais.UWP\App05_ControlesVisuais.UWP.csproj", "{8787ED7B-228F-4828-BA28-D2ECDD5FADF1}"
EndProject
Project("{FAE04EC0-301F-11D3-BF4B-00C04F79EFBC}") = "App05_ControlesVisuais", "App05_ControlesVisuais\App05_ControlesVisuais\App05_ControlesVisuais.csproj", "{67F44272-3FBB-405E-949B-A99DE6A04D74}"
EndProject
Global
	GlobalSection(SolutionConfigurationPlatforms) = preSolution
		Ad-Hoc|Any CPU = Ad-Hoc|Any CPU
		Ad-Hoc|ARM = Ad-Hoc|ARM
		Ad-Hoc|iPhone = Ad-Hoc|iPhone
		Ad-Hoc|iPhoneSimulator = Ad-Hoc|iPhoneSimulator
		Ad-Hoc|x64 = Ad-Hoc|x64
		Ad-Hoc|x86 = Ad-Hoc|x86
		AppStore|Any CPU = AppStore|Any CPU
		AppStore|ARM = AppStore|ARM
		AppStore|iPhone = AppStore|iPhone
		AppStore|iPhoneSimulator = AppStore|iPhoneSimulator
		AppStore|x64 = AppStore|x64
		AppStore|x86 = AppStore|x86
		Debug|Any CPU = Debug|Any CPU
		Debug|ARM = Debug|ARM
		Debug|iPhone = Debug|iPhone
		Debug|iPhoneSimulator = Debug|iPhoneSimulator
		Debug|x64 = Debug|x64
		Debug|x86 = Debug|x86
		Release|Any CPU = Release|Any CPU
		Release|ARM = Release|ARM
		Release|iPhone = Release|iPhone
		Release|iPhoneSimulator = Release|iPhoneSimulator
		Release|x64 = Release|x64
		Release|x86 = Release|x86
	EndGlobalSection
	GlobalSection(ProjectConfigurationPlatforms) = postSolution
		{3355A729-9CBE-46A0-8DD4-596D4964EADA}.Ad-Hoc|Any CPU.ActiveCfg = Release|Any CPU
		{3355A729-9CBE-46A0-8DD4-596D4964EADA}.Ad-Hoc|Any CPU.Build.0 = Release|Any CPU
		{3355A729-9CBE-46A0-8DD4-596D4964EADA}.Ad-Hoc|Any CPU.Deploy.0 = Release|Any CPU
		{3355A729-9CBE-46A0-8DD4-596D4964EADA}.Ad-Hoc|ARM.ActiveCfg = Release|Any CPU
		{3355A729-9CBE-46A0-8DD4-596D4964EADA}.Ad-Hoc|ARM.Build.0 = Release|Any CPU
		{3355A729-9CBE-46A0-8DD4-596D4964EADA}.Ad-Hoc|ARM.Deploy.0 = Release|Any CPU
		{3355A729-9CBE-46A0-8DD4-596D4964EADA}.Ad-Hoc|iPhone.ActiveCfg = Release|Any CPU
		{3355A729-9CBE-46A0-8DD4-596D4964EADA}.Ad-Hoc|iPhone.Build.0 = Release|Any CPU
		{3355A729-9CBE-46A0-8DD4-596D4964EADA}.Ad-Hoc|iPhone.Deploy.0 = Release|Any CPU
		{3355A729-9CBE-46A0-8DD4-596D4964EADA}.Ad-Hoc|iPhoneSimulator.ActiveCfg = Release|Any CPU
		{3355A729-9CBE-46A0-8DD4-596D4964EADA}.Ad-Hoc|iPhoneSimulator.Build.0 = Release|Any CPU
		{3355A729-9CBE-46A0-8DD4-596D4964EADA}.Ad-Hoc|iPhoneSimulator.Deploy.0 = Release|Any CPU
		{3355A729-9CBE-46A0-8DD4-596D4964EADA}.Ad-Hoc|x64.ActiveCfg = Release|Any CPU
		{3355A729-9CBE-46A0-8DD4-596D4964EADA}.Ad-Hoc|x64.Build.0 = Release|Any CPU
		{3355A729-9CBE-46A0-8DD4-596D4964EADA}.Ad-Hoc|x64.Deploy.0 = Release|Any CPU
		{3355A729-9CBE-46A0-8DD4-596D4964EADA}.Ad-Hoc|x86.ActiveCfg = Release|Any CPU
		{3355A729-9CBE-46A0-8DD4-596D4964EADA}.Ad-Hoc|x86.Build.0 = Release|Any CPU
		{3355A729-9CBE-46A0-8DD4-596D4964EADA}.Ad-Hoc|x86.Deploy.0 = Release|Any CPU
		{3355A729-9CBE-46A0-8DD4-596D4964EADA}.AppStore|Any CPU.ActiveCfg = Release|Any CPU
		{3355A729-9CBE-46A0-8DD4-596D4964EADA}.AppStore|Any CPU.Build.0 = Release|Any CPU
		{3355A729-9CBE-46A0-8DD4-596D4964EADA}.AppStore|Any CPU.Deploy.0 = Release|Any CPU
		{3355A729-9CBE-46A0-8DD4-596D4964EADA}.AppStore|ARM.ActiveCfg = Release|Any CPU
		{3355A729-9CBE-46A0-8DD4-596D4964EADA}.AppStore|ARM.Build.0 = Release|Any CPU
		{3355A729-9CBE-46A0-8DD4-596D4964EADA}.AppStore|ARM.Deploy.0 = Release|Any CPU
		{3355A729-9CBE-46A0-8DD4-596D4964EADA}.AppStore|iPhone.ActiveCfg = Release|Any CPU
		{3355A729-9CBE-46A0-8DD4-596D4964EADA}.AppStore|iPhone.Build.0 = Release|Any CPU
		{3355A729-9CBE-46A0-8DD4-596D4964EADA}.AppStore|iPhone.Deploy.0 = Release|Any CPU
		{3355A729-9CBE-46A0-8DD4-596D4964EADA}.AppStore|iPhoneSimulator.ActiveCfg = Release|Any CPU
		{3355A729-9CBE-46A0-8DD4-596D4964EADA}.AppStore|iPhoneSimulator.Build.0 = Release|Any CPU
		{3355A729-9CBE-46A0-8DD4-596D4964EADA}.AppStore|iPhoneSimulator.Deploy.0 = Release|Any CPU
		{3355A729-9CBE-46A0-8DD4-596D4964EADA}.AppStore|x64.ActiveCfg = Release|Any CPU
		{3355A729-9CBE-46A0-8DD4-596D4964EADA}.AppStore|x64.Build.0 = Release|Any CPU
		{3355A729-9CBE-46A0-8DD4-596D4964EADA}.AppStore|x64.Deploy.0 = Release|Any CPU
		{3355A729-9CBE-46A0-8DD4-596D4964EADA}.AppStore|x86.ActiveCfg = Release|Any CPU
		{3355A729-9CBE-46A0-8DD4-596D4964EADA}.AppStore|x86.Build.0 = Release|Any CPU
		{3355A729-9CBE-46A0-8DD4-596D4964EADA}.AppStore|x86.Deploy.0 = Release|Any CPU
		{3355A729-9CBE-46A0-8DD4-596D4964EADA}.Debug|Any CPU.ActiveCfg = Debug|Any CPU
		{3355A729-9CBE-46A0-8DD4-596D4964EADA}.Debug|Any CPU.Build.0 = Debug|Any CPU
		{3355A729-9CBE-46A0-8DD4-596D4964EADA}.Debug|Any CPU.Deploy.0 = Debug|Any CPU
		{3355A729-9CBE-46A0-8DD4-596D4964EADA}.Debug|ARM.ActiveCfg = Debug|Any CPU
		{3355A729-9CBE-46A0-8DD4-596D4964EADA}.Debug|ARM.Build.0 = Debug|Any CPU
		{3355A729-9CBE-46A0-8DD4-596D4964EADA}.Debug|ARM.Deploy.0 = Debug|Any CPU
		{3355A729-9CBE-46A0-8DD4-596D4964EADA}.Debug|iPhone.ActiveCfg = Debug|Any CPU
		{3355A729-9CBE-46A0-8DD4-596D4964EADA}.Debug|iPhone.Build.0 = Debug|Any CPU
		{3355A729-9CBE-46A0-8DD4-596D4964EADA}.Debug|iPhone.Deploy.0 = Debug|Any CPU
		{3355A729-9CBE-46A0-8DD4-596D4964EADA}.Debug|iPhoneSimulator.ActiveCfg = Debug|Any CPU
		{3355A729-9CBE-46A0-8DD4-596D4964EADA}.Debug|iPhoneSimulator.Build.0 = Debug|Any CPU
		{3355A729-9CBE-46A0-8DD4-596D4964EADA}.Debug|iPhoneSimulator.Deploy.0 = Debug|Any CPU
		{3355A729-9CBE-46A0-8DD4-596D4964EADA}.Debug|x64.ActiveCfg = Debug|Any CPU
		{3355A729-9CBE-46A0-8DD4-596D4964EADA}.Debug|x64.Build.0 = Debug|Any CPU
		{3355A729-9CBE-46A0-8DD4-596D4964EADA}.Debug|x64.Deploy.0 = Debug|Any CPU
		{3355A729-9CBE-46A0-8DD4-596D4964EADA}.Debug|x86.ActiveCfg = Debug|Any CPU
		{3355A729-9CBE-46A0-8DD4-596D4964EADA}.Debug|x86.Build.0 = Debug|Any CPU
		{3355A729-9CBE-46A0-8DD4-596D4964EADA}.Debug|x86.Deploy.0 = Debug|Any CPU
		{3355A729-9CBE-46A0-8DD4-596D4964EADA}.Release|Any CPU.ActiveCfg = Release|Any CPU
		{3355A729-9CBE-46A0-8DD4-596D4964EADA}.Release|Any CPU.Build.0 = Release|Any CPU
		{3355A729-9CBE-46A0-8DD4-596D4964EADA}.Release|Any CPU.Deploy.0 = Release|Any CPU
		{3355A729-9CBE-46A0-8DD4-596D4964EADA}.Release|ARM.ActiveCfg = Release|Any CPU
		{3355A729-9CBE-46A0-8DD4-596D4964EADA}.Release|ARM.Build.0 = Release|Any CPU
		{3355A729-9CBE-46A0-8DD4-596D4964EADA}.Release|ARM.Deploy.0 = Release|Any CPU
		{3355A729-9CBE-46A0-8DD4-596D4964EADA}.Release|iPhone.ActiveCfg = Release|Any CPU
		{3355A729-9CBE-46A0-8DD4-596D4964EADA}.Release|iPhone.Build.0 = Release|Any CPU
		{3355A729-9CBE-46A0-8DD4-596D4964EADA}.Release|iPhone.Deploy.0 = Release|Any CPU
		{3355A729-9CBE-46A0-8DD4-596D4964EADA}.Release|iPhoneSimulator.ActiveCfg = Release|Any CPU
		{3355A729-9CBE-46A0-8DD4-596D4964EADA}.Release|iPhoneSimulator.Build.0 = Release|Any CPU
		{3355A729-9CBE-46A0-8DD4-596D4964EADA}.Release|iPhoneSimulator.Deploy.0 = Release|Any CPU
		{3355A729-9CBE-46A0-8DD4-596D4964EADA}.Release|x64.ActiveCfg = Release|Any CPU
		{3355A729-9CBE-46A0-8DD4-596D4964EADA}.Release|x64.Build.0 = Release|Any CPU
		{3355A729-9CBE-46A0-8DD4-596D4964EADA}.Release|x64.Deploy.0 = Release|Any CPU
		{3355A729-9CBE-46A0-8DD4-596D4964EADA}.Release|x86.ActiveCfg = Release|Any CPU
		{3355A729-9CBE-46A0-8DD4-596D4964EADA}.Release|x86.Build.0 = Release|Any CPU
		{3355A729-9CBE-46A0-8DD4-596D4964EADA}.Release|x86.Deploy.0 = Release|Any CPU
		{1587EBA4-F6BC-4E6F-A22D-248F2E05549E}.Ad-Hoc|Any CPU.ActiveCfg = Ad-Hoc|iPhone
		{1587EBA4-F6BC-4E6F-A22D-248F2E05549E}.Ad-Hoc|ARM.ActiveCfg = Ad-Hoc|iPhone
		{1587EBA4-F6BC-4E6F-A22D-248F2E05549E}.Ad-Hoc|iPhone.ActiveCfg = Ad-Hoc|iPhone
		{1587EBA4-F6BC-4E6F-A22D-248F2E05549E}.Ad-Hoc|iPhone.Build.0 = Ad-Hoc|iPhone
		{1587EBA4-F6BC-4E6F-A22D-248F2E05549E}.Ad-Hoc|iPhoneSimulator.ActiveCfg = Ad-Hoc|iPhoneSimulator
		{1587EBA4-F6BC-4E6F-A22D-248F2E05549E}.Ad-Hoc|iPhoneSimulator.Build.0 = Ad-Hoc|iPhoneSimulator
		{1587EBA4-F6BC-4E6F-A22D-248F2E05549E}.Ad-Hoc|x64.ActiveCfg = Ad-Hoc|iPhone
		{1587EBA4-F6BC-4E6F-A22D-248F2E05549E}.Ad-Hoc|x86.ActiveCfg = Ad-Hoc|iPhone
		{1587EBA4-F6BC-4E6F-A22D-248F2E05549E}.AppStore|Any CPU.ActiveCfg = AppStore|iPhone
		{1587EBA4-F6BC-4E6F-A22D-248F2E05549E}.AppStore|ARM.ActiveCfg = AppStore|iPhone
		{1587EBA4-F6BC-4E6F-A22D-248F2E05549E}.AppStore|iPhone.ActiveCfg = AppStore|iPhone
		{1587EBA4-F6BC-4E6F-A22D-248F2E05549E}.AppStore|iPhone.Build.0 = AppStore|iPhone
		{1587EBA4-F6BC-4E6F-A22D-248F2E05549E}.AppStore|iPhoneSimulator.ActiveCfg = AppStore|iPhoneSimulator
		{1587EBA4-F6BC-4E6F-A22D-248F2E05549E}.AppStore|iPhoneSimulator.Build.0 = AppStore|iPhoneSimulator
		{1587EBA4-F6BC-4E6F-A22D-248F2E05549E}.AppStore|x64.ActiveCfg = AppStore|iPhone
		{1587EBA4-F6BC-4E6F-A22D-248F2E05549E}.AppStore|x86.ActiveCfg = AppStore|iPhone
		{1587EBA4-F6BC-4E6F-A22D-248F2E05549E}.Debug|Any CPU.ActiveCfg = Debug|iPhone
		{1587EBA4-F6BC-4E6F-A22D-248F2E05549E}.Debug|ARM.ActiveCfg = Debug|iPhone
		{1587EBA4-F6BC-4E6F-A22D-248F2E05549E}.Debug|iPhone.ActiveCfg = Debug|iPhone
		{1587EBA4-F6BC-4E6F-A22D-248F2E05549E}.Debug|iPhone.Build.0 = Debug|iPhone
		{1587EBA4-F6BC-4E6F-A22D-248F2E05549E}.Debug|iPhoneSimulator.ActiveCfg = Debug|iPhoneSimulator
		{1587EBA4-F6BC-4E6F-A22D-248F2E05549E}.Debug|iPhoneSimulator.Build.0 = Debug|iPhoneSimulator
		{1587EBA4-F6BC-4E6F-A22D-248F2E05549E}.Debug|x64.ActiveCfg = Debug|iPhone
		{1587EBA4-F6BC-4E6F-A22D-248F2E05549E}.Debug|x86.ActiveCfg = Debug|iPhone
		{1587EBA4-F6BC-4E6F-A22D-248F2E05549E}.Release|Any CPU.ActiveCfg = Release|iPhone
		{1587EBA4-F6BC-4E6F-A22D-248F2E05549E}.Release|ARM.ActiveCfg = Release|iPhone
		{1587EBA4-F6BC-4E6F-A22D-248F2E05549E}.Release|iPhone.ActiveCfg = Release|iPhone
		{1587EBA4-F6BC-4E6F-A22D-248F2E05549E}.Release|iPhone.Build.0 = Release|iPhone
		{1587EBA4-F6BC-4E6F-A22D-248F2E05549E}.Release|iPhoneSimulator.ActiveCfg = Release|iPhoneSimulator
		{1587EBA4-F6BC-4E6F-A22D-248F2E05549E}.Release|iPhoneSimulator.Build.0 = Release|iPhoneSimulator
		{1587EBA4-F6BC-4E6F-A22D-248F2E05549E}.Release|x64.ActiveCfg = Release|iPhone
		{1587EBA4-F6BC-4E6F-A22D-248F2E05549E}.Release|x86.ActiveCfg = Release|iPhone
		{8787ED7B-228F-4828-BA28-D2ECDD5FADF1}.Ad-Hoc|Any CPU.ActiveCfg = Release|x86
		{8787ED7B-228F-4828-BA28-D2ECDD5FADF1}.Ad-Hoc|Any CPU.Build.0 = Release|x86
		{8787ED7B-228F-4828-BA28-D2ECDD5FADF1}.Ad-Hoc|Any CPU.Deploy.0 = Release|x86
		{8787ED7B-228F-4828-BA28-D2ECDD5FADF1}.Ad-Hoc|ARM.ActiveCfg = Release|ARM
		{8787ED7B-228F-4828-BA28-D2ECDD5FADF1}.Ad-Hoc|ARM.Build.0 = Release|ARM
		{8787ED7B-228F-4828-BA28-D2ECDD5FADF1}.Ad-Hoc|ARM.Deploy.0 = Release|ARM
		{8787ED7B-228F-4828-BA28-D2ECDD5FADF1}.Ad-Hoc|iPhone.ActiveCfg = Release|x86
		{8787ED7B-228F-4828-BA28-D2ECDD5FADF1}.Ad-Hoc|iPhone.Build.0 = Release|x86
		{8787ED7B-228F-4828-BA28-D2ECDD5FADF1}.Ad-Hoc|iPhone.Deploy.0 = Release|x86
		{8787ED7B-228F-4828-BA28-D2ECDD5FADF1}.Ad-Hoc|iPhoneSimulator.ActiveCfg = Release|x86
		{8787ED7B-228F-4828-BA28-D2ECDD5FADF1}.Ad-Hoc|iPhoneSimulator.Build.0 = Release|x86
		{8787ED7B-228F-4828-BA28-D2ECDD5FADF1}.Ad-Hoc|iPhoneSimulator.Deploy.0 = Release|x86
		{8787ED7B-228F-4828-BA28-D2ECDD5FADF1}.Ad-Hoc|x64.ActiveCfg = Release|x64
		{8787ED7B-228F-4828-BA28-D2ECDD5FADF1}.Ad-Hoc|x64.Build.0 = Release|x64
		{8787ED7B-228F-4828-BA28-D2ECDD5FADF1}.Ad-Hoc|x64.Deploy.0 = Release|x64
		{8787ED7B-228F-4828-BA28-D2ECDD5FADF1}.Ad-Hoc|x86.ActiveCfg = Release|x86
		{8787ED7B-228F-4828-BA28-D2ECDD5FADF1}.Ad-Hoc|x86.Build.0 = Release|x86
		{8787ED7B-228F-4828-BA28-D2ECDD5FADF1}.Ad-Hoc|x86.Deploy.0 = Release|x86
		{8787ED7B-228F-4828-BA28-D2ECDD5FADF1}.AppStore|Any CPU.ActiveCfg = Release|x86
		{8787ED7B-228F-4828-BA28-D2ECDD5FADF1}.AppStore|Any CPU.Build.0 = Release|x86
		{8787ED7B-228F-4828-BA28-D2ECDD5FADF1}.AppStore|Any CPU.Deploy.0 = Release|x86
		{8787ED7B-228F-4828-BA28-D2ECDD5FADF1}.AppStore|ARM.ActiveCfg = Release|ARM
		{8787ED7B-228F-4828-BA28-D2ECDD5FADF1}.AppStore|ARM.Build.0 = Release|ARM
		{8787ED7B-228F-4828-BA28-D2ECDD5FADF1}.AppStore|ARM.Deploy.0 = Release|ARM
		{8787ED7B-228F-4828-BA28-D2ECDD5FADF1}.AppStore|iPhone.ActiveCfg = Release|x86
		{8787ED7B-228F-4828-BA28-D2ECDD5FADF1}.AppStore|iPhone.Build.0 = Release|x86
		{8787ED7B-228F-4828-BA28-D2ECDD5FADF1}.AppStore|iPhone.Deploy.0 = Release|x86
		{8787ED7B-228F-4828-BA28-D2ECDD5FADF1}.AppStore|iPhoneSimulator.ActiveCfg = Release|x86
		{8787ED7B-228F-4828-BA28-D2ECDD5FADF1}.AppStore|iPhoneSimulator.Build.0 = Release|x86
		{8787ED7B-228F-4828-BA28-D2ECDD5FADF1}.AppStore|iPhoneSimulator.Deploy.0 = Release|x86
		{8787ED7B-228F-4828-BA28-D2ECDD5FADF1}.AppStore|x64.ActiveCfg = Release|x64
		{8787ED7B-228F-4828-BA28-D2ECDD5FADF1}.AppStore|x64.Build.0 = Release|x64
		{8787ED7B-228F-4828-BA28-D2ECDD5FADF1}.AppStore|x64.Deploy.0 = Release|x64
		{8787ED7B-228F-4828-BA28-D2ECDD5FADF1}.AppStore|x86.ActiveCfg = Release|x86
		{8787ED7B-228F-4828-BA28-D2ECDD5FADF1}.AppStore|x86.Build.0 = Release|x86
		{8787ED7B-228F-4828-BA28-D2ECDD5FADF1}.AppStore|x86.Deploy.0 = Release|x86
		{8787ED7B-228F-4828-BA28-D2ECDD5FADF1}.Debug|Any CPU.ActiveCfg = Debug|x86
		{8787ED7B-228F-4828-BA28-D2ECDD5FADF1}.Debug|ARM.ActiveCfg = Debug|ARM
		{8787ED7B-228F-4828-BA28-D2ECDD5FADF1}.Debug|ARM.Build.0 = Debug|ARM
		{8787ED7B-228F-4828-BA28-D2ECDD5FADF1}.Debug|ARM.Deploy.0 = Debug|ARM
		{8787ED7B-228F-4828-BA28-D2ECDD5FADF1}.Debug|iPhone.ActiveCfg = Debug|x86
		{8787ED7B-228F-4828-BA28-D2ECDD5FADF1}.Debug|iPhoneSimulator.ActiveCfg = Debug|x86
		{8787ED7B-228F-4828-BA28-D2ECDD5FADF1}.Debug|x64.ActiveCfg = Debug|x64
		{8787ED7B-228F-4828-BA28-D2ECDD5FADF1}.Debug|x64.Build.0 = Debug|x64
		{8787ED7B-228F-4828-BA28-D2ECDD5FADF1}.Debug|x64.Deploy.0 = Debug|x64
		{8787ED7B-228F-4828-BA28-D2ECDD5FADF1}.Debug|x86.ActiveCfg = Debug|x86
		{8787ED7B-228F-4828-BA28-D2ECDD5FADF1}.Debug|x86.Build.0 = Debug|x86
		{8787ED7B-228F-4828-BA28-D2ECDD5FADF1}.Debug|x86.Deploy.0 = Debug|x86
		{8787ED7B-228F-4828-BA28-D2ECDD5FADF1}.Release|Any CPU.ActiveCfg = Release|x86
		{8787ED7B-228F-4828-BA28-D2ECDD5FADF1}.Release|ARM.ActiveCfg = Release|ARM
		{8787ED7B-228F-4828-BA28-D2ECDD5FADF1}.Release|ARM.Build.0 = Release|ARM
		{8787ED7B-228F-4828-BA28-D2ECDD5FADF1}.Release|ARM.Deploy.0 = Release|ARM
		{8787ED7B-228F-4828-BA28-D2ECDD5FADF1}.Release|iPhone.ActiveCfg = Release|x86
		{8787ED7B-228F-4828-BA28-D2ECDD5FADF1}.Release|iPhoneSimulator.ActiveCfg = Release|x86
		{8787ED7B-228F-4828-BA28-D2ECDD5FADF1}.Release|x64.ActiveCfg = Release|x64
		{8787ED7B-228F-4828-BA28-D2ECDD5FADF1}.Release|x64.Build.0 = Release|x64
		{8787ED7B-228F-4828-BA28-D2ECDD5FADF1}.Release|x64.Deploy.0 = Release|x64
		{8787ED7B-228F-4828-BA28-D2ECDD5FADF1}.Release|x86.ActiveCfg = Release|x86
		{8787ED7B-228F-4828-BA28-D2ECDD5FADF1}.Release|x86.Build.0 = Release|x86
		{8787ED7B-228F-4828-BA28-D2ECDD5FADF1}.Release|x86.Deploy.0 = Release|x86
		{67F44272-3FBB-405E-949B-A99DE6A04D74}.Ad-Hoc|Any CPU.ActiveCfg = Debug|Any CPU
		{67F44272-3FBB-405E-949B-A99DE6A04D74}.Ad-Hoc|Any CPU.Build.0 = Debug|Any CPU
		{67F44272-3FBB-405E-949B-A99DE6A04D74}.Ad-Hoc|ARM.ActiveCfg = Debug|Any CPU
		{67F44272-3FBB-405E-949B-A99DE6A04D74}.Ad-Hoc|ARM.Build.0 = Debug|Any CPU
		{67F44272-3FBB-405E-949B-A99DE6A04D74}.Ad-Hoc|iPhone.ActiveCfg = Debug|Any CPU
		{67F44272-3FBB-405E-949B-A99DE6A04D74}.Ad-Hoc|iPhone.Build.0 = Debug|Any CPU
		{67F44272-3FBB-405E-949B-A99DE6A04D74}.Ad-Hoc|iPhoneSimulator.ActiveCfg = Debug|Any CPU
		{67F44272-3FBB-405E-949B-A99DE6A04D74}.Ad-Hoc|iPhoneSimulator.Build.0 = Debug|Any CPU
		{67F44272-3FBB-405E-949B-A99DE6A04D74}.Ad-Hoc|x64.ActiveCfg = Debug|Any CPU
		{67F44272-3FBB-405E-949B-A99DE6A04D74}.Ad-Hoc|x64.Build.0 = Debug|Any CPU
		{67F44272-3FBB-405E-949B-A99DE6A04D74}.Ad-Hoc|x86.ActiveCfg = Debug|Any CPU
		{67F44272-3FBB-405E-949B-A99DE6A04D74}.Ad-Hoc|x86.Build.0 = Debug|Any CPU
		{67F44272-3FBB-405E-949B-A99DE6A04D74}.AppStore|Any CPU.ActiveCfg = Debug|Any CPU
		{67F44272-3FBB-405E-949B-A99DE6A04D74}.AppStore|Any CPU.Build.0 = Debug|Any CPU
		{67F44272-3FBB-405E-949B-A99DE6A04D74}.AppStore|ARM.ActiveCfg = Debug|Any CPU
		{67F44272-3FBB-405E-949B-A99DE6A04D74}.AppStore|ARM.Build.0 = Debug|Any CPU
		{67F44272-3FBB-405E-949B-A99DE6A04D74}.AppStore|iPhone.ActiveCfg = Debug|Any CPU
		{67F44272-3FBB-405E-949B-A99DE6A04D74}.AppStore|iPhone.Build.0 = Debug|Any CPU
		{67F44272-3FBB-405E-949B-A99DE6A04D74}.AppStore|iPhoneSimulator.ActiveCfg = Debug|Any CPU
		{67F44272-3FBB-405E-949B-A99DE6A04D74}.AppStore|iPhoneSimulator.Build.0 = Debug|Any CPU
		{67F44272-3FBB-405E-949B-A99DE6A04D74}.AppStore|x64.ActiveCfg = Debug|Any CPU
		{67F44272-3FBB-405E-949B-A99DE6A04D74}.AppStore|x64.Build.0 = Debug|Any CPU
		{67F44272-3FBB-405E-949B-A99DE6A04D74}.AppStore|x86.ActiveCfg = Debug|Any CPU
		{67F44272-3FBB-405E-949B-A99DE6A04D74}.AppStore|x86.Build.0 = Debug|Any CPU
		{67F44272-3FBB-405E-949B-A99DE6A04D74}.Debug|Any CPU.ActiveCfg = Debug|Any CPU
		{67F44272-3FBB-405E-949B-A99DE6A04D74}.Debug|Any CPU.Build.0 = Debug|Any CPU
		{67F44272-3FBB-405E-949B-A99DE6A04D74}.Debug|ARM.ActiveCfg = Debug|Any CPU
		{67F44272-3FBB-405E-949B-A99DE6A04D74}.Debug|ARM.Build.0 = Debug|Any CPU
		{67F44272-3FBB-405E-949B-A99DE6A04D74}.Debug|iPhone.ActiveCfg = Debug|Any CPU
		{67F44272-3FBB-405E-949B-A99DE6A04D74}.Debug|iPhone.Build.0 = Debug|Any CPU
		{67F44272-3FBB-405E-949B-A99DE6A04D74}.Debug|iPhoneSimulator.ActiveCfg = Debug|Any CPU
		{67F44272-3FBB-405E-949B-A99DE6A04D74}.Debug|iPhoneSimulator.Build.0 = Debug|Any CPU
		{67F44272-3FBB-405E-949B-A99DE6A04D74}.Debug|x64.ActiveCfg = Debug|Any CPU
		{67F44272-3FBB-405E-949B-A99DE6A04D74}.Debug|x64.Build.0 = Debug|Any CPU
		{67F44272-3FBB-405E-949B-A99DE6A04D74}.Debug|x86.ActiveCfg = Debug|Any CPU
		{67F44272-3FBB-405E-949B-A99DE6A04D74}.Debug|x86.Build.0 = Debug|Any CPU
		{67F44272-3FBB-405E-949B-A99DE6A04D74}.Release|Any CPU.ActiveCfg = Release|Any CPU
		{67F44272-3FBB-405E-949B-A99DE6A04D74}.Release|Any CPU.Build.0 = Release|Any CPU
		{67F44272-3FBB-405E-949B-A99DE6A04D74}.Release|ARM.ActiveCfg = Release|Any CPU
		{67F44272-3FBB-405E-949B-A99DE6A04D74}.Release|ARM.Build.0 = Release|Any CPU
		{67F44272-3FBB-405E-949B-A99DE6A04D74}.Release|iPhone.ActiveCfg = Release|Any CPU
		{67F44272-3FBB-405E-949B-A99DE6A04D74}.Release|iPhone.Build.0 = Release|Any CPU
		{67F44272-3FBB-405E-949B-A99DE6A04D74}.Release|iPhoneSimulator.ActiveCfg = Release|Any CPU
		{67F44272-3FBB-405E-949B-A99DE6A04D74}.Release|iPhoneSimulator.Build.0 = Release|Any CPU
		{67F44272-3FBB-405E-949B-A99DE6A04D74}.Release|x64.ActiveCfg = Release|Any CPU
		{67F44272-3FBB-405E-949B-A99DE6A04D74}.Release|x64.Build.0 = Release|Any CPU
		{67F44272-3FBB-405E-949B-A99DE6A04D74}.Release|x86.ActiveCfg = Release|Any CPU
		{67F44272-3FBB-405E-949B-A99DE6A04D74}.Release|x86.Build.0 = Release|Any CPU
	EndGlobalSection
	GlobalSection(SolutionProperties) = preSolution
		HideSolutionNode = FALSE
	EndGlobalSection
	GlobalSection(ExtensibilityGlobals) = postSolution
		SolutionGuid = {FA2B14CE-97EB-4053-8342-2DA48F5BA474}
	EndGlobalSection
EndGlobal
