
Microsoft Visual Studio Solution File, Format Version 12.00
# Visual Studio 15
VisualStudioVersion = 15.0.27428.2037
MinimumVisualStudioVersion = 10.0.40219.1
Project("{FAE04EC0-301F-11D3-BF4B-00C04F79EFBC}") = "App04_ProjetoLayout.Android", "App04_ProjetoLayout\App04_ProjetoLayout.Android\App04_ProjetoLayout.Android.csproj", "{59DC5838-18B7-4A6B-BE25-4364D36967DA}"
EndProject
Project("{FAE04EC0-301F-11D3-BF4B-00C04F79EFBC}") = "App04_ProjetoLayout.iOS", "App04_ProjetoLayout\App04_ProjetoLayout.iOS\App04_ProjetoLayout.iOS.csproj", "{C887F6DD-4E1E-44C6-A050-EA5ABBBFB4D1}"
EndProject
Project("{FAE04EC0-301F-11D3-BF4B-00C04F79EFBC}") = "App04_ProjetoLayout.UWP", "App04_ProjetoLayout\App04_ProjetoLayout.UWP\App04_ProjetoLayout.UWP.csproj", "{F7BEF4DA-37D5-4DEA-BD11-7CAA579A04B3}"
EndProject
Project("{FAE04EC0-301F-11D3-BF4B-00C04F79EFBC}") = "App04_ProjetoLayout", "App04_ProjetoLayout\App04_ProjetoLayout\App04_ProjetoLayout.csproj", "{94772836-F904-4A71-AD69-9891297E98CD}"
EndProject
Global
	GlobalSection(SolutionConfigurationPlatforms) = preSolution
		Ad-Hoc|Any CPU = Ad-Hoc|Any CPU
		Ad-Hoc|ARM = Ad-Hoc|ARM
		Ad-Hoc|iPhone = Ad-Hoc|iPhone
		Ad-Hoc|iPhoneSimulator = Ad-Hoc|iPhoneSimulator
		Ad-Hoc|x64 = Ad-Hoc|x64
		Ad-Hoc|x86 = Ad-Hoc|x86
		AppStore|Any CPU = AppStore|Any CPU
		AppStore|ARM = AppStore|ARM
		AppStore|iPhone = AppStore|iPhone
		AppStore|iPhoneSimulator = AppStore|iPhoneSimulator
		AppStore|x64 = AppStore|x64
		AppStore|x86 = AppStore|x86
		Debug|Any CPU = Debug|Any CPU
		Debug|ARM = Debug|ARM
		Debug|iPhone = Debug|iPhone
		Debug|iPhoneSimulator = Debug|iPhoneSimulator
		Debug|x64 = Debug|x64
		Debug|x86 = Debug|x86
		Release|Any CPU = Release|Any CPU
		Release|ARM = Release|ARM
		Release|iPhone = Release|iPhone
		Release|iPhoneSimulator = Release|iPhoneSimulator
		Release|x64 = Release|x64
		Release|x86 = Release|x86
	EndGlobalSection
	GlobalSection(ProjectConfigurationPlatforms) = postSolution
		{59DC5838-18B7-4A6B-BE25-4364D36967DA}.Ad-Hoc|Any CPU.ActiveCfg = Release|Any CPU
		{59DC5838-18B7-4A6B-BE25-4364D36967DA}.Ad-Hoc|Any CPU.Build.0 = Release|Any CPU
		{59DC5838-18B7-4A6B-BE25-4364D36967DA}.Ad-Hoc|Any CPU.Deploy.0 = Release|Any CPU
		{59DC5838-18B7-4A6B-BE25-4364D36967DA}.Ad-Hoc|ARM.ActiveCfg = Release|Any CPU
		{59DC5838-18B7-4A6B-BE25-4364D36967DA}.Ad-Hoc|ARM.Build.0 = Release|Any CPU
		{59DC5838-18B7-4A6B-BE25-4364D36967DA}.Ad-Hoc|ARM.Deploy.0 = Release|Any CPU
		{59DC5838-18B7-4A6B-BE25-4364D36967DA}.Ad-Hoc|iPhone.ActiveCfg = Release|Any CPU
		{59DC5838-18B7-4A6B-BE25-4364D36967DA}.Ad-Hoc|iPhone.Build.0 = Release|Any CPU
		{59DC5838-18B7-4A6B-BE25-4364D36967DA}.Ad-Hoc|iPhone.Deploy.0 = Release|Any CPU
		{59DC5838-18B7-4A6B-BE25-4364D36967DA}.Ad-Hoc|iPhoneSimulator.ActiveCfg = Release|Any CPU
		{59DC5838-18B7-4A6B-BE25-4364D36967DA}.Ad-Hoc|iPhoneSimulator.Build.0 = Release|Any CPU
		{59DC5838-18B7-4A6B-BE25-4364D36967DA}.Ad-Hoc|iPhoneSimulator.Deploy.0 = Release|Any CPU
		{59DC5838-18B7-4A6B-BE25-4364D36967DA}.Ad-Hoc|x64.ActiveCfg = Release|Any CPU
		{59DC5838-18B7-4A6B-BE25-4364D36967DA}.Ad-Hoc|x64.Build.0 = Release|Any CPU
		{59DC5838-18B7-4A6B-BE25-4364D36967DA}.Ad-Hoc|x64.Deploy.0 = Release|Any CPU
		{59DC5838-18B7-4A6B-BE25-4364D36967DA}.Ad-Hoc|x86.ActiveCfg = Release|Any CPU
		{59DC5838-18B7-4A6B-BE25-4364D36967DA}.Ad-Hoc|x86.Build.0 = Release|Any CPU
		{59DC5838-18B7-4A6B-BE25-4364D36967DA}.Ad-Hoc|x86.Deploy.0 = Release|Any CPU
		{59DC5838-18B7-4A6B-BE25-4364D36967DA}.AppStore|Any CPU.ActiveCfg = Release|Any CPU
		{59DC5838-18B7-4A6B-BE25-4364D36967DA}.AppStore|Any CPU.Build.0 = Release|Any CPU
		{59DC5838-18B7-4A6B-BE25-4364D36967DA}.AppStore|Any CPU.Deploy.0 = Release|Any CPU
		{59DC5838-18B7-4A6B-BE25-4364D36967DA}.AppStore|ARM.ActiveCfg = Release|Any CPU
		{59DC5838-18B7-4A6B-BE25-4364D36967DA}.AppStore|ARM.Build.0 = Release|Any CPU
		{59DC5838-18B7-4A6B-BE25-4364D36967DA}.AppStore|ARM.Deploy.0 = Release|Any CPU
		{59DC5838-18B7-4A6B-BE25-4364D36967DA}.AppStore|iPhone.ActiveCfg = Release|Any CPU
		{59DC5838-18B7-4A6B-BE25-4364D36967DA}.AppStore|iPhone.Build.0 = Release|Any CPU
		{59DC5838-18B7-4A6B-BE25-4364D36967DA}.AppStore|iPhone.Deploy.0 = Release|Any CPU
		{59DC5838-18B7-4A6B-BE25-4364D36967DA}.AppStore|iPhoneSimulator.ActiveCfg = Release|Any CPU
		{59DC5838-18B7-4A6B-BE25-4364D36967DA}.AppStore|iPhoneSimulator.Build.0 = Release|Any CPU
		{59DC5838-18B7-4A6B-BE25-4364D36967DA}.AppStore|iPhoneSimulator.Deploy.0 = Release|Any CPU
		{59DC5838-18B7-4A6B-BE25-4364D36967DA}.AppStore|x64.ActiveCfg = Release|Any CPU
		{59DC5838-18B7-4A6B-BE25-4364D36967DA}.AppStore|x64.Build.0 = Release|Any CPU
		{59DC5838-18B7-4A6B-BE25-4364D36967DA}.AppStore|x64.Deploy.0 = Release|Any CPU
		{59DC5838-18B7-4A6B-BE25-4364D36967DA}.AppStore|x86.ActiveCfg = Release|Any CPU
		{59DC5838-18B7-4A6B-BE25-4364D36967DA}.AppStore|x86.Build.0 = Release|Any CPU
		{59DC5838-18B7-4A6B-BE25-4364D36967DA}.AppStore|x86.Deploy.0 = Release|Any CPU
		{59DC5838-18B7-4A6B-BE25-4364D36967DA}.Debug|Any CPU.ActiveCfg = Debug|Any CPU
		{59DC5838-18B7-4A6B-BE25-4364D36967DA}.Debug|Any CPU.Build.0 = Debug|Any CPU
		{59DC5838-18B7-4A6B-BE25-4364D36967DA}.Debug|Any CPU.Deploy.0 = Debug|Any CPU
		{59DC5838-18B7-4A6B-BE25-4364D36967DA}.Debug|ARM.ActiveCfg = Debug|Any CPU
		{59DC5838-18B7-4A6B-BE25-4364D36967DA}.Debug|ARM.Build.0 = Debug|Any CPU
		{59DC5838-18B7-4A6B-BE25-4364D36967DA}.Debug|ARM.Deploy.0 = Debug|Any CPU
		{59DC5838-18B7-4A6B-BE25-4364D36967DA}.Debug|iPhone.ActiveCfg = Debug|Any CPU
		{59DC5838-18B7-4A6B-BE25-4364D36967DA}.Debug|iPhone.Build.0 = Debug|Any CPU
		{59DC5838-18B7-4A6B-BE25-4364D36967DA}.Debug|iPhone.Deploy.0 = Debug|Any CPU
		{59DC5838-18B7-4A6B-BE25-4364D36967DA}.Debug|iPhoneSimulator.ActiveCfg = Debug|Any CPU
		{59DC5838-18B7-4A6B-BE25-4364D36967DA}.Debug|iPhoneSimulator.Build.0 = Debug|Any CPU
		{59DC5838-18B7-4A6B-BE25-4364D36967DA}.Debug|iPhoneSimulator.Deploy.0 = Debug|Any CPU
		{59DC5838-18B7-4A6B-BE25-4364D36967DA}.Debug|x64.ActiveCfg = Debug|Any CPU
		{59DC5838-18B7-4A6B-BE25-4364D36967DA}.Debug|x64.Build.0 = Debug|Any CPU
		{59DC5838-18B7-4A6B-BE25-4364D36967DA}.Debug|x64.Deploy.0 = Debug|Any CPU
		{59DC5838-18B7-4A6B-BE25-4364D36967DA}.Debug|x86.ActiveCfg = Debug|Any CPU
		{59DC5838-18B7-4A6B-BE25-4364D36967DA}.Debug|x86.Build.0 = Debug|Any CPU
		{59DC5838-18B7-4A6B-BE25-4364D36967DA}.Debug|x86.Deploy.0 = Debug|Any CPU
		{59DC5838-18B7-4A6B-BE25-4364D36967DA}.Release|Any CPU.ActiveCfg = Release|Any CPU
		{59DC5838-18B7-4A6B-BE25-4364D36967DA}.Release|Any CPU.Build.0 = Release|Any CPU
		{59DC5838-18B7-4A6B-BE25-4364D36967DA}.Release|Any CPU.Deploy.0 = Release|Any CPU
		{59DC5838-18B7-4A6B-BE25-4364D36967DA}.Release|ARM.ActiveCfg = Release|Any CPU
		{59DC5838-18B7-4A6B-BE25-4364D36967DA}.Release|ARM.Build.0 = Release|Any CPU
		{59DC5838-18B7-4A6B-BE25-4364D36967DA}.Release|ARM.Deploy.0 = Release|Any CPU
		{59DC5838-18B7-4A6B-BE25-4364D36967DA}.Release|iPhone.ActiveCfg = Release|Any CPU
		{59DC5838-18B7-4A6B-BE25-4364D36967DA}.Release|iPhone.Build.0 = Release|Any CPU
		{59DC5838-18B7-4A6B-BE25-4364D36967DA}.Release|iPhone.Deploy.0 = Release|Any CPU
		{59DC5838-18B7-4A6B-BE25-4364D36967DA}.Release|iPhoneSimulator.ActiveCfg = Release|Any CPU
		{59DC5838-18B7-4A6B-BE25-4364D36967DA}.Release|iPhoneSimulator.Build.0 = Release|Any CPU
		{59DC5838-18B7-4A6B-BE25-4364D36967DA}.Release|iPhoneSimulator.Deploy.0 = Release|Any CPU
		{59DC5838-18B7-4A6B-BE25-4364D36967DA}.Release|x64.ActiveCfg = Release|Any CPU
		{59DC5838-18B7-4A6B-BE25-4364D36967DA}.Release|x64.Build.0 = Release|Any CPU
		{59DC5838-18B7-4A6B-BE25-4364D36967DA}.Release|x64.Deploy.0 = Release|Any CPU
		{59DC5838-18B7-4A6B-BE25-4364D36967DA}.Release|x86.ActiveCfg = Release|Any CPU
		{59DC5838-18B7-4A6B-BE25-4364D36967DA}.Release|x86.Build.0 = Release|Any CPU
		{59DC5838-18B7-4A6B-BE25-4364D36967DA}.Release|x86.Deploy.0 = Release|Any CPU
		{C887F6DD-4E1E-44C6-A050-EA5ABBBFB4D1}.Ad-Hoc|Any CPU.ActiveCfg = Ad-Hoc|iPhone
		{C887F6DD-4E1E-44C6-A050-EA5ABBBFB4D1}.Ad-Hoc|ARM.ActiveCfg = Ad-Hoc|iPhone
		{C887F6DD-4E1E-44C6-A050-EA5ABBBFB4D1}.Ad-Hoc|iPhone.ActiveCfg = Ad-Hoc|iPhone
		{C887F6DD-4E1E-44C6-A050-EA5ABBBFB4D1}.Ad-Hoc|iPhone.Build.0 = Ad-Hoc|iPhone
		{C887F6DD-4E1E-44C6-A050-EA5ABBBFB4D1}.Ad-Hoc|iPhoneSimulator.ActiveCfg = Ad-Hoc|iPhoneSimulator
		{C887F6DD-4E1E-44C6-A050-EA5ABBBFB4D1}.Ad-Hoc|iPhoneSimulator.Build.0 = Ad-Hoc|iPhoneSimulator
		{C887F6DD-4E1E-44C6-A050-EA5ABBBFB4D1}.Ad-Hoc|x64.ActiveCfg = Ad-Hoc|iPhone
		{C887F6DD-4E1E-44C6-A050-EA5ABBBFB4D1}.Ad-Hoc|x86.ActiveCfg = Ad-Hoc|iPhone
		{C887F6DD-4E1E-44C6-A050-EA5ABBBFB4D1}.AppStore|Any CPU.ActiveCfg = AppStore|iPhone
		{C887F6DD-4E1E-44C6-A050-EA5ABBBFB4D1}.AppStore|ARM.ActiveCfg = AppStore|iPhone
		{C887F6DD-4E1E-44C6-A050-EA5ABBBFB4D1}.AppStore|iPhone.ActiveCfg = AppStore|iPhone
		{C887F6DD-4E1E-44C6-A050-EA5ABBBFB4D1}.AppStore|iPhone.Build.0 = AppStore|iPhone
		{C887F6DD-4E1E-44C6-A050-EA5ABBBFB4D1}.AppStore|iPhoneSimulator.ActiveCfg = AppStore|iPhoneSimulator
		{C887F6DD-4E1E-44C6-A050-EA5ABBBFB4D1}.AppStore|iPhoneSimulator.Build.0 = AppStore|iPhoneSimulator
		{C887F6DD-4E1E-44C6-A050-EA5ABBBFB4D1}.AppStore|x64.ActiveCfg = AppStore|iPhone
		{C887F6DD-4E1E-44C6-A050-EA5ABBBFB4D1}.AppStore|x86.ActiveCfg = AppStore|iPhone
		{C887F6DD-4E1E-44C6-A050-EA5ABBBFB4D1}.Debug|Any CPU.ActiveCfg = Debug|iPhone
		{C887F6DD-4E1E-44C6-A050-EA5ABBBFB4D1}.Debug|ARM.ActiveCfg = Debug|iPhone
		{C887F6DD-4E1E-44C6-A050-EA5ABBBFB4D1}.Debug|iPhone.ActiveCfg = Debug|iPhone
		{C887F6DD-4E1E-44C6-A050-EA5ABBBFB4D1}.Debug|iPhone.Build.0 = Debug|iPhone
		{C887F6DD-4E1E-44C6-A050-EA5ABBBFB4D1}.Debug|iPhoneSimulator.ActiveCfg = Debug|iPhoneSimulator
		{C887F6DD-4E1E-44C6-A050-EA5ABBBFB4D1}.Debug|iPhoneSimulator.Build.0 = Debug|iPhoneSimulator
		{C887F6DD-4E1E-44C6-A050-EA5ABBBFB4D1}.Debug|x64.ActiveCfg = Debug|iPhone
		{C887F6DD-4E1E-44C6-A050-EA5ABBBFB4D1}.Debug|x86.ActiveCfg = Debug|iPhone
		{C887F6DD-4E1E-44C6-A050-EA5ABBBFB4D1}.Release|Any CPU.ActiveCfg = Release|iPhone
		{C887F6DD-4E1E-44C6-A050-EA5ABBBFB4D1}.Release|ARM.ActiveCfg = Release|iPhone
		{C887F6DD-4E1E-44C6-A050-EA5ABBBFB4D1}.Release|iPhone.ActiveCfg = Release|iPhone
		{C887F6DD-4E1E-44C6-A050-EA5ABBBFB4D1}.Release|iPhone.Build.0 = Release|iPhone
		{C887F6DD-4E1E-44C6-A050-EA5ABBBFB4D1}.Release|iPhoneSimulator.ActiveCfg = Release|iPhoneSimulator
		{C887F6DD-4E1E-44C6-A050-EA5ABBBFB4D1}.Release|iPhoneSimulator.Build.0 = Release|iPhoneSimulator
		{C887F6DD-4E1E-44C6-A050-EA5ABBBFB4D1}.Release|x64.ActiveCfg = Release|iPhone
		{C887F6DD-4E1E-44C6-A050-EA5ABBBFB4D1}.Release|x86.ActiveCfg = Release|iPhone
		{F7BEF4DA-37D5-4DEA-BD11-7CAA579A04B3}.Ad-Hoc|Any CPU.ActiveCfg = Release|x86
		{F7BEF4DA-37D5-4DEA-BD11-7CAA579A04B3}.Ad-Hoc|Any CPU.Build.0 = Release|x86
		{F7BEF4DA-37D5-4DEA-BD11-7CAA579A04B3}.Ad-Hoc|Any CPU.Deploy.0 = Release|x86
		{F7BEF4DA-37D5-4DEA-BD11-7CAA579A04B3}.Ad-Hoc|ARM.ActiveCfg = Release|ARM
		{F7BEF4DA-37D5-4DEA-BD11-7CAA579A04B3}.Ad-Hoc|ARM.Build.0 = Release|ARM
		{F7BEF4DA-37D5-4DEA-BD11-7CAA579A04B3}.Ad-Hoc|ARM.Deploy.0 = Release|ARM
		{F7BEF4DA-37D5-4DEA-BD11-7CAA579A04B3}.Ad-Hoc|iPhone.ActiveCfg = Release|x86
		{F7BEF4DA-37D5-4DEA-BD11-7CAA579A04B3}.Ad-Hoc|iPhone.Build.0 = Release|x86
		{F7BEF4DA-37D5-4DEA-BD11-7CAA579A04B3}.Ad-Hoc|iPhone.Deploy.0 = Release|x86
		{F7BEF4DA-37D5-4DEA-BD11-7CAA579A04B3}.Ad-Hoc|iPhoneSimulator.ActiveCfg = Release|x86
		{F7BEF4DA-37D5-4DEA-BD11-7CAA579A04B3}.Ad-Hoc|iPhoneSimulator.Build.0 = Release|x86
		{F7BEF4DA-37D5-4DEA-BD11-7CAA579A04B3}.Ad-Hoc|iPhoneSimulator.Deploy.0 = Release|x86
		{F7BEF4DA-37D5-4DEA-BD11-7CAA579A04B3}.Ad-Hoc|x64.ActiveCfg = Release|x64
		{F7BEF4DA-37D5-4DEA-BD11-7CAA579A04B3}.Ad-Hoc|x64.Build.0 = Release|x64
		{F7BEF4DA-37D5-4DEA-BD11-7CAA579A04B3}.Ad-Hoc|x64.Deploy.0 = Release|x64
		{F7BEF4DA-37D5-4DEA-BD11-7CAA579A04B3}.Ad-Hoc|x86.ActiveCfg = Release|x86
		{F7BEF4DA-37D5-4DEA-BD11-7CAA579A04B3}.Ad-Hoc|x86.Build.0 = Release|x86
		{F7BEF4DA-37D5-4DEA-BD11-7CAA579A04B3}.Ad-Hoc|x86.Deploy.0 = Release|x86
		{F7BEF4DA-37D5-4DEA-BD11-7CAA579A04B3}.AppStore|Any CPU.ActiveCfg = Release|x86
		{F7BEF4DA-37D5-4DEA-BD11-7CAA579A04B3}.AppStore|Any CPU.Build.0 = Release|x86
		{F7BEF4DA-37D5-4DEA-BD11-7CAA579A04B3}.AppStore|Any CPU.Deploy.0 = Release|x86
		{F7BEF4DA-37D5-4DEA-BD11-7CAA579A04B3}.AppStore|ARM.ActiveCfg = Release|ARM
		{F7BEF4DA-37D5-4DEA-BD11-7CAA579A04B3}.AppStore|ARM.Build.0 = Release|ARM
		{F7BEF4DA-37D5-4DEA-BD11-7CAA579A04B3}.AppStore|ARM.Deploy.0 = Release|ARM
		{F7BEF4DA-37D5-4DEA-BD11-7CAA579A04B3}.AppStore|iPhone.ActiveCfg = Release|x86
		{F7BEF4DA-37D5-4DEA-BD11-7CAA579A04B3}.AppStore|iPhone.Build.0 = Release|x86
		{F7BEF4DA-37D5-4DEA-BD11-7CAA579A04B3}.AppStore|iPhone.Deploy.0 = Release|x86
		{F7BEF4DA-37D5-4DEA-BD11-7CAA579A04B3}.AppStore|iPhoneSimulator.ActiveCfg = Release|x86
		{F7BEF4DA-37D5-4DEA-BD11-7CAA579A04B3}.AppStore|iPhoneSimulator.Build.0 = Release|x86
		{F7BEF4DA-37D5-4DEA-BD11-7CAA579A04B3}.AppStore|iPhoneSimulator.Deploy.0 = Release|x86
		{F7BEF4DA-37D5-4DEA-BD11-7CAA579A04B3}.AppStore|x64.ActiveCfg = Release|x64
		{F7BEF4DA-37D5-4DEA-BD11-7CAA579A04B3}.AppStore|x64.Build.0 = Release|x64
		{F7BEF4DA-37D5-4DEA-BD11-7CAA579A04B3}.AppStore|x64.Deploy.0 = Release|x64
		{F7BEF4DA-37D5-4DEA-BD11-7CAA579A04B3}.AppStore|x86.ActiveCfg = Release|x86
		{F7BEF4DA-37D5-4DEA-BD11-7CAA579A04B3}.AppStore|x86.Build.0 = Release|x86
		{F7BEF4DA-37D5-4DEA-BD11-7CAA579A04B3}.AppStore|x86.Deploy.0 = Release|x86
		{F7BEF4DA-37D5-4DEA-BD11-7CAA579A04B3}.Debug|Any CPU.ActiveCfg = Debug|x86
		{F7BEF4DA-37D5-4DEA-BD11-7CAA579A04B3}.Debug|ARM.ActiveCfg = Debug|ARM
		{F7BEF4DA-37D5-4DEA-BD11-7CAA579A04B3}.Debug|ARM.Build.0 = Debug|ARM
		{F7BEF4DA-37D5-4DEA-BD11-7CAA579A04B3}.Debug|ARM.Deploy.0 = Debug|ARM
		{F7BEF4DA-37D5-4DEA-BD11-7CAA579A04B3}.Debug|iPhone.ActiveCfg = Debug|x86
		{F7BEF4DA-37D5-4DEA-BD11-7CAA579A04B3}.Debug|iPhoneSimulator.ActiveCfg = Debug|x86
		{F7BEF4DA-37D5-4DEA-BD11-7CAA579A04B3}.Debug|x64.ActiveCfg = Debug|x64
		{F7BEF4DA-37D5-4DEA-BD11-7CAA579A04B3}.Debug|x64.Build.0 = Debug|x64
		{F7BEF4DA-37D5-4DEA-BD11-7CAA579A04B3}.Debug|x64.Deploy.0 = Debug|x64
		{F7BEF4DA-37D5-4DEA-BD11-7CAA579A04B3}.Debug|x86.ActiveCfg = Debug|x86
		{F7BEF4DA-37D5-4DEA-BD11-7CAA579A04B3}.Debug|x86.Build.0 = Debug|x86
		{F7BEF4DA-37D5-4DEA-BD11-7CAA579A04B3}.Debug|x86.Deploy.0 = Debug|x86
		{F7BEF4DA-37D5-4DEA-BD11-7CAA579A04B3}.Release|Any CPU.ActiveCfg = Release|x86
		{F7BEF4DA-37D5-4DEA-BD11-7CAA579A04B3}.Release|ARM.ActiveCfg = Release|ARM
		{F7BEF4DA-37D5-4DEA-BD11-7CAA579A04B3}.Release|ARM.Build.0 = Release|ARM
		{F7BEF4DA-37D5-4DEA-BD11-7CAA579A04B3}.Release|ARM.Deploy.0 = Release|ARM
		{F7BEF4DA-37D5-4DEA-BD11-7CAA579A04B3}.Release|iPhone.ActiveCfg = Release|x86
		{F7BEF4DA-37D5-4DEA-BD11-7CAA579A04B3}.Release|iPhoneSimulator.ActiveCfg = Release|x86
		{F7BEF4DA-37D5-4DEA-BD11-7CAA579A04B3}.Release|x64.ActiveCfg = Release|x64
		{F7BEF4DA-37D5-4DEA-BD11-7CAA579A04B3}.Release|x64.Build.0 = Release|x64
		{F7BEF4DA-37D5-4DEA-BD11-7CAA579A04B3}.Release|x64.Deploy.0 = Release|x64
		{F7BEF4DA-37D5-4DEA-BD11-7CAA579A04B3}.Release|x86.ActiveCfg = Release|x86
		{F7BEF4DA-37D5-4DEA-BD11-7CAA579A04B3}.Release|x86.Build.0 = Release|x86
		{F7BEF4DA-37D5-4DEA-BD11-7CAA579A04B3}.Release|x86.Deploy.0 = Release|x86
		{94772836-F904-4A71-AD69-9891297E98CD}.Ad-Hoc|Any CPU.ActiveCfg = Debug|Any CPU
		{94772836-F904-4A71-AD69-9891297E98CD}.Ad-Hoc|Any CPU.Build.0 = Debug|Any CPU
		{94772836-F904-4A71-AD69-9891297E98CD}.Ad-Hoc|ARM.ActiveCfg = Debug|Any CPU
		{94772836-F904-4A71-AD69-9891297E98CD}.Ad-Hoc|ARM.Build.0 = Debug|Any CPU
		{94772836-F904-4A71-AD69-9891297E98CD}.Ad-Hoc|iPhone.ActiveCfg = Debug|Any CPU
		{94772836-F904-4A71-AD69-9891297E98CD}.Ad-Hoc|iPhone.Build.0 = Debug|Any CPU
		{94772836-F904-4A71-AD69-9891297E98CD}.Ad-Hoc|iPhoneSimulator.ActiveCfg = Debug|Any CPU
		{94772836-F904-4A71-AD69-9891297E98CD}.Ad-Hoc|iPhoneSimulator.Build.0 = Debug|Any CPU
		{94772836-F904-4A71-AD69-9891297E98CD}.Ad-Hoc|x64.ActiveCfg = Debug|Any CPU
		{94772836-F904-4A71-AD69-9891297E98CD}.Ad-Hoc|x64.Build.0 = Debug|Any CPU
		{94772836-F904-4A71-AD69-9891297E98CD}.Ad-Hoc|x86.ActiveCfg = Debug|Any CPU
		{94772836-F904-4A71-AD69-9891297E98CD}.Ad-Hoc|x86.Build.0 = Debug|Any CPU
		{94772836-F904-4A71-AD69-9891297E98CD}.AppStore|Any CPU.ActiveCfg = Debug|Any CPU
		{94772836-F904-4A71-AD69-9891297E98CD}.AppStore|Any CPU.Build.0 = Debug|Any CPU
		{94772836-F904-4A71-AD69-9891297E98CD}.AppStore|ARM.ActiveCfg = Debug|Any CPU
		{94772836-F904-4A71-AD69-9891297E98CD}.AppStore|ARM.Build.0 = Debug|Any CPU
		{94772836-F904-4A71-AD69-9891297E98CD}.AppStore|iPhone.ActiveCfg = Debug|Any CPU
		{94772836-F904-4A71-AD69-9891297E98CD}.AppStore|iPhone.Build.0 = Debug|Any CPU
		{94772836-F904-4A71-AD69-9891297E98CD}.AppStore|iPhoneSimulator.ActiveCfg = Debug|Any CPU
		{94772836-F904-4A71-AD69-9891297E98CD}.AppStore|iPhoneSimulator.Build.0 = Debug|Any CPU
		{94772836-F904-4A71-AD69-9891297E98CD}.AppStore|x64.ActiveCfg = Debug|Any CPU
		{94772836-F904-4A71-AD69-9891297E98CD}.AppStore|x64.Build.0 = Debug|Any CPU
		{94772836-F904-4A71-AD69-9891297E98CD}.AppStore|x86.ActiveCfg = Debug|Any CPU
		{94772836-F904-4A71-AD69-9891297E98CD}.AppStore|x86.Build.0 = Debug|Any CPU
		{94772836-F904-4A71-AD69-9891297E98CD}.Debug|Any CPU.ActiveCfg = Debug|Any CPU
		{94772836-F904-4A71-AD69-9891297E98CD}.Debug|Any CPU.Build.0 = Debug|Any CPU
		{94772836-F904-4A71-AD69-9891297E98CD}.Debug|ARM.ActiveCfg = Debug|Any CPU
		{94772836-F904-4A71-AD69-9891297E98CD}.Debug|ARM.Build.0 = Debug|Any CPU
		{94772836-F904-4A71-AD69-9891297E98CD}.Debug|iPhone.ActiveCfg = Debug|Any CPU
		{94772836-F904-4A71-AD69-9891297E98CD}.Debug|iPhone.Build.0 = Debug|Any CPU
		{94772836-F904-4A71-AD69-9891297E98CD}.Debug|iPhoneSimulator.ActiveCfg = Debug|Any CPU
		{94772836-F904-4A71-AD69-9891297E98CD}.Debug|iPhoneSimulator.Build.0 = Debug|Any CPU
		{94772836-F904-4A71-AD69-9891297E98CD}.Debug|x64.ActiveCfg = Debug|Any CPU
		{94772836-F904-4A71-AD69-9891297E98CD}.Debug|x64.Build.0 = Debug|Any CPU
		{94772836-F904-4A71-AD69-9891297E98CD}.Debug|x86.ActiveCfg = Debug|Any CPU
		{94772836-F904-4A71-AD69-9891297E98CD}.Debug|x86.Build.0 = Debug|Any CPU
		{94772836-F904-4A71-AD69-9891297E98CD}.Release|Any CPU.ActiveCfg = Release|Any CPU
		{94772836-F904-4A71-AD69-9891297E98CD}.Release|Any CPU.Build.0 = Release|Any CPU
		{94772836-F904-4A71-AD69-9891297E98CD}.Release|ARM.ActiveCfg = Release|Any CPU
		{94772836-F904-4A71-AD69-9891297E98CD}.Release|ARM.Build.0 = Release|Any CPU
		{94772836-F904-4A71-AD69-9891297E98CD}.Release|iPhone.ActiveCfg = Release|Any CPU
		{94772836-F904-4A71-AD69-9891297E98CD}.Release|iPhone.Build.0 = Release|Any CPU
		{94772836-F904-4A71-AD69-9891297E98CD}.Release|iPhoneSimulator.ActiveCfg = Release|Any CPU
		{94772836-F904-4A71-AD69-9891297E98CD}.Release|iPhoneSimulator.Build.0 = Release|Any CPU
		{94772836-F904-4A71-AD69-9891297E98CD}.Release|x64.ActiveCfg = Release|Any CPU
		{94772836-F904-4A71-AD69-9891297E98CD}.Release|x64.Build.0 = Release|Any CPU
		{94772836-F904-4A71-AD69-9891297E98CD}.Release|x86.ActiveCfg = Release|Any CPU
		{94772836-F904-4A71-AD69-9891297E98CD}.Release|x86.Build.0 = Release|Any CPU
	EndGlobalSection
	GlobalSection(SolutionProperties) = preSolution
		HideSolutionNode = FALSE
	EndGlobalSection
	GlobalSection(ExtensibilityGlobals) = postSolution
		SolutionGuid = {05EC0755-3D34-4D9D-9EE0-1B4471E6D6DA}
	EndGlobalSection
EndGlobal
