
Microsoft Visual Studio Solution File, Format Version 12.00
# Visual Studio 15
VisualStudioVersion = 15.0.28307.168
MinimumVisualStudioVersion = 10.0.40219.1
Project("{FAE04EC0-301F-11D3-BF4B-00C04F79EFBC}") = "01_Generics", "01_Generics\01_Generics.csproj", "{FF10CA1C-9104-4D89-890A-87B7B1E8CB42}"
EndProject
Project("{FAE04EC0-301F-11D3-BF4B-00C04F79EFBC}") = "02_VarDynamic", "02_VarDynamic\02_VarDynamic.csproj", "{741E43F3-78B2-4B26-8161-02613ABA5699}"
EndProject
Project("{FAE04EC0-301F-11D3-BF4B-00C04F79EFBC}") = "03_ExtensionMethods", "03_ExtensionMethods\03_ExtensionMethods.csproj", "{FEB7FC1A-3CD1-4367-8DF0-C4750394B8B4}"
EndProject
Project("{FAE04EC0-301F-11D3-BF4B-00C04F79EFBC}") = "04_Nullable", "04_Nullable\04_Nullable.csproj", "{3627801F-BF9F-48F4-98D1-717FACF2F716}"
EndProject
Global
	GlobalSection(SolutionConfigurationPlatforms) = preSolution
		Debug|Any CPU = Debug|Any CPU
		Release|Any CPU = Release|Any CPU
	EndGlobalSection
	GlobalSection(ProjectConfigurationPlatforms) = postSolution
		{FF10CA1C-9104-4D89-890A-87B7B1E8CB42}.Debug|Any CPU.ActiveCfg = Debug|Any CPU
		{FF10CA1C-9104-4D89-890A-87B7B1E8CB42}.Debug|Any CPU.Build.0 = Debug|Any CPU
		{FF10CA1C-9104-4D89-890A-87B7B1E8CB42}.Release|Any CPU.ActiveCfg = Release|Any CPU
		{FF10CA1C-9104-4D89-890A-87B7B1E8CB42}.Release|Any CPU.Build.0 = Release|Any CPU
		{741E43F3-78B2-4B26-8161-02613ABA5699}.Debug|Any CPU.ActiveCfg = Debug|Any CPU
		{741E43F3-78B2-4B26-8161-02613ABA5699}.Debug|Any CPU.Build.0 = Debug|Any CPU
		{741E43F3-78B2-4B26-8161-02613ABA5699}.Release|Any CPU.ActiveCfg = Release|Any CPU
		{741E43F3-78B2-4B26-8161-02613ABA5699}.Release|Any CPU.Build.0 = Release|Any CPU
		{FEB7FC1A-3CD1-4367-8DF0-C4750394B8B4}.Debug|Any CPU.ActiveCfg = Debug|Any CPU
		{FEB7FC1A-3CD1-4367-8DF0-C4750394B8B4}.Debug|Any CPU.Build.0 = Debug|Any CPU
		{FEB7FC1A-3CD1-4367-8DF0-C4750394B8B4}.Release|Any CPU.ActiveCfg = Release|Any CPU
		{FEB7FC1A-3CD1-4367-8DF0-C4750394B8B4}.Release|Any CPU.Build.0 = Release|Any CPU
		{3627801F-BF9F-48F4-98D1-717FACF2F716}.Debug|Any CPU.ActiveCfg = Debug|Any CPU
		{3627801F-BF9F-48F4-98D1-717FACF2F716}.Debug|Any CPU.Build.0 = Debug|Any CPU
		{3627801F-BF9F-48F4-98D1-717FACF2F716}.Release|Any CPU.ActiveCfg = Release|Any CPU
		{3627801F-BF9F-48F4-98D1-717FACF2F716}.Release|Any CPU.Build.0 = Release|Any CPU
	EndGlobalSection
	GlobalSection(SolutionProperties) = preSolution
		HideSolutionNode = FALSE
	EndGlobalSection
	GlobalSection(ExtensibilityGlobals) = postSolution
		SolutionGuid = {A2A05856-A0BB-42FF-8D95-39196FACB2AC}
	EndGlobalSection
EndGlobal
