
Microsoft Visual Studio Solution File, Format Version 12.00
# Visual Studio 15
VisualStudioVersion = 15.0.27428.2037
MinimumVisualStudioVersion = 10.0.40219.1
Project("{FAE04EC0-301F-11D3-BF4B-00C04F79EFBC}") = "Servico", "Servico\Servico.csproj", "{58A59F01-953D-4571-A03A-A3FDFBEBBD36}"
EndProject
Project("{E24C65DC-7377-472B-9ABA-BC803B73C61A}") = "ServicoHost", "ServicoHost\", "{6160E60F-D12B-43A4-B16E-CC0A08C09896}"
	ProjectSection(WebsiteProperties) = preProject
		TargetFrameworkMoniker = ".NETFramework,Version%3Dv4.6.1"
		ProjectReferences = "{58a59f01-953d-4571-a03a-a3fdfbebbd36}|Servico.dll;"
		Debug.AspNetCompiler.VirtualPath = "/localhost_59544"
		Debug.AspNetCompiler.PhysicalPath = "ServicoHost\"
		Debug.AspNetCompiler.TargetPath = "PrecompiledWeb\localhost_59544\"
		Debug.AspNetCompiler.Updateable = "true"
		Debug.AspNetCompiler.ForceOverwrite = "true"
		Debug.AspNetCompiler.FixedNames = "false"
		Debug.AspNetCompiler.Debug = "True"
		Release.AspNetCompiler.VirtualPath = "/localhost_59544"
		Release.AspNetCompiler.PhysicalPath = "ServicoHost\"
		Release.AspNetCompiler.TargetPath = "PrecompiledWeb\localhost_59544\"
		Release.AspNetCompiler.Updateable = "true"
		Release.AspNetCompiler.ForceOverwrite = "true"
		Release.AspNetCompiler.FixedNames = "false"
		Release.AspNetCompiler.Debug = "False"
		VWDPort = "59544"
		SlnRelativePath = "ServicoHost\"
		DefaultWebSiteLanguage = "Visual C#"
	EndProjectSection
EndProject
Project("{FAE04EC0-301F-11D3-BF4B-00C04F79EFBC}") = "Client", "Client\Client.csproj", "{F4084128-839E-4974-AC50-22619E3D9FF1}"
	ProjectSection(ProjectDependencies) = postProject
		{6160E60F-D12B-43A4-B16E-CC0A08C09896} = {6160E60F-D12B-43A4-B16E-CC0A08C09896}
	EndProjectSection
EndProject
Global
	GlobalSection(SolutionConfigurationPlatforms) = preSolution
		Debug|Any CPU = Debug|Any CPU
		Release|Any CPU = Release|Any CPU
	EndGlobalSection
	GlobalSection(ProjectConfigurationPlatforms) = postSolution
		{58A59F01-953D-4571-A03A-A3FDFBEBBD36}.Debug|Any CPU.ActiveCfg = Debug|Any CPU
		{58A59F01-953D-4571-A03A-A3FDFBEBBD36}.Debug|Any CPU.Build.0 = Debug|Any CPU
		{58A59F01-953D-4571-A03A-A3FDFBEBBD36}.Release|Any CPU.ActiveCfg = Release|Any CPU
		{58A59F01-953D-4571-A03A-A3FDFBEBBD36}.Release|Any CPU.Build.0 = Release|Any CPU
		{6160E60F-D12B-43A4-B16E-CC0A08C09896}.Debug|Any CPU.ActiveCfg = Debug|Any CPU
		{6160E60F-D12B-43A4-B16E-CC0A08C09896}.Debug|Any CPU.Build.0 = Debug|Any CPU
		{6160E60F-D12B-43A4-B16E-CC0A08C09896}.Release|Any CPU.ActiveCfg = Debug|Any CPU
		{6160E60F-D12B-43A4-B16E-CC0A08C09896}.Release|Any CPU.Build.0 = Debug|Any CPU
		{F4084128-839E-4974-AC50-22619E3D9FF1}.Debug|Any CPU.ActiveCfg = Debug|Any CPU
		{F4084128-839E-4974-AC50-22619E3D9FF1}.Debug|Any CPU.Build.0 = Debug|Any CPU
		{F4084128-839E-4974-AC50-22619E3D9FF1}.Release|Any CPU.ActiveCfg = Release|Any CPU
		{F4084128-839E-4974-AC50-22619E3D9FF1}.Release|Any CPU.Build.0 = Release|Any CPU
	EndGlobalSection
	GlobalSection(SolutionProperties) = preSolution
		HideSolutionNode = FALSE
	EndGlobalSection
	GlobalSection(ExtensibilityGlobals) = postSolution
		SolutionGuid = {7F0D3F65-9890-475F-8A15-D0172E85D2C8}
	EndGlobalSection
EndGlobal
