
Microsoft Visual Studio Solution File, Format Version 12.00
# Visual Studio 15
VisualStudioVersion = 15.0.28307.168
MinimumVisualStudioVersion = 10.0.40219.1
Project("{9A19103F-16F7-4668-BE54-9A1E7A4F7556}") = "00_Biblioteca", "00_Biblioteca\00_Biblioteca.csproj", "{7F608925-A186-4537-9904-69EB2A0791C4}"
EndProject
Project("{FAE04EC0-301F-11D3-BF4B-00C04F79EFBC}") = "01_SerializarXML", "01_SerializarXML\01_SerializarXML.csproj", "{A9ED1EB2-F32F-47B5-B478-E6A9CDFCBE51}"
EndProject
Project("{FAE04EC0-301F-11D3-BF4B-00C04F79EFBC}") = "02_DeserializarXML", "02_DeserializarXML\02_DeserializarXML.csproj", "{6E329C37-608D-4AD9-A0D1-3558CC350D81}"
EndProject
Project("{FAE04EC0-301F-11D3-BF4B-00C04F79EFBC}") = "03_SerializarJSON", "03_SerializarJSON\03_SerializarJSON.csproj", "{212E32AB-9A88-4010-9C0E-667023066DE8}"
EndProject
Project("{FAE04EC0-301F-11D3-BF4B-00C04F79EFBC}") = "04_DeserializarJSON", "04_DeserializarJSON\04_DeserializarJSON.csproj", "{275CE86D-6039-4D18-AAC3-61FD8A5CD122}"
EndProject
Global
	GlobalSection(SolutionConfigurationPlatforms) = preSolution
		Debug|Any CPU = Debug|Any CPU
		Release|Any CPU = Release|Any CPU
	EndGlobalSection
	GlobalSection(ProjectConfigurationPlatforms) = postSolution
		{7F608925-A186-4537-9904-69EB2A0791C4}.Debug|Any CPU.ActiveCfg = Debug|Any CPU
		{7F608925-A186-4537-9904-69EB2A0791C4}.Debug|Any CPU.Build.0 = Debug|Any CPU
		{7F608925-A186-4537-9904-69EB2A0791C4}.Release|Any CPU.ActiveCfg = Release|Any CPU
		{7F608925-A186-4537-9904-69EB2A0791C4}.Release|Any CPU.Build.0 = Release|Any CPU
		{A9ED1EB2-F32F-47B5-B478-E6A9CDFCBE51}.Debug|Any CPU.ActiveCfg = Debug|Any CPU
		{A9ED1EB2-F32F-47B5-B478-E6A9CDFCBE51}.Debug|Any CPU.Build.0 = Debug|Any CPU
		{A9ED1EB2-F32F-47B5-B478-E6A9CDFCBE51}.Release|Any CPU.ActiveCfg = Release|Any CPU
		{A9ED1EB2-F32F-47B5-B478-E6A9CDFCBE51}.Release|Any CPU.Build.0 = Release|Any CPU
		{6E329C37-608D-4AD9-A0D1-3558CC350D81}.Debug|Any CPU.ActiveCfg = Debug|Any CPU
		{6E329C37-608D-4AD9-A0D1-3558CC350D81}.Debug|Any CPU.Build.0 = Debug|Any CPU
		{6E329C37-608D-4AD9-A0D1-3558CC350D81}.Release|Any CPU.ActiveCfg = Release|Any CPU
		{6E329C37-608D-4AD9-A0D1-3558CC350D81}.Release|Any CPU.Build.0 = Release|Any CPU
		{212E32AB-9A88-4010-9C0E-667023066DE8}.Debug|Any CPU.ActiveCfg = Debug|Any CPU
		{212E32AB-9A88-4010-9C0E-667023066DE8}.Debug|Any CPU.Build.0 = Debug|Any CPU
		{212E32AB-9A88-4010-9C0E-667023066DE8}.Release|Any CPU.ActiveCfg = Release|Any CPU
		{212E32AB-9A88-4010-9C0E-667023066DE8}.Release|Any CPU.Build.0 = Release|Any CPU
		{275CE86D-6039-4D18-AAC3-61FD8A5CD122}.Debug|Any CPU.ActiveCfg = Debug|Any CPU
		{275CE86D-6039-4D18-AAC3-61FD8A5CD122}.Debug|Any CPU.Build.0 = Debug|Any CPU
		{275CE86D-6039-4D18-AAC3-61FD8A5CD122}.Release|Any CPU.ActiveCfg = Release|Any CPU
		{275CE86D-6039-4D18-AAC3-61FD8A5CD122}.Release|Any CPU.Build.0 = Release|Any CPU
	EndGlobalSection
	GlobalSection(SolutionProperties) = preSolution
		HideSolutionNode = FALSE
	EndGlobalSection
	GlobalSection(ExtensibilityGlobals) = postSolution
		SolutionGuid = {14B561B9-C1CC-4B94-B915-593B247BAE07}
	EndGlobalSection
EndGlobal
