
Microsoft Visual Studio Solution File, Format Version 12.00
# Visual Studio 15
VisualStudioVersion = 15.0.27428.2037
MinimumVisualStudioVersion = 10.0.40219.1
Project("{FAE04EC0-301F-11D3-BF4B-00C04F79EFBC}") = "App08_ListaBrasil.Android", "App08_ListaBrasil\App08_ListaBrasil.Android\App08_ListaBrasil.Android.csproj", "{194C19A7-BC6D-429C-A8F9-1288BB955D03}"
EndProject
Project("{FAE04EC0-301F-11D3-BF4B-00C04F79EFBC}") = "App08_ListaBrasil.iOS", "App08_ListaBrasil\App08_ListaBrasil.iOS\App08_ListaBrasil.iOS.csproj", "{2F90FE1A-A4D5-4AE3-82E7-DA3764B4F7FD}"
EndProject
Project("{FAE04EC0-301F-11D3-BF4B-00C04F79EFBC}") = "App08_ListaBrasil.UWP", "App08_ListaBrasil\App08_ListaBrasil.UWP\App08_ListaBrasil.UWP.csproj", "{14D33F11-3D17-4904-88BF-84BCC144C8CE}"
EndProject
Project("{FAE04EC0-301F-11D3-BF4B-00C04F79EFBC}") = "App08_ListaBrasil", "App08_ListaBrasil\App08_ListaBrasil\App08_ListaBrasil.csproj", "{996CF240-F495-445C-917A-6208915061FF}"
EndProject
Global
	GlobalSection(SolutionConfigurationPlatforms) = preSolution
		Ad-Hoc|Any CPU = Ad-Hoc|Any CPU
		Ad-Hoc|ARM = Ad-Hoc|ARM
		Ad-Hoc|iPhone = Ad-Hoc|iPhone
		Ad-Hoc|iPhoneSimulator = Ad-Hoc|iPhoneSimulator
		Ad-Hoc|x64 = Ad-Hoc|x64
		Ad-Hoc|x86 = Ad-Hoc|x86
		AppStore|Any CPU = AppStore|Any CPU
		AppStore|ARM = AppStore|ARM
		AppStore|iPhone = AppStore|iPhone
		AppStore|iPhoneSimulator = AppStore|iPhoneSimulator
		AppStore|x64 = AppStore|x64
		AppStore|x86 = AppStore|x86
		Debug|Any CPU = Debug|Any CPU
		Debug|ARM = Debug|ARM
		Debug|iPhone = Debug|iPhone
		Debug|iPhoneSimulator = Debug|iPhoneSimulator
		Debug|x64 = Debug|x64
		Debug|x86 = Debug|x86
		Release|Any CPU = Release|Any CPU
		Release|ARM = Release|ARM
		Release|iPhone = Release|iPhone
		Release|iPhoneSimulator = Release|iPhoneSimulator
		Release|x64 = Release|x64
		Release|x86 = Release|x86
	EndGlobalSection
	GlobalSection(ProjectConfigurationPlatforms) = postSolution
		{194C19A7-BC6D-429C-A8F9-1288BB955D03}.Ad-Hoc|Any CPU.ActiveCfg = Release|Any CPU
		{194C19A7-BC6D-429C-A8F9-1288BB955D03}.Ad-Hoc|Any CPU.Build.0 = Release|Any CPU
		{194C19A7-BC6D-429C-A8F9-1288BB955D03}.Ad-Hoc|Any CPU.Deploy.0 = Release|Any CPU
		{194C19A7-BC6D-429C-A8F9-1288BB955D03}.Ad-Hoc|ARM.ActiveCfg = Release|Any CPU
		{194C19A7-BC6D-429C-A8F9-1288BB955D03}.Ad-Hoc|ARM.Build.0 = Release|Any CPU
		{194C19A7-BC6D-429C-A8F9-1288BB955D03}.Ad-Hoc|ARM.Deploy.0 = Release|Any CPU
		{194C19A7-BC6D-429C-A8F9-1288BB955D03}.Ad-Hoc|iPhone.ActiveCfg = Release|Any CPU
		{194C19A7-BC6D-429C-A8F9-1288BB955D03}.Ad-Hoc|iPhone.Build.0 = Release|Any CPU
		{194C19A7-BC6D-429C-A8F9-1288BB955D03}.Ad-Hoc|iPhone.Deploy.0 = Release|Any CPU
		{194C19A7-BC6D-429C-A8F9-1288BB955D03}.Ad-Hoc|iPhoneSimulator.ActiveCfg = Release|Any CPU
		{194C19A7-BC6D-429C-A8F9-1288BB955D03}.Ad-Hoc|iPhoneSimulator.Build.0 = Release|Any CPU
		{194C19A7-BC6D-429C-A8F9-1288BB955D03}.Ad-Hoc|iPhoneSimulator.Deploy.0 = Release|Any CPU
		{194C19A7-BC6D-429C-A8F9-1288BB955D03}.Ad-Hoc|x64.ActiveCfg = Release|Any CPU
		{194C19A7-BC6D-429C-A8F9-1288BB955D03}.Ad-Hoc|x64.Build.0 = Release|Any CPU
		{194C19A7-BC6D-429C-A8F9-1288BB955D03}.Ad-Hoc|x64.Deploy.0 = Release|Any CPU
		{194C19A7-BC6D-429C-A8F9-1288BB955D03}.Ad-Hoc|x86.ActiveCfg = Release|Any CPU
		{194C19A7-BC6D-429C-A8F9-1288BB955D03}.Ad-Hoc|x86.Build.0 = Release|Any CPU
		{194C19A7-BC6D-429C-A8F9-1288BB955D03}.Ad-Hoc|x86.Deploy.0 = Release|Any CPU
		{194C19A7-BC6D-429C-A8F9-1288BB955D03}.AppStore|Any CPU.ActiveCfg = Release|Any CPU
		{194C19A7-BC6D-429C-A8F9-1288BB955D03}.AppStore|Any CPU.Build.0 = Release|Any CPU
		{194C19A7-BC6D-429C-A8F9-1288BB955D03}.AppStore|Any CPU.Deploy.0 = Release|Any CPU
		{194C19A7-BC6D-429C-A8F9-1288BB955D03}.AppStore|ARM.ActiveCfg = Release|Any CPU
		{194C19A7-BC6D-429C-A8F9-1288BB955D03}.AppStore|ARM.Build.0 = Release|Any CPU
		{194C19A7-BC6D-429C-A8F9-1288BB955D03}.AppStore|ARM.Deploy.0 = Release|Any CPU
		{194C19A7-BC6D-429C-A8F9-1288BB955D03}.AppStore|iPhone.ActiveCfg = Release|Any CPU
		{194C19A7-BC6D-429C-A8F9-1288BB955D03}.AppStore|iPhone.Build.0 = Release|Any CPU
		{194C19A7-BC6D-429C-A8F9-1288BB955D03}.AppStore|iPhone.Deploy.0 = Release|Any CPU
		{194C19A7-BC6D-429C-A8F9-1288BB955D03}.AppStore|iPhoneSimulator.ActiveCfg = Release|Any CPU
		{194C19A7-BC6D-429C-A8F9-1288BB955D03}.AppStore|iPhoneSimulator.Build.0 = Release|Any CPU
		{194C19A7-BC6D-429C-A8F9-1288BB955D03}.AppStore|iPhoneSimulator.Deploy.0 = Release|Any CPU
		{194C19A7-BC6D-429C-A8F9-1288BB955D03}.AppStore|x64.ActiveCfg = Release|Any CPU
		{194C19A7-BC6D-429C-A8F9-1288BB955D03}.AppStore|x64.Build.0 = Release|Any CPU
		{194C19A7-BC6D-429C-A8F9-1288BB955D03}.AppStore|x64.Deploy.0 = Release|Any CPU
		{194C19A7-BC6D-429C-A8F9-1288BB955D03}.AppStore|x86.ActiveCfg = Release|Any CPU
		{194C19A7-BC6D-429C-A8F9-1288BB955D03}.AppStore|x86.Build.0 = Release|Any CPU
		{194C19A7-BC6D-429C-A8F9-1288BB955D03}.AppStore|x86.Deploy.0 = Release|Any CPU
		{194C19A7-BC6D-429C-A8F9-1288BB955D03}.Debug|Any CPU.ActiveCfg = Debug|Any CPU
		{194C19A7-BC6D-429C-A8F9-1288BB955D03}.Debug|Any CPU.Build.0 = Debug|Any CPU
		{194C19A7-BC6D-429C-A8F9-1288BB955D03}.Debug|Any CPU.Deploy.0 = Debug|Any CPU
		{194C19A7-BC6D-429C-A8F9-1288BB955D03}.Debug|ARM.ActiveCfg = Debug|Any CPU
		{194C19A7-BC6D-429C-A8F9-1288BB955D03}.Debug|ARM.Build.0 = Debug|Any CPU
		{194C19A7-BC6D-429C-A8F9-1288BB955D03}.Debug|ARM.Deploy.0 = Debug|Any CPU
		{194C19A7-BC6D-429C-A8F9-1288BB955D03}.Debug|iPhone.ActiveCfg = Debug|Any CPU
		{194C19A7-BC6D-429C-A8F9-1288BB955D03}.Debug|iPhone.Build.0 = Debug|Any CPU
		{194C19A7-BC6D-429C-A8F9-1288BB955D03}.Debug|iPhone.Deploy.0 = Debug|Any CPU
		{194C19A7-BC6D-429C-A8F9-1288BB955D03}.Debug|iPhoneSimulator.ActiveCfg = Debug|Any CPU
		{194C19A7-BC6D-429C-A8F9-1288BB955D03}.Debug|iPhoneSimulator.Build.0 = Debug|Any CPU
		{194C19A7-BC6D-429C-A8F9-1288BB955D03}.Debug|iPhoneSimulator.Deploy.0 = Debug|Any CPU
		{194C19A7-BC6D-429C-A8F9-1288BB955D03}.Debug|x64.ActiveCfg = Debug|Any CPU
		{194C19A7-BC6D-429C-A8F9-1288BB955D03}.Debug|x64.Build.0 = Debug|Any CPU
		{194C19A7-BC6D-429C-A8F9-1288BB955D03}.Debug|x64.Deploy.0 = Debug|Any CPU
		{194C19A7-BC6D-429C-A8F9-1288BB955D03}.Debug|x86.ActiveCfg = Debug|Any CPU
		{194C19A7-BC6D-429C-A8F9-1288BB955D03}.Debug|x86.Build.0 = Debug|Any CPU
		{194C19A7-BC6D-429C-A8F9-1288BB955D03}.Debug|x86.Deploy.0 = Debug|Any CPU
		{194C19A7-BC6D-429C-A8F9-1288BB955D03}.Release|Any CPU.ActiveCfg = Release|Any CPU
		{194C19A7-BC6D-429C-A8F9-1288BB955D03}.Release|Any CPU.Build.0 = Release|Any CPU
		{194C19A7-BC6D-429C-A8F9-1288BB955D03}.Release|Any CPU.Deploy.0 = Release|Any CPU
		{194C19A7-BC6D-429C-A8F9-1288BB955D03}.Release|ARM.ActiveCfg = Release|Any CPU
		{194C19A7-BC6D-429C-A8F9-1288BB955D03}.Release|ARM.Build.0 = Release|Any CPU
		{194C19A7-BC6D-429C-A8F9-1288BB955D03}.Release|ARM.Deploy.0 = Release|Any CPU
		{194C19A7-BC6D-429C-A8F9-1288BB955D03}.Release|iPhone.ActiveCfg = Release|Any CPU
		{194C19A7-BC6D-429C-A8F9-1288BB955D03}.Release|iPhone.Build.0 = Release|Any CPU
		{194C19A7-BC6D-429C-A8F9-1288BB955D03}.Release|iPhone.Deploy.0 = Release|Any CPU
		{194C19A7-BC6D-429C-A8F9-1288BB955D03}.Release|iPhoneSimulator.ActiveCfg = Release|Any CPU
		{194C19A7-BC6D-429C-A8F9-1288BB955D03}.Release|iPhoneSimulator.Build.0 = Release|Any CPU
		{194C19A7-BC6D-429C-A8F9-1288BB955D03}.Release|iPhoneSimulator.Deploy.0 = Release|Any CPU
		{194C19A7-BC6D-429C-A8F9-1288BB955D03}.Release|x64.ActiveCfg = Release|Any CPU
		{194C19A7-BC6D-429C-A8F9-1288BB955D03}.Release|x64.Build.0 = Release|Any CPU
		{194C19A7-BC6D-429C-A8F9-1288BB955D03}.Release|x64.Deploy.0 = Release|Any CPU
		{194C19A7-BC6D-429C-A8F9-1288BB955D03}.Release|x86.ActiveCfg = Release|Any CPU
		{194C19A7-BC6D-429C-A8F9-1288BB955D03}.Release|x86.Build.0 = Release|Any CPU
		{194C19A7-BC6D-429C-A8F9-1288BB955D03}.Release|x86.Deploy.0 = Release|Any CPU
		{2F90FE1A-A4D5-4AE3-82E7-DA3764B4F7FD}.Ad-Hoc|Any CPU.ActiveCfg = Ad-Hoc|iPhone
		{2F90FE1A-A4D5-4AE3-82E7-DA3764B4F7FD}.Ad-Hoc|ARM.ActiveCfg = Ad-Hoc|iPhone
		{2F90FE1A-A4D5-4AE3-82E7-DA3764B4F7FD}.Ad-Hoc|iPhone.ActiveCfg = Ad-Hoc|iPhone
		{2F90FE1A-A4D5-4AE3-82E7-DA3764B4F7FD}.Ad-Hoc|iPhone.Build.0 = Ad-Hoc|iPhone
		{2F90FE1A-A4D5-4AE3-82E7-DA3764B4F7FD}.Ad-Hoc|iPhoneSimulator.ActiveCfg = Ad-Hoc|iPhoneSimulator
		{2F90FE1A-A4D5-4AE3-82E7-DA3764B4F7FD}.Ad-Hoc|iPhoneSimulator.Build.0 = Ad-Hoc|iPhoneSimulator
		{2F90FE1A-A4D5-4AE3-82E7-DA3764B4F7FD}.Ad-Hoc|x64.ActiveCfg = Ad-Hoc|iPhone
		{2F90FE1A-A4D5-4AE3-82E7-DA3764B4F7FD}.Ad-Hoc|x86.ActiveCfg = Ad-Hoc|iPhone
		{2F90FE1A-A4D5-4AE3-82E7-DA3764B4F7FD}.AppStore|Any CPU.ActiveCfg = AppStore|iPhone
		{2F90FE1A-A4D5-4AE3-82E7-DA3764B4F7FD}.AppStore|ARM.ActiveCfg = AppStore|iPhone
		{2F90FE1A-A4D5-4AE3-82E7-DA3764B4F7FD}.AppStore|iPhone.ActiveCfg = AppStore|iPhone
		{2F90FE1A-A4D5-4AE3-82E7-DA3764B4F7FD}.AppStore|iPhone.Build.0 = AppStore|iPhone
		{2F90FE1A-A4D5-4AE3-82E7-DA3764B4F7FD}.AppStore|iPhoneSimulator.ActiveCfg = AppStore|iPhoneSimulator
		{2F90FE1A-A4D5-4AE3-82E7-DA3764B4F7FD}.AppStore|iPhoneSimulator.Build.0 = AppStore|iPhoneSimulator
		{2F90FE1A-A4D5-4AE3-82E7-DA3764B4F7FD}.AppStore|x64.ActiveCfg = AppStore|iPhone
		{2F90FE1A-A4D5-4AE3-82E7-DA3764B4F7FD}.AppStore|x86.ActiveCfg = AppStore|iPhone
		{2F90FE1A-A4D5-4AE3-82E7-DA3764B4F7FD}.Debug|Any CPU.ActiveCfg = Debug|iPhone
		{2F90FE1A-A4D5-4AE3-82E7-DA3764B4F7FD}.Debug|ARM.ActiveCfg = Debug|iPhone
		{2F90FE1A-A4D5-4AE3-82E7-DA3764B4F7FD}.Debug|iPhone.ActiveCfg = Debug|iPhone
		{2F90FE1A-A4D5-4AE3-82E7-DA3764B4F7FD}.Debug|iPhone.Build.0 = Debug|iPhone
		{2F90FE1A-A4D5-4AE3-82E7-DA3764B4F7FD}.Debug|iPhoneSimulator.ActiveCfg = Debug|iPhoneSimulator
		{2F90FE1A-A4D5-4AE3-82E7-DA3764B4F7FD}.Debug|iPhoneSimulator.Build.0 = Debug|iPhoneSimulator
		{2F90FE1A-A4D5-4AE3-82E7-DA3764B4F7FD}.Debug|x64.ActiveCfg = Debug|iPhone
		{2F90FE1A-A4D5-4AE3-82E7-DA3764B4F7FD}.Debug|x86.ActiveCfg = Debug|iPhone
		{2F90FE1A-A4D5-4AE3-82E7-DA3764B4F7FD}.Release|Any CPU.ActiveCfg = Release|iPhone
		{2F90FE1A-A4D5-4AE3-82E7-DA3764B4F7FD}.Release|ARM.ActiveCfg = Release|iPhone
		{2F90FE1A-A4D5-4AE3-82E7-DA3764B4F7FD}.Release|iPhone.ActiveCfg = Release|iPhone
		{2F90FE1A-A4D5-4AE3-82E7-DA3764B4F7FD}.Release|iPhone.Build.0 = Release|iPhone
		{2F90FE1A-A4D5-4AE3-82E7-DA3764B4F7FD}.Release|iPhoneSimulator.ActiveCfg = Release|iPhoneSimulator
		{2F90FE1A-A4D5-4AE3-82E7-DA3764B4F7FD}.Release|iPhoneSimulator.Build.0 = Release|iPhoneSimulator
		{2F90FE1A-A4D5-4AE3-82E7-DA3764B4F7FD}.Release|x64.ActiveCfg = Release|iPhone
		{2F90FE1A-A4D5-4AE3-82E7-DA3764B4F7FD}.Release|x86.ActiveCfg = Release|iPhone
		{14D33F11-3D17-4904-88BF-84BCC144C8CE}.Ad-Hoc|Any CPU.ActiveCfg = Release|x86
		{14D33F11-3D17-4904-88BF-84BCC144C8CE}.Ad-Hoc|Any CPU.Build.0 = Release|x86
		{14D33F11-3D17-4904-88BF-84BCC144C8CE}.Ad-Hoc|Any CPU.Deploy.0 = Release|x86
		{14D33F11-3D17-4904-88BF-84BCC144C8CE}.Ad-Hoc|ARM.ActiveCfg = Release|ARM
		{14D33F11-3D17-4904-88BF-84BCC144C8CE}.Ad-Hoc|ARM.Build.0 = Release|ARM
		{14D33F11-3D17-4904-88BF-84BCC144C8CE}.Ad-Hoc|ARM.Deploy.0 = Release|ARM
		{14D33F11-3D17-4904-88BF-84BCC144C8CE}.Ad-Hoc|iPhone.ActiveCfg = Release|x86
		{14D33F11-3D17-4904-88BF-84BCC144C8CE}.Ad-Hoc|iPhone.Build.0 = Release|x86
		{14D33F11-3D17-4904-88BF-84BCC144C8CE}.Ad-Hoc|iPhone.Deploy.0 = Release|x86
		{14D33F11-3D17-4904-88BF-84BCC144C8CE}.Ad-Hoc|iPhoneSimulator.ActiveCfg = Release|x86
		{14D33F11-3D17-4904-88BF-84BCC144C8CE}.Ad-Hoc|iPhoneSimulator.Build.0 = Release|x86
		{14D33F11-3D17-4904-88BF-84BCC144C8CE}.Ad-Hoc|iPhoneSimulator.Deploy.0 = Release|x86
		{14D33F11-3D17-4904-88BF-84BCC144C8CE}.Ad-Hoc|x64.ActiveCfg = Release|x64
		{14D33F11-3D17-4904-88BF-84BCC144C8CE}.Ad-Hoc|x64.Build.0 = Release|x64
		{14D33F11-3D17-4904-88BF-84BCC144C8CE}.Ad-Hoc|x64.Deploy.0 = Release|x64
		{14D33F11-3D17-4904-88BF-84BCC144C8CE}.Ad-Hoc|x86.ActiveCfg = Release|x86
		{14D33F11-3D17-4904-88BF-84BCC144C8CE}.Ad-Hoc|x86.Build.0 = Release|x86
		{14D33F11-3D17-4904-88BF-84BCC144C8CE}.Ad-Hoc|x86.Deploy.0 = Release|x86
		{14D33F11-3D17-4904-88BF-84BCC144C8CE}.AppStore|Any CPU.ActiveCfg = Release|x86
		{14D33F11-3D17-4904-88BF-84BCC144C8CE}.AppStore|Any CPU.Build.0 = Release|x86
		{14D33F11-3D17-4904-88BF-84BCC144C8CE}.AppStore|Any CPU.Deploy.0 = Release|x86
		{14D33F11-3D17-4904-88BF-84BCC144C8CE}.AppStore|ARM.ActiveCfg = Release|ARM
		{14D33F11-3D17-4904-88BF-84BCC144C8CE}.AppStore|ARM.Build.0 = Release|ARM
		{14D33F11-3D17-4904-88BF-84BCC144C8CE}.AppStore|ARM.Deploy.0 = Release|ARM
		{14D33F11-3D17-4904-88BF-84BCC144C8CE}.AppStore|iPhone.ActiveCfg = Release|x86
		{14D33F11-3D17-4904-88BF-84BCC144C8CE}.AppStore|iPhone.Build.0 = Release|x86
		{14D33F11-3D17-4904-88BF-84BCC144C8CE}.AppStore|iPhone.Deploy.0 = Release|x86
		{14D33F11-3D17-4904-88BF-84BCC144C8CE}.AppStore|iPhoneSimulator.ActiveCfg = Release|x86
		{14D33F11-3D17-4904-88BF-84BCC144C8CE}.AppStore|iPhoneSimulator.Build.0 = Release|x86
		{14D33F11-3D17-4904-88BF-84BCC144C8CE}.AppStore|iPhoneSimulator.Deploy.0 = Release|x86
		{14D33F11-3D17-4904-88BF-84BCC144C8CE}.AppStore|x64.ActiveCfg = Release|x64
		{14D33F11-3D17-4904-88BF-84BCC144C8CE}.AppStore|x64.Build.0 = Release|x64
		{14D33F11-3D17-4904-88BF-84BCC144C8CE}.AppStore|x64.Deploy.0 = Release|x64
		{14D33F11-3D17-4904-88BF-84BCC144C8CE}.AppStore|x86.ActiveCfg = Release|x86
		{14D33F11-3D17-4904-88BF-84BCC144C8CE}.AppStore|x86.Build.0 = Release|x86
		{14D33F11-3D17-4904-88BF-84BCC144C8CE}.AppStore|x86.Deploy.0 = Release|x86
		{14D33F11-3D17-4904-88BF-84BCC144C8CE}.Debug|Any CPU.ActiveCfg = Debug|x86
		{14D33F11-3D17-4904-88BF-84BCC144C8CE}.Debug|ARM.ActiveCfg = Debug|ARM
		{14D33F11-3D17-4904-88BF-84BCC144C8CE}.Debug|ARM.Build.0 = Debug|ARM
		{14D33F11-3D17-4904-88BF-84BCC144C8CE}.Debug|ARM.Deploy.0 = Debug|ARM
		{14D33F11-3D17-4904-88BF-84BCC144C8CE}.Debug|iPhone.ActiveCfg = Debug|x86
		{14D33F11-3D17-4904-88BF-84BCC144C8CE}.Debug|iPhoneSimulator.ActiveCfg = Debug|x86
		{14D33F11-3D17-4904-88BF-84BCC144C8CE}.Debug|x64.ActiveCfg = Debug|x64
		{14D33F11-3D17-4904-88BF-84BCC144C8CE}.Debug|x64.Build.0 = Debug|x64
		{14D33F11-3D17-4904-88BF-84BCC144C8CE}.Debug|x64.Deploy.0 = Debug|x64
		{14D33F11-3D17-4904-88BF-84BCC144C8CE}.Debug|x86.ActiveCfg = Debug|x86
		{14D33F11-3D17-4904-88BF-84BCC144C8CE}.Debug|x86.Build.0 = Debug|x86
		{14D33F11-3D17-4904-88BF-84BCC144C8CE}.Debug|x86.Deploy.0 = Debug|x86
		{14D33F11-3D17-4904-88BF-84BCC144C8CE}.Release|Any CPU.ActiveCfg = Release|x86
		{14D33F11-3D17-4904-88BF-84BCC144C8CE}.Release|ARM.ActiveCfg = Release|ARM
		{14D33F11-3D17-4904-88BF-84BCC144C8CE}.Release|ARM.Build.0 = Release|ARM
		{14D33F11-3D17-4904-88BF-84BCC144C8CE}.Release|ARM.Deploy.0 = Release|ARM
		{14D33F11-3D17-4904-88BF-84BCC144C8CE}.Release|iPhone.ActiveCfg = Release|x86
		{14D33F11-3D17-4904-88BF-84BCC144C8CE}.Release|iPhoneSimulator.ActiveCfg = Release|x86
		{14D33F11-3D17-4904-88BF-84BCC144C8CE}.Release|x64.ActiveCfg = Release|x64
		{14D33F11-3D17-4904-88BF-84BCC144C8CE}.Release|x64.Build.0 = Release|x64
		{14D33F11-3D17-4904-88BF-84BCC144C8CE}.Release|x64.Deploy.0 = Release|x64
		{14D33F11-3D17-4904-88BF-84BCC144C8CE}.Release|x86.ActiveCfg = Release|x86
		{14D33F11-3D17-4904-88BF-84BCC144C8CE}.Release|x86.Build.0 = Release|x86
		{14D33F11-3D17-4904-88BF-84BCC144C8CE}.Release|x86.Deploy.0 = Release|x86
		{996CF240-F495-445C-917A-6208915061FF}.Ad-Hoc|Any CPU.ActiveCfg = Debug|Any CPU
		{996CF240-F495-445C-917A-6208915061FF}.Ad-Hoc|Any CPU.Build.0 = Debug|Any CPU
		{996CF240-F495-445C-917A-6208915061FF}.Ad-Hoc|ARM.ActiveCfg = Debug|Any CPU
		{996CF240-F495-445C-917A-6208915061FF}.Ad-Hoc|ARM.Build.0 = Debug|Any CPU
		{996CF240-F495-445C-917A-6208915061FF}.Ad-Hoc|iPhone.ActiveCfg = Debug|Any CPU
		{996CF240-F495-445C-917A-6208915061FF}.Ad-Hoc|iPhone.Build.0 = Debug|Any CPU
		{996CF240-F495-445C-917A-6208915061FF}.Ad-Hoc|iPhoneSimulator.ActiveCfg = Debug|Any CPU
		{996CF240-F495-445C-917A-6208915061FF}.Ad-Hoc|iPhoneSimulator.Build.0 = Debug|Any CPU
		{996CF240-F495-445C-917A-6208915061FF}.Ad-Hoc|x64.ActiveCfg = Debug|Any CPU
		{996CF240-F495-445C-917A-6208915061FF}.Ad-Hoc|x64.Build.0 = Debug|Any CPU
		{996CF240-F495-445C-917A-6208915061FF}.Ad-Hoc|x86.ActiveCfg = Debug|Any CPU
		{996CF240-F495-445C-917A-6208915061FF}.Ad-Hoc|x86.Build.0 = Debug|Any CPU
		{996CF240-F495-445C-917A-6208915061FF}.AppStore|Any CPU.ActiveCfg = Debug|Any CPU
		{996CF240-F495-445C-917A-6208915061FF}.AppStore|Any CPU.Build.0 = Debug|Any CPU
		{996CF240-F495-445C-917A-6208915061FF}.AppStore|ARM.ActiveCfg = Debug|Any CPU
		{996CF240-F495-445C-917A-6208915061FF}.AppStore|ARM.Build.0 = Debug|Any CPU
		{996CF240-F495-445C-917A-6208915061FF}.AppStore|iPhone.ActiveCfg = Debug|Any CPU
		{996CF240-F495-445C-917A-6208915061FF}.AppStore|iPhone.Build.0 = Debug|Any CPU
		{996CF240-F495-445C-917A-6208915061FF}.AppStore|iPhoneSimulator.ActiveCfg = Debug|Any CPU
		{996CF240-F495-445C-917A-6208915061FF}.AppStore|iPhoneSimulator.Build.0 = Debug|Any CPU
		{996CF240-F495-445C-917A-6208915061FF}.AppStore|x64.ActiveCfg = Debug|Any CPU
		{996CF240-F495-445C-917A-6208915061FF}.AppStore|x64.Build.0 = Debug|Any CPU
		{996CF240-F495-445C-917A-6208915061FF}.AppStore|x86.ActiveCfg = Debug|Any CPU
		{996CF240-F495-445C-917A-6208915061FF}.AppStore|x86.Build.0 = Debug|Any CPU
		{996CF240-F495-445C-917A-6208915061FF}.Debug|Any CPU.ActiveCfg = Debug|Any CPU
		{996CF240-F495-445C-917A-6208915061FF}.Debug|Any CPU.Build.0 = Debug|Any CPU
		{996CF240-F495-445C-917A-6208915061FF}.Debug|ARM.ActiveCfg = Debug|Any CPU
		{996CF240-F495-445C-917A-6208915061FF}.Debug|ARM.Build.0 = Debug|Any CPU
		{996CF240-F495-445C-917A-6208915061FF}.Debug|iPhone.ActiveCfg = Debug|Any CPU
		{996CF240-F495-445C-917A-6208915061FF}.Debug|iPhone.Build.0 = Debug|Any CPU
		{996CF240-F495-445C-917A-6208915061FF}.Debug|iPhoneSimulator.ActiveCfg = Debug|Any CPU
		{996CF240-F495-445C-917A-6208915061FF}.Debug|iPhoneSimulator.Build.0 = Debug|Any CPU
		{996CF240-F495-445C-917A-6208915061FF}.Debug|x64.ActiveCfg = Debug|Any CPU
		{996CF240-F495-445C-917A-6208915061FF}.Debug|x64.Build.0 = Debug|Any CPU
		{996CF240-F495-445C-917A-6208915061FF}.Debug|x86.ActiveCfg = Debug|Any CPU
		{996CF240-F495-445C-917A-6208915061FF}.Debug|x86.Build.0 = Debug|Any CPU
		{996CF240-F495-445C-917A-6208915061FF}.Release|Any CPU.ActiveCfg = Release|Any CPU
		{996CF240-F495-445C-917A-6208915061FF}.Release|Any CPU.Build.0 = Release|Any CPU
		{996CF240-F495-445C-917A-6208915061FF}.Release|ARM.ActiveCfg = Release|Any CPU
		{996CF240-F495-445C-917A-6208915061FF}.Release|ARM.Build.0 = Release|Any CPU
		{996CF240-F495-445C-917A-6208915061FF}.Release|iPhone.ActiveCfg = Release|Any CPU
		{996CF240-F495-445C-917A-6208915061FF}.Release|iPhone.Build.0 = Release|Any CPU
		{996CF240-F495-445C-917A-6208915061FF}.Release|iPhoneSimulator.ActiveCfg = Release|Any CPU
		{996CF240-F495-445C-917A-6208915061FF}.Release|iPhoneSimulator.Build.0 = Release|Any CPU
		{996CF240-F495-445C-917A-6208915061FF}.Release|x64.ActiveCfg = Release|Any CPU
		{996CF240-F495-445C-917A-6208915061FF}.Release|x64.Build.0 = Release|Any CPU
		{996CF240-F495-445C-917A-6208915061FF}.Release|x86.ActiveCfg = Release|Any CPU
		{996CF240-F495-445C-917A-6208915061FF}.Release|x86.Build.0 = Release|Any CPU
	EndGlobalSection
	GlobalSection(SolutionProperties) = preSolution
		HideSolutionNode = FALSE
	EndGlobalSection
	GlobalSection(ExtensibilityGlobals) = postSolution
		SolutionGuid = {78886F7B-532F-40F0-A7E9-31A908284496}
	EndGlobalSection
EndGlobal
