
Microsoft Visual Studio Solution File, Format Version 12.00
# Visual Studio 15
VisualStudioVersion = 15.0.27428.2037
MinimumVisualStudioVersion = 10.0.40219.1
Project("{FAE04EC0-301F-11D3-BF4B-00C04F79EFBC}") = "App02_ListView.Android", "App02_ListView\App02_ListView.Android\App02_ListView.Android.csproj", "{60B9414A-B084-49DD-A61B-5647A2279D01}"
EndProject
Project("{FAE04EC0-301F-11D3-BF4B-00C04F79EFBC}") = "App02_ListView.iOS", "App02_ListView\App02_ListView.iOS\App02_ListView.iOS.csproj", "{F1157D5B-0AED-4526-B119-4FCE187B8AB5}"
EndProject
Project("{FAE04EC0-301F-11D3-BF4B-00C04F79EFBC}") = "App02_ListView", "App02_ListView\App02_ListView\App02_ListView.csproj", "{B60AA12E-5D55-4377-BF5F-B50445029177}"
EndProject
Global
	GlobalSection(SolutionConfigurationPlatforms) = preSolution
		Ad-Hoc|Any CPU = Ad-Hoc|Any CPU
		Ad-Hoc|iPhone = Ad-Hoc|iPhone
		Ad-Hoc|iPhoneSimulator = Ad-Hoc|iPhoneSimulator
		AppStore|Any CPU = AppStore|Any CPU
		AppStore|iPhone = AppStore|iPhone
		AppStore|iPhoneSimulator = AppStore|iPhoneSimulator
		Debug|Any CPU = Debug|Any CPU
		Debug|iPhone = Debug|iPhone
		Debug|iPhoneSimulator = Debug|iPhoneSimulator
		Release|Any CPU = Release|Any CPU
		Release|iPhone = Release|iPhone
		Release|iPhoneSimulator = Release|iPhoneSimulator
	EndGlobalSection
	GlobalSection(ProjectConfigurationPlatforms) = postSolution
		{60B9414A-B084-49DD-A61B-5647A2279D01}.Ad-Hoc|Any CPU.ActiveCfg = Release|Any CPU
		{60B9414A-B084-49DD-A61B-5647A2279D01}.Ad-Hoc|Any CPU.Build.0 = Release|Any CPU
		{60B9414A-B084-49DD-A61B-5647A2279D01}.Ad-Hoc|Any CPU.Deploy.0 = Release|Any CPU
		{60B9414A-B084-49DD-A61B-5647A2279D01}.Ad-Hoc|iPhone.ActiveCfg = Release|Any CPU
		{60B9414A-B084-49DD-A61B-5647A2279D01}.Ad-Hoc|iPhone.Build.0 = Release|Any CPU
		{60B9414A-B084-49DD-A61B-5647A2279D01}.Ad-Hoc|iPhone.Deploy.0 = Release|Any CPU
		{60B9414A-B084-49DD-A61B-5647A2279D01}.Ad-Hoc|iPhoneSimulator.ActiveCfg = Release|Any CPU
		{60B9414A-B084-49DD-A61B-5647A2279D01}.Ad-Hoc|iPhoneSimulator.Build.0 = Release|Any CPU
		{60B9414A-B084-49DD-A61B-5647A2279D01}.Ad-Hoc|iPhoneSimulator.Deploy.0 = Release|Any CPU
		{60B9414A-B084-49DD-A61B-5647A2279D01}.AppStore|Any CPU.ActiveCfg = Release|Any CPU
		{60B9414A-B084-49DD-A61B-5647A2279D01}.AppStore|Any CPU.Build.0 = Release|Any CPU
		{60B9414A-B084-49DD-A61B-5647A2279D01}.AppStore|Any CPU.Deploy.0 = Release|Any CPU
		{60B9414A-B084-49DD-A61B-5647A2279D01}.AppStore|iPhone.ActiveCfg = Release|Any CPU
		{60B9414A-B084-49DD-A61B-5647A2279D01}.AppStore|iPhone.Build.0 = Release|Any CPU
		{60B9414A-B084-49DD-A61B-5647A2279D01}.AppStore|iPhone.Deploy.0 = Release|Any CPU
		{60B9414A-B084-49DD-A61B-5647A2279D01}.AppStore|iPhoneSimulator.ActiveCfg = Release|Any CPU
		{60B9414A-B084-49DD-A61B-5647A2279D01}.AppStore|iPhoneSimulator.Build.0 = Release|Any CPU
		{60B9414A-B084-49DD-A61B-5647A2279D01}.AppStore|iPhoneSimulator.Deploy.0 = Release|Any CPU
		{60B9414A-B084-49DD-A61B-5647A2279D01}.Debug|Any CPU.ActiveCfg = Debug|Any CPU
		{60B9414A-B084-49DD-A61B-5647A2279D01}.Debug|Any CPU.Build.0 = Debug|Any CPU
		{60B9414A-B084-49DD-A61B-5647A2279D01}.Debug|Any CPU.Deploy.0 = Debug|Any CPU
		{60B9414A-B084-49DD-A61B-5647A2279D01}.Debug|iPhone.ActiveCfg = Debug|Any CPU
		{60B9414A-B084-49DD-A61B-5647A2279D01}.Debug|iPhone.Build.0 = Debug|Any CPU
		{60B9414A-B084-49DD-A61B-5647A2279D01}.Debug|iPhone.Deploy.0 = Debug|Any CPU
		{60B9414A-B084-49DD-A61B-5647A2279D01}.Debug|iPhoneSimulator.ActiveCfg = Debug|Any CPU
		{60B9414A-B084-49DD-A61B-5647A2279D01}.Debug|iPhoneSimulator.Build.0 = Debug|Any CPU
		{60B9414A-B084-49DD-A61B-5647A2279D01}.Debug|iPhoneSimulator.Deploy.0 = Debug|Any CPU
		{60B9414A-B084-49DD-A61B-5647A2279D01}.Release|Any CPU.ActiveCfg = Release|Any CPU
		{60B9414A-B084-49DD-A61B-5647A2279D01}.Release|Any CPU.Build.0 = Release|Any CPU
		{60B9414A-B084-49DD-A61B-5647A2279D01}.Release|Any CPU.Deploy.0 = Release|Any CPU
		{60B9414A-B084-49DD-A61B-5647A2279D01}.Release|iPhone.ActiveCfg = Release|Any CPU
		{60B9414A-B084-49DD-A61B-5647A2279D01}.Release|iPhone.Build.0 = Release|Any CPU
		{60B9414A-B084-49DD-A61B-5647A2279D01}.Release|iPhone.Deploy.0 = Release|Any CPU
		{60B9414A-B084-49DD-A61B-5647A2279D01}.Release|iPhoneSimulator.ActiveCfg = Release|Any CPU
		{60B9414A-B084-49DD-A61B-5647A2279D01}.Release|iPhoneSimulator.Build.0 = Release|Any CPU
		{60B9414A-B084-49DD-A61B-5647A2279D01}.Release|iPhoneSimulator.Deploy.0 = Release|Any CPU
		{F1157D5B-0AED-4526-B119-4FCE187B8AB5}.Ad-Hoc|Any CPU.ActiveCfg = Ad-Hoc|iPhone
		{F1157D5B-0AED-4526-B119-4FCE187B8AB5}.Ad-Hoc|iPhone.ActiveCfg = Ad-Hoc|iPhone
		{F1157D5B-0AED-4526-B119-4FCE187B8AB5}.Ad-Hoc|iPhone.Build.0 = Ad-Hoc|iPhone
		{F1157D5B-0AED-4526-B119-4FCE187B8AB5}.Ad-Hoc|iPhoneSimulator.ActiveCfg = Ad-Hoc|iPhoneSimulator
		{F1157D5B-0AED-4526-B119-4FCE187B8AB5}.Ad-Hoc|iPhoneSimulator.Build.0 = Ad-Hoc|iPhoneSimulator
		{F1157D5B-0AED-4526-B119-4FCE187B8AB5}.AppStore|Any CPU.ActiveCfg = AppStore|iPhone
		{F1157D5B-0AED-4526-B119-4FCE187B8AB5}.AppStore|iPhone.ActiveCfg = AppStore|iPhone
		{F1157D5B-0AED-4526-B119-4FCE187B8AB5}.AppStore|iPhone.Build.0 = AppStore|iPhone
		{F1157D5B-0AED-4526-B119-4FCE187B8AB5}.AppStore|iPhoneSimulator.ActiveCfg = AppStore|iPhoneSimulator
		{F1157D5B-0AED-4526-B119-4FCE187B8AB5}.AppStore|iPhoneSimulator.Build.0 = AppStore|iPhoneSimulator
		{F1157D5B-0AED-4526-B119-4FCE187B8AB5}.Debug|Any CPU.ActiveCfg = Debug|iPhone
		{F1157D5B-0AED-4526-B119-4FCE187B8AB5}.Debug|iPhone.ActiveCfg = Debug|iPhone
		{F1157D5B-0AED-4526-B119-4FCE187B8AB5}.Debug|iPhone.Build.0 = Debug|iPhone
		{F1157D5B-0AED-4526-B119-4FCE187B8AB5}.Debug|iPhoneSimulator.ActiveCfg = Debug|iPhoneSimulator
		{F1157D5B-0AED-4526-B119-4FCE187B8AB5}.Debug|iPhoneSimulator.Build.0 = Debug|iPhoneSimulator
		{F1157D5B-0AED-4526-B119-4FCE187B8AB5}.Release|Any CPU.ActiveCfg = Release|iPhone
		{F1157D5B-0AED-4526-B119-4FCE187B8AB5}.Release|iPhone.ActiveCfg = Release|iPhone
		{F1157D5B-0AED-4526-B119-4FCE187B8AB5}.Release|iPhone.Build.0 = Release|iPhone
		{F1157D5B-0AED-4526-B119-4FCE187B8AB5}.Release|iPhoneSimulator.ActiveCfg = Release|iPhoneSimulator
		{F1157D5B-0AED-4526-B119-4FCE187B8AB5}.Release|iPhoneSimulator.Build.0 = Release|iPhoneSimulator
		{B60AA12E-5D55-4377-BF5F-B50445029177}.Ad-Hoc|Any CPU.ActiveCfg = Debug|Any CPU
		{B60AA12E-5D55-4377-BF5F-B50445029177}.Ad-Hoc|Any CPU.Build.0 = Debug|Any CPU
		{B60AA12E-5D55-4377-BF5F-B50445029177}.Ad-Hoc|iPhone.ActiveCfg = Debug|Any CPU
		{B60AA12E-5D55-4377-BF5F-B50445029177}.Ad-Hoc|iPhone.Build.0 = Debug|Any CPU
		{B60AA12E-5D55-4377-BF5F-B50445029177}.Ad-Hoc|iPhoneSimulator.ActiveCfg = Debug|Any CPU
		{B60AA12E-5D55-4377-BF5F-B50445029177}.Ad-Hoc|iPhoneSimulator.Build.0 = Debug|Any CPU
		{B60AA12E-5D55-4377-BF5F-B50445029177}.AppStore|Any CPU.ActiveCfg = Debug|Any CPU
		{B60AA12E-5D55-4377-BF5F-B50445029177}.AppStore|Any CPU.Build.0 = Debug|Any CPU
		{B60AA12E-5D55-4377-BF5F-B50445029177}.AppStore|iPhone.ActiveCfg = Debug|Any CPU
		{B60AA12E-5D55-4377-BF5F-B50445029177}.AppStore|iPhone.Build.0 = Debug|Any CPU
		{B60AA12E-5D55-4377-BF5F-B50445029177}.AppStore|iPhoneSimulator.ActiveCfg = Debug|Any CPU
		{B60AA12E-5D55-4377-BF5F-B50445029177}.AppStore|iPhoneSimulator.Build.0 = Debug|Any CPU
		{B60AA12E-5D55-4377-BF5F-B50445029177}.Debug|Any CPU.ActiveCfg = Debug|Any CPU
		{B60AA12E-5D55-4377-BF5F-B50445029177}.Debug|Any CPU.Build.0 = Debug|Any CPU
		{B60AA12E-5D55-4377-BF5F-B50445029177}.Debug|iPhone.ActiveCfg = Debug|Any CPU
		{B60AA12E-5D55-4377-BF5F-B50445029177}.Debug|iPhone.Build.0 = Debug|Any CPU
		{B60AA12E-5D55-4377-BF5F-B50445029177}.Debug|iPhoneSimulator.ActiveCfg = Debug|Any CPU
		{B60AA12E-5D55-4377-BF5F-B50445029177}.Debug|iPhoneSimulator.Build.0 = Debug|Any CPU
		{B60AA12E-5D55-4377-BF5F-B50445029177}.Release|Any CPU.ActiveCfg = Release|Any CPU
		{B60AA12E-5D55-4377-BF5F-B50445029177}.Release|Any CPU.Build.0 = Release|Any CPU
		{B60AA12E-5D55-4377-BF5F-B50445029177}.Release|iPhone.ActiveCfg = Release|Any CPU
		{B60AA12E-5D55-4377-BF5F-B50445029177}.Release|iPhone.Build.0 = Release|Any CPU
		{B60AA12E-5D55-4377-BF5F-B50445029177}.Release|iPhoneSimulator.ActiveCfg = Release|Any CPU
		{B60AA12E-5D55-4377-BF5F-B50445029177}.Release|iPhoneSimulator.Build.0 = Release|Any CPU
	EndGlobalSection
	GlobalSection(SolutionProperties) = preSolution
		HideSolutionNode = FALSE
	EndGlobalSection
	GlobalSection(ExtensibilityGlobals) = postSolution
		SolutionGuid = {9A0B9BEF-DDAE-473D-B303-54347E84B3C4}
	EndGlobalSection
EndGlobal
