
Microsoft Visual Studio Solution File, Format Version 12.00
# Visual Studio 15
VisualStudioVersion = 15.0.27428.2037
MinimumVisualStudioVersion = 10.0.40219.1
Project("{FAE04EC0-301F-11D3-BF4B-00C04F79EFBC}") = "App11_ProjVagas.Android", "App11_ProjVagas\App11_ProjVagas.Android\App11_ProjVagas.Android.csproj", "{EA262E18-3D62-425A-807A-F3F1D8262A04}"
EndProject
Project("{FAE04EC0-301F-11D3-BF4B-00C04F79EFBC}") = "App11_ProjVagas.iOS", "App11_ProjVagas\App11_ProjVagas.iOS\App11_ProjVagas.iOS.csproj", "{3AE09C8B-4681-4667-B85C-62F4F8A39E73}"
EndProject
Project("{FAE04EC0-301F-11D3-BF4B-00C04F79EFBC}") = "App11_ProjVagas.UWP", "App11_ProjVagas\App11_ProjVagas.UWP\App11_ProjVagas.UWP.csproj", "{1FE13978-9715-4007-803F-F55166B292FB}"
EndProject
Project("{FAE04EC0-301F-11D3-BF4B-00C04F79EFBC}") = "App11_ProjVagas", "App11_ProjVagas\App11_ProjVagas\App11_ProjVagas.csproj", "{6038286E-A9DD-4E52-9440-77A52EDC28B9}"
EndProject
Global
	GlobalSection(SolutionConfigurationPlatforms) = preSolution
		Ad-Hoc|Any CPU = Ad-Hoc|Any CPU
		Ad-Hoc|ARM = Ad-Hoc|ARM
		Ad-Hoc|iPhone = Ad-Hoc|iPhone
		Ad-Hoc|iPhoneSimulator = Ad-Hoc|iPhoneSimulator
		Ad-Hoc|x64 = Ad-Hoc|x64
		Ad-Hoc|x86 = Ad-Hoc|x86
		AppStore|Any CPU = AppStore|Any CPU
		AppStore|ARM = AppStore|ARM
		AppStore|iPhone = AppStore|iPhone
		AppStore|iPhoneSimulator = AppStore|iPhoneSimulator
		AppStore|x64 = AppStore|x64
		AppStore|x86 = AppStore|x86
		Debug|Any CPU = Debug|Any CPU
		Debug|ARM = Debug|ARM
		Debug|iPhone = Debug|iPhone
		Debug|iPhoneSimulator = Debug|iPhoneSimulator
		Debug|x64 = Debug|x64
		Debug|x86 = Debug|x86
		Release|Any CPU = Release|Any CPU
		Release|ARM = Release|ARM
		Release|iPhone = Release|iPhone
		Release|iPhoneSimulator = Release|iPhoneSimulator
		Release|x64 = Release|x64
		Release|x86 = Release|x86
	EndGlobalSection
	GlobalSection(ProjectConfigurationPlatforms) = postSolution
		{EA262E18-3D62-425A-807A-F3F1D8262A04}.Ad-Hoc|Any CPU.ActiveCfg = Release|Any CPU
		{EA262E18-3D62-425A-807A-F3F1D8262A04}.Ad-Hoc|Any CPU.Build.0 = Release|Any CPU
		{EA262E18-3D62-425A-807A-F3F1D8262A04}.Ad-Hoc|Any CPU.Deploy.0 = Release|Any CPU
		{EA262E18-3D62-425A-807A-F3F1D8262A04}.Ad-Hoc|ARM.ActiveCfg = Release|Any CPU
		{EA262E18-3D62-425A-807A-F3F1D8262A04}.Ad-Hoc|ARM.Build.0 = Release|Any CPU
		{EA262E18-3D62-425A-807A-F3F1D8262A04}.Ad-Hoc|ARM.Deploy.0 = Release|Any CPU
		{EA262E18-3D62-425A-807A-F3F1D8262A04}.Ad-Hoc|iPhone.ActiveCfg = Release|Any CPU
		{EA262E18-3D62-425A-807A-F3F1D8262A04}.Ad-Hoc|iPhone.Build.0 = Release|Any CPU
		{EA262E18-3D62-425A-807A-F3F1D8262A04}.Ad-Hoc|iPhone.Deploy.0 = Release|Any CPU
		{EA262E18-3D62-425A-807A-F3F1D8262A04}.Ad-Hoc|iPhoneSimulator.ActiveCfg = Release|Any CPU
		{EA262E18-3D62-425A-807A-F3F1D8262A04}.Ad-Hoc|iPhoneSimulator.Build.0 = Release|Any CPU
		{EA262E18-3D62-425A-807A-F3F1D8262A04}.Ad-Hoc|iPhoneSimulator.Deploy.0 = Release|Any CPU
		{EA262E18-3D62-425A-807A-F3F1D8262A04}.Ad-Hoc|x64.ActiveCfg = Release|Any CPU
		{EA262E18-3D62-425A-807A-F3F1D8262A04}.Ad-Hoc|x64.Build.0 = Release|Any CPU
		{EA262E18-3D62-425A-807A-F3F1D8262A04}.Ad-Hoc|x64.Deploy.0 = Release|Any CPU
		{EA262E18-3D62-425A-807A-F3F1D8262A04}.Ad-Hoc|x86.ActiveCfg = Release|Any CPU
		{EA262E18-3D62-425A-807A-F3F1D8262A04}.Ad-Hoc|x86.Build.0 = Release|Any CPU
		{EA262E18-3D62-425A-807A-F3F1D8262A04}.Ad-Hoc|x86.Deploy.0 = Release|Any CPU
		{EA262E18-3D62-425A-807A-F3F1D8262A04}.AppStore|Any CPU.ActiveCfg = Release|Any CPU
		{EA262E18-3D62-425A-807A-F3F1D8262A04}.AppStore|Any CPU.Build.0 = Release|Any CPU
		{EA262E18-3D62-425A-807A-F3F1D8262A04}.AppStore|Any CPU.Deploy.0 = Release|Any CPU
		{EA262E18-3D62-425A-807A-F3F1D8262A04}.AppStore|ARM.ActiveCfg = Release|Any CPU
		{EA262E18-3D62-425A-807A-F3F1D8262A04}.AppStore|ARM.Build.0 = Release|Any CPU
		{EA262E18-3D62-425A-807A-F3F1D8262A04}.AppStore|ARM.Deploy.0 = Release|Any CPU
		{EA262E18-3D62-425A-807A-F3F1D8262A04}.AppStore|iPhone.ActiveCfg = Release|Any CPU
		{EA262E18-3D62-425A-807A-F3F1D8262A04}.AppStore|iPhone.Build.0 = Release|Any CPU
		{EA262E18-3D62-425A-807A-F3F1D8262A04}.AppStore|iPhone.Deploy.0 = Release|Any CPU
		{EA262E18-3D62-425A-807A-F3F1D8262A04}.AppStore|iPhoneSimulator.ActiveCfg = Release|Any CPU
		{EA262E18-3D62-425A-807A-F3F1D8262A04}.AppStore|iPhoneSimulator.Build.0 = Release|Any CPU
		{EA262E18-3D62-425A-807A-F3F1D8262A04}.AppStore|iPhoneSimulator.Deploy.0 = Release|Any CPU
		{EA262E18-3D62-425A-807A-F3F1D8262A04}.AppStore|x64.ActiveCfg = Release|Any CPU
		{EA262E18-3D62-425A-807A-F3F1D8262A04}.AppStore|x64.Build.0 = Release|Any CPU
		{EA262E18-3D62-425A-807A-F3F1D8262A04}.AppStore|x64.Deploy.0 = Release|Any CPU
		{EA262E18-3D62-425A-807A-F3F1D8262A04}.AppStore|x86.ActiveCfg = Release|Any CPU
		{EA262E18-3D62-425A-807A-F3F1D8262A04}.AppStore|x86.Build.0 = Release|Any CPU
		{EA262E18-3D62-425A-807A-F3F1D8262A04}.AppStore|x86.Deploy.0 = Release|Any CPU
		{EA262E18-3D62-425A-807A-F3F1D8262A04}.Debug|Any CPU.ActiveCfg = Debug|Any CPU
		{EA262E18-3D62-425A-807A-F3F1D8262A04}.Debug|Any CPU.Build.0 = Debug|Any CPU
		{EA262E18-3D62-425A-807A-F3F1D8262A04}.Debug|Any CPU.Deploy.0 = Debug|Any CPU
		{EA262E18-3D62-425A-807A-F3F1D8262A04}.Debug|ARM.ActiveCfg = Debug|Any CPU
		{EA262E18-3D62-425A-807A-F3F1D8262A04}.Debug|ARM.Build.0 = Debug|Any CPU
		{EA262E18-3D62-425A-807A-F3F1D8262A04}.Debug|ARM.Deploy.0 = Debug|Any CPU
		{EA262E18-3D62-425A-807A-F3F1D8262A04}.Debug|iPhone.ActiveCfg = Debug|Any CPU
		{EA262E18-3D62-425A-807A-F3F1D8262A04}.Debug|iPhone.Build.0 = Debug|Any CPU
		{EA262E18-3D62-425A-807A-F3F1D8262A04}.Debug|iPhone.Deploy.0 = Debug|Any CPU
		{EA262E18-3D62-425A-807A-F3F1D8262A04}.Debug|iPhoneSimulator.ActiveCfg = Debug|Any CPU
		{EA262E18-3D62-425A-807A-F3F1D8262A04}.Debug|iPhoneSimulator.Build.0 = Debug|Any CPU
		{EA262E18-3D62-425A-807A-F3F1D8262A04}.Debug|iPhoneSimulator.Deploy.0 = Debug|Any CPU
		{EA262E18-3D62-425A-807A-F3F1D8262A04}.Debug|x64.ActiveCfg = Debug|Any CPU
		{EA262E18-3D62-425A-807A-F3F1D8262A04}.Debug|x64.Build.0 = Debug|Any CPU
		{EA262E18-3D62-425A-807A-F3F1D8262A04}.Debug|x64.Deploy.0 = Debug|Any CPU
		{EA262E18-3D62-425A-807A-F3F1D8262A04}.Debug|x86.ActiveCfg = Debug|Any CPU
		{EA262E18-3D62-425A-807A-F3F1D8262A04}.Debug|x86.Build.0 = Debug|Any CPU
		{EA262E18-3D62-425A-807A-F3F1D8262A04}.Debug|x86.Deploy.0 = Debug|Any CPU
		{EA262E18-3D62-425A-807A-F3F1D8262A04}.Release|Any CPU.ActiveCfg = Release|Any CPU
		{EA262E18-3D62-425A-807A-F3F1D8262A04}.Release|Any CPU.Build.0 = Release|Any CPU
		{EA262E18-3D62-425A-807A-F3F1D8262A04}.Release|Any CPU.Deploy.0 = Release|Any CPU
		{EA262E18-3D62-425A-807A-F3F1D8262A04}.Release|ARM.ActiveCfg = Release|Any CPU
		{EA262E18-3D62-425A-807A-F3F1D8262A04}.Release|ARM.Build.0 = Release|Any CPU
		{EA262E18-3D62-425A-807A-F3F1D8262A04}.Release|ARM.Deploy.0 = Release|Any CPU
		{EA262E18-3D62-425A-807A-F3F1D8262A04}.Release|iPhone.ActiveCfg = Release|Any CPU
		{EA262E18-3D62-425A-807A-F3F1D8262A04}.Release|iPhone.Build.0 = Release|Any CPU
		{EA262E18-3D62-425A-807A-F3F1D8262A04}.Release|iPhone.Deploy.0 = Release|Any CPU
		{EA262E18-3D62-425A-807A-F3F1D8262A04}.Release|iPhoneSimulator.ActiveCfg = Release|Any CPU
		{EA262E18-3D62-425A-807A-F3F1D8262A04}.Release|iPhoneSimulator.Build.0 = Release|Any CPU
		{EA262E18-3D62-425A-807A-F3F1D8262A04}.Release|iPhoneSimulator.Deploy.0 = Release|Any CPU
		{EA262E18-3D62-425A-807A-F3F1D8262A04}.Release|x64.ActiveCfg = Release|Any CPU
		{EA262E18-3D62-425A-807A-F3F1D8262A04}.Release|x64.Build.0 = Release|Any CPU
		{EA262E18-3D62-425A-807A-F3F1D8262A04}.Release|x64.Deploy.0 = Release|Any CPU
		{EA262E18-3D62-425A-807A-F3F1D8262A04}.Release|x86.ActiveCfg = Release|Any CPU
		{EA262E18-3D62-425A-807A-F3F1D8262A04}.Release|x86.Build.0 = Release|Any CPU
		{EA262E18-3D62-425A-807A-F3F1D8262A04}.Release|x86.Deploy.0 = Release|Any CPU
		{3AE09C8B-4681-4667-B85C-62F4F8A39E73}.Ad-Hoc|Any CPU.ActiveCfg = Ad-Hoc|iPhone
		{3AE09C8B-4681-4667-B85C-62F4F8A39E73}.Ad-Hoc|ARM.ActiveCfg = Ad-Hoc|iPhone
		{3AE09C8B-4681-4667-B85C-62F4F8A39E73}.Ad-Hoc|iPhone.ActiveCfg = Ad-Hoc|iPhone
		{3AE09C8B-4681-4667-B85C-62F4F8A39E73}.Ad-Hoc|iPhone.Build.0 = Ad-Hoc|iPhone
		{3AE09C8B-4681-4667-B85C-62F4F8A39E73}.Ad-Hoc|iPhoneSimulator.ActiveCfg = Ad-Hoc|iPhoneSimulator
		{3AE09C8B-4681-4667-B85C-62F4F8A39E73}.Ad-Hoc|iPhoneSimulator.Build.0 = Ad-Hoc|iPhoneSimulator
		{3AE09C8B-4681-4667-B85C-62F4F8A39E73}.Ad-Hoc|x64.ActiveCfg = Ad-Hoc|iPhone
		{3AE09C8B-4681-4667-B85C-62F4F8A39E73}.Ad-Hoc|x86.ActiveCfg = Ad-Hoc|iPhone
		{3AE09C8B-4681-4667-B85C-62F4F8A39E73}.AppStore|Any CPU.ActiveCfg = AppStore|iPhone
		{3AE09C8B-4681-4667-B85C-62F4F8A39E73}.AppStore|ARM.ActiveCfg = AppStore|iPhone
		{3AE09C8B-4681-4667-B85C-62F4F8A39E73}.AppStore|iPhone.ActiveCfg = AppStore|iPhone
		{3AE09C8B-4681-4667-B85C-62F4F8A39E73}.AppStore|iPhone.Build.0 = AppStore|iPhone
		{3AE09C8B-4681-4667-B85C-62F4F8A39E73}.AppStore|iPhoneSimulator.ActiveCfg = AppStore|iPhoneSimulator
		{3AE09C8B-4681-4667-B85C-62F4F8A39E73}.AppStore|iPhoneSimulator.Build.0 = AppStore|iPhoneSimulator
		{3AE09C8B-4681-4667-B85C-62F4F8A39E73}.AppStore|x64.ActiveCfg = AppStore|iPhone
		{3AE09C8B-4681-4667-B85C-62F4F8A39E73}.AppStore|x86.ActiveCfg = AppStore|iPhone
		{3AE09C8B-4681-4667-B85C-62F4F8A39E73}.Debug|Any CPU.ActiveCfg = Debug|iPhone
		{3AE09C8B-4681-4667-B85C-62F4F8A39E73}.Debug|ARM.ActiveCfg = Debug|iPhone
		{3AE09C8B-4681-4667-B85C-62F4F8A39E73}.Debug|iPhone.ActiveCfg = Debug|iPhone
		{3AE09C8B-4681-4667-B85C-62F4F8A39E73}.Debug|iPhone.Build.0 = Debug|iPhone
		{3AE09C8B-4681-4667-B85C-62F4F8A39E73}.Debug|iPhoneSimulator.ActiveCfg = Debug|iPhoneSimulator
		{3AE09C8B-4681-4667-B85C-62F4F8A39E73}.Debug|iPhoneSimulator.Build.0 = Debug|iPhoneSimulator
		{3AE09C8B-4681-4667-B85C-62F4F8A39E73}.Debug|x64.ActiveCfg = Debug|iPhone
		{3AE09C8B-4681-4667-B85C-62F4F8A39E73}.Debug|x86.ActiveCfg = Debug|iPhone
		{3AE09C8B-4681-4667-B85C-62F4F8A39E73}.Release|Any CPU.ActiveCfg = Release|iPhone
		{3AE09C8B-4681-4667-B85C-62F4F8A39E73}.Release|ARM.ActiveCfg = Release|iPhone
		{3AE09C8B-4681-4667-B85C-62F4F8A39E73}.Release|iPhone.ActiveCfg = Release|iPhone
		{3AE09C8B-4681-4667-B85C-62F4F8A39E73}.Release|iPhone.Build.0 = Release|iPhone
		{3AE09C8B-4681-4667-B85C-62F4F8A39E73}.Release|iPhoneSimulator.ActiveCfg = Release|iPhoneSimulator
		{3AE09C8B-4681-4667-B85C-62F4F8A39E73}.Release|iPhoneSimulator.Build.0 = Release|iPhoneSimulator
		{3AE09C8B-4681-4667-B85C-62F4F8A39E73}.Release|x64.ActiveCfg = Release|iPhone
		{3AE09C8B-4681-4667-B85C-62F4F8A39E73}.Release|x86.ActiveCfg = Release|iPhone
		{1FE13978-9715-4007-803F-F55166B292FB}.Ad-Hoc|Any CPU.ActiveCfg = Release|x86
		{1FE13978-9715-4007-803F-F55166B292FB}.Ad-Hoc|Any CPU.Build.0 = Release|x86
		{1FE13978-9715-4007-803F-F55166B292FB}.Ad-Hoc|Any CPU.Deploy.0 = Release|x86
		{1FE13978-9715-4007-803F-F55166B292FB}.Ad-Hoc|ARM.ActiveCfg = Release|ARM
		{1FE13978-9715-4007-803F-F55166B292FB}.Ad-Hoc|ARM.Build.0 = Release|ARM
		{1FE13978-9715-4007-803F-F55166B292FB}.Ad-Hoc|ARM.Deploy.0 = Release|ARM
		{1FE13978-9715-4007-803F-F55166B292FB}.Ad-Hoc|iPhone.ActiveCfg = Release|x86
		{1FE13978-9715-4007-803F-F55166B292FB}.Ad-Hoc|iPhone.Build.0 = Release|x86
		{1FE13978-9715-4007-803F-F55166B292FB}.Ad-Hoc|iPhone.Deploy.0 = Release|x86
		{1FE13978-9715-4007-803F-F55166B292FB}.Ad-Hoc|iPhoneSimulator.ActiveCfg = Release|x86
		{1FE13978-9715-4007-803F-F55166B292FB}.Ad-Hoc|iPhoneSimulator.Build.0 = Release|x86
		{1FE13978-9715-4007-803F-F55166B292FB}.Ad-Hoc|iPhoneSimulator.Deploy.0 = Release|x86
		{1FE13978-9715-4007-803F-F55166B292FB}.Ad-Hoc|x64.ActiveCfg = Release|x64
		{1FE13978-9715-4007-803F-F55166B292FB}.Ad-Hoc|x64.Build.0 = Release|x64
		{1FE13978-9715-4007-803F-F55166B292FB}.Ad-Hoc|x64.Deploy.0 = Release|x64
		{1FE13978-9715-4007-803F-F55166B292FB}.Ad-Hoc|x86.ActiveCfg = Release|x86
		{1FE13978-9715-4007-803F-F55166B292FB}.Ad-Hoc|x86.Build.0 = Release|x86
		{1FE13978-9715-4007-803F-F55166B292FB}.Ad-Hoc|x86.Deploy.0 = Release|x86
		{1FE13978-9715-4007-803F-F55166B292FB}.AppStore|Any CPU.ActiveCfg = Release|x86
		{1FE13978-9715-4007-803F-F55166B292FB}.AppStore|Any CPU.Build.0 = Release|x86
		{1FE13978-9715-4007-803F-F55166B292FB}.AppStore|Any CPU.Deploy.0 = Release|x86
		{1FE13978-9715-4007-803F-F55166B292FB}.AppStore|ARM.ActiveCfg = Release|ARM
		{1FE13978-9715-4007-803F-F55166B292FB}.AppStore|ARM.Build.0 = Release|ARM
		{1FE13978-9715-4007-803F-F55166B292FB}.AppStore|ARM.Deploy.0 = Release|ARM
		{1FE13978-9715-4007-803F-F55166B292FB}.AppStore|iPhone.ActiveCfg = Release|x86
		{1FE13978-9715-4007-803F-F55166B292FB}.AppStore|iPhone.Build.0 = Release|x86
		{1FE13978-9715-4007-803F-F55166B292FB}.AppStore|iPhone.Deploy.0 = Release|x86
		{1FE13978-9715-4007-803F-F55166B292FB}.AppStore|iPhoneSimulator.ActiveCfg = Release|x86
		{1FE13978-9715-4007-803F-F55166B292FB}.AppStore|iPhoneSimulator.Build.0 = Release|x86
		{1FE13978-9715-4007-803F-F55166B292FB}.AppStore|iPhoneSimulator.Deploy.0 = Release|x86
		{1FE13978-9715-4007-803F-F55166B292FB}.AppStore|x64.ActiveCfg = Release|x64
		{1FE13978-9715-4007-803F-F55166B292FB}.AppStore|x64.Build.0 = Release|x64
		{1FE13978-9715-4007-803F-F55166B292FB}.AppStore|x64.Deploy.0 = Release|x64
		{1FE13978-9715-4007-803F-F55166B292FB}.AppStore|x86.ActiveCfg = Release|x86
		{1FE13978-9715-4007-803F-F55166B292FB}.AppStore|x86.Build.0 = Release|x86
		{1FE13978-9715-4007-803F-F55166B292FB}.AppStore|x86.Deploy.0 = Release|x86
		{1FE13978-9715-4007-803F-F55166B292FB}.Debug|Any CPU.ActiveCfg = Debug|x86
		{1FE13978-9715-4007-803F-F55166B292FB}.Debug|ARM.ActiveCfg = Debug|ARM
		{1FE13978-9715-4007-803F-F55166B292FB}.Debug|ARM.Build.0 = Debug|ARM
		{1FE13978-9715-4007-803F-F55166B292FB}.Debug|ARM.Deploy.0 = Debug|ARM
		{1FE13978-9715-4007-803F-F55166B292FB}.Debug|iPhone.ActiveCfg = Debug|x86
		{1FE13978-9715-4007-803F-F55166B292FB}.Debug|iPhoneSimulator.ActiveCfg = Debug|x86
		{1FE13978-9715-4007-803F-F55166B292FB}.Debug|x64.ActiveCfg = Debug|x64
		{1FE13978-9715-4007-803F-F55166B292FB}.Debug|x64.Build.0 = Debug|x64
		{1FE13978-9715-4007-803F-F55166B292FB}.Debug|x64.Deploy.0 = Debug|x64
		{1FE13978-9715-4007-803F-F55166B292FB}.Debug|x86.ActiveCfg = Debug|x86
		{1FE13978-9715-4007-803F-F55166B292FB}.Debug|x86.Build.0 = Debug|x86
		{1FE13978-9715-4007-803F-F55166B292FB}.Debug|x86.Deploy.0 = Debug|x86
		{1FE13978-9715-4007-803F-F55166B292FB}.Release|Any CPU.ActiveCfg = Release|x86
		{1FE13978-9715-4007-803F-F55166B292FB}.Release|ARM.ActiveCfg = Release|ARM
		{1FE13978-9715-4007-803F-F55166B292FB}.Release|ARM.Build.0 = Release|ARM
		{1FE13978-9715-4007-803F-F55166B292FB}.Release|ARM.Deploy.0 = Release|ARM
		{1FE13978-9715-4007-803F-F55166B292FB}.Release|iPhone.ActiveCfg = Release|x86
		{1FE13978-9715-4007-803F-F55166B292FB}.Release|iPhoneSimulator.ActiveCfg = Release|x86
		{1FE13978-9715-4007-803F-F55166B292FB}.Release|x64.ActiveCfg = Release|x64
		{1FE13978-9715-4007-803F-F55166B292FB}.Release|x64.Build.0 = Release|x64
		{1FE13978-9715-4007-803F-F55166B292FB}.Release|x64.Deploy.0 = Release|x64
		{1FE13978-9715-4007-803F-F55166B292FB}.Release|x86.ActiveCfg = Release|x86
		{1FE13978-9715-4007-803F-F55166B292FB}.Release|x86.Build.0 = Release|x86
		{1FE13978-9715-4007-803F-F55166B292FB}.Release|x86.Deploy.0 = Release|x86
		{6038286E-A9DD-4E52-9440-77A52EDC28B9}.Ad-Hoc|Any CPU.ActiveCfg = Debug|Any CPU
		{6038286E-A9DD-4E52-9440-77A52EDC28B9}.Ad-Hoc|Any CPU.Build.0 = Debug|Any CPU
		{6038286E-A9DD-4E52-9440-77A52EDC28B9}.Ad-Hoc|ARM.ActiveCfg = Debug|Any CPU
		{6038286E-A9DD-4E52-9440-77A52EDC28B9}.Ad-Hoc|ARM.Build.0 = Debug|Any CPU
		{6038286E-A9DD-4E52-9440-77A52EDC28B9}.Ad-Hoc|iPhone.ActiveCfg = Debug|Any CPU
		{6038286E-A9DD-4E52-9440-77A52EDC28B9}.Ad-Hoc|iPhone.Build.0 = Debug|Any CPU
		{6038286E-A9DD-4E52-9440-77A52EDC28B9}.Ad-Hoc|iPhoneSimulator.ActiveCfg = Debug|Any CPU
		{6038286E-A9DD-4E52-9440-77A52EDC28B9}.Ad-Hoc|iPhoneSimulator.Build.0 = Debug|Any CPU
		{6038286E-A9DD-4E52-9440-77A52EDC28B9}.Ad-Hoc|x64.ActiveCfg = Debug|Any CPU
		{6038286E-A9DD-4E52-9440-77A52EDC28B9}.Ad-Hoc|x64.Build.0 = Debug|Any CPU
		{6038286E-A9DD-4E52-9440-77A52EDC28B9}.Ad-Hoc|x86.ActiveCfg = Debug|Any CPU
		{6038286E-A9DD-4E52-9440-77A52EDC28B9}.Ad-Hoc|x86.Build.0 = Debug|Any CPU
		{6038286E-A9DD-4E52-9440-77A52EDC28B9}.AppStore|Any CPU.ActiveCfg = Debug|Any CPU
		{6038286E-A9DD-4E52-9440-77A52EDC28B9}.AppStore|Any CPU.Build.0 = Debug|Any CPU
		{6038286E-A9DD-4E52-9440-77A52EDC28B9}.AppStore|ARM.ActiveCfg = Debug|Any CPU
		{6038286E-A9DD-4E52-9440-77A52EDC28B9}.AppStore|ARM.Build.0 = Debug|Any CPU
		{6038286E-A9DD-4E52-9440-77A52EDC28B9}.AppStore|iPhone.ActiveCfg = Debug|Any CPU
		{6038286E-A9DD-4E52-9440-77A52EDC28B9}.AppStore|iPhone.Build.0 = Debug|Any CPU
		{6038286E-A9DD-4E52-9440-77A52EDC28B9}.AppStore|iPhoneSimulator.ActiveCfg = Debug|Any CPU
		{6038286E-A9DD-4E52-9440-77A52EDC28B9}.AppStore|iPhoneSimulator.Build.0 = Debug|Any CPU
		{6038286E-A9DD-4E52-9440-77A52EDC28B9}.AppStore|x64.ActiveCfg = Debug|Any CPU
		{6038286E-A9DD-4E52-9440-77A52EDC28B9}.AppStore|x64.Build.0 = Debug|Any CPU
		{6038286E-A9DD-4E52-9440-77A52EDC28B9}.AppStore|x86.ActiveCfg = Debug|Any CPU
		{6038286E-A9DD-4E52-9440-77A52EDC28B9}.AppStore|x86.Build.0 = Debug|Any CPU
		{6038286E-A9DD-4E52-9440-77A52EDC28B9}.Debug|Any CPU.ActiveCfg = Debug|Any CPU
		{6038286E-A9DD-4E52-9440-77A52EDC28B9}.Debug|Any CPU.Build.0 = Debug|Any CPU
		{6038286E-A9DD-4E52-9440-77A52EDC28B9}.Debug|ARM.ActiveCfg = Debug|Any CPU
		{6038286E-A9DD-4E52-9440-77A52EDC28B9}.Debug|ARM.Build.0 = Debug|Any CPU
		{6038286E-A9DD-4E52-9440-77A52EDC28B9}.Debug|iPhone.ActiveCfg = Debug|Any CPU
		{6038286E-A9DD-4E52-9440-77A52EDC28B9}.Debug|iPhone.Build.0 = Debug|Any CPU
		{6038286E-A9DD-4E52-9440-77A52EDC28B9}.Debug|iPhoneSimulator.ActiveCfg = Debug|Any CPU
		{6038286E-A9DD-4E52-9440-77A52EDC28B9}.Debug|iPhoneSimulator.Build.0 = Debug|Any CPU
		{6038286E-A9DD-4E52-9440-77A52EDC28B9}.Debug|x64.ActiveCfg = Debug|Any CPU
		{6038286E-A9DD-4E52-9440-77A52EDC28B9}.Debug|x64.Build.0 = Debug|Any CPU
		{6038286E-A9DD-4E52-9440-77A52EDC28B9}.Debug|x86.ActiveCfg = Debug|Any CPU
		{6038286E-A9DD-4E52-9440-77A52EDC28B9}.Debug|x86.Build.0 = Debug|Any CPU
		{6038286E-A9DD-4E52-9440-77A52EDC28B9}.Release|Any CPU.ActiveCfg = Release|Any CPU
		{6038286E-A9DD-4E52-9440-77A52EDC28B9}.Release|Any CPU.Build.0 = Release|Any CPU
		{6038286E-A9DD-4E52-9440-77A52EDC28B9}.Release|ARM.ActiveCfg = Release|Any CPU
		{6038286E-A9DD-4E52-9440-77A52EDC28B9}.Release|ARM.Build.0 = Release|Any CPU
		{6038286E-A9DD-4E52-9440-77A52EDC28B9}.Release|iPhone.ActiveCfg = Release|Any CPU
		{6038286E-A9DD-4E52-9440-77A52EDC28B9}.Release|iPhone.Build.0 = Release|Any CPU
		{6038286E-A9DD-4E52-9440-77A52EDC28B9}.Release|iPhoneSimulator.ActiveCfg = Release|Any CPU
		{6038286E-A9DD-4E52-9440-77A52EDC28B9}.Release|iPhoneSimulator.Build.0 = Release|Any CPU
		{6038286E-A9DD-4E52-9440-77A52EDC28B9}.Release|x64.ActiveCfg = Release|Any CPU
		{6038286E-A9DD-4E52-9440-77A52EDC28B9}.Release|x64.Build.0 = Release|Any CPU
		{6038286E-A9DD-4E52-9440-77A52EDC28B9}.Release|x86.ActiveCfg = Release|Any CPU
		{6038286E-A9DD-4E52-9440-77A52EDC28B9}.Release|x86.Build.0 = Release|Any CPU
	EndGlobalSection
	GlobalSection(SolutionProperties) = preSolution
		HideSolutionNode = FALSE
	EndGlobalSection
	GlobalSection(ExtensibilityGlobals) = postSolution
		SolutionGuid = {53C45EA9-082E-4200-B7FE-B2A07504DC8A}
	EndGlobalSection
EndGlobal
