
Microsoft Visual Studio Solution File, Format Version 12.00
# Visual Studio 15
VisualStudioVersion = 15.0.27428.2037
MinimumVisualStudioVersion = 10.0.40219.1
Project("{E24C65DC-7377-472B-9ABA-BC803B73C61A}") = "WebService", "WebService\", "{C4CC634E-7174-4D49-BD05-3FC7F45B5C66}"
	ProjectSection(WebsiteProperties) = preProject
		TargetFrameworkMoniker = ".NETFramework,Version%3Dv4.6.1"
		Debug.AspNetCompiler.VirtualPath = "/localhost_61308"
		Debug.AspNetCompiler.PhysicalPath = "WebService\"
		Debug.AspNetCompiler.TargetPath = "PrecompiledWeb\localhost_61308\"
		Debug.AspNetCompiler.Updateable = "true"
		Debug.AspNetCompiler.ForceOverwrite = "true"
		Debug.AspNetCompiler.FixedNames = "false"
		Debug.AspNetCompiler.Debug = "True"
		Release.AspNetCompiler.VirtualPath = "/localhost_61308"
		Release.AspNetCompiler.PhysicalPath = "WebService\"
		Release.AspNetCompiler.TargetPath = "PrecompiledWeb\localhost_61308\"
		Release.AspNetCompiler.Updateable = "true"
		Release.AspNetCompiler.ForceOverwrite = "true"
		Release.AspNetCompiler.FixedNames = "false"
		Release.AspNetCompiler.Debug = "False"
		VWDPort = "61308"
		SlnRelativePath = "WebService\"
		DefaultWebSiteLanguage = "Visual C#"
	EndProjectSection
EndProject
Project("{FAE04EC0-301F-11D3-BF4B-00C04F79EFBC}") = "Cliente", "Cliente\Cliente.csproj", "{92CA5F93-20EC-4C5B-BB0A-EA8796D60F16}"
EndProject
Global
	GlobalSection(SolutionConfigurationPlatforms) = preSolution
		Debug|Any CPU = Debug|Any CPU
		Release|Any CPU = Release|Any CPU
	EndGlobalSection
	GlobalSection(ProjectConfigurationPlatforms) = postSolution
		{C4CC634E-7174-4D49-BD05-3FC7F45B5C66}.Debug|Any CPU.ActiveCfg = Debug|Any CPU
		{C4CC634E-7174-4D49-BD05-3FC7F45B5C66}.Debug|Any CPU.Build.0 = Debug|Any CPU
		{C4CC634E-7174-4D49-BD05-3FC7F45B5C66}.Release|Any CPU.ActiveCfg = Debug|Any CPU
		{C4CC634E-7174-4D49-BD05-3FC7F45B5C66}.Release|Any CPU.Build.0 = Debug|Any CPU
		{92CA5F93-20EC-4C5B-BB0A-EA8796D60F16}.Debug|Any CPU.ActiveCfg = Debug|Any CPU
		{92CA5F93-20EC-4C5B-BB0A-EA8796D60F16}.Debug|Any CPU.Build.0 = Debug|Any CPU
		{92CA5F93-20EC-4C5B-BB0A-EA8796D60F16}.Release|Any CPU.ActiveCfg = Release|Any CPU
		{92CA5F93-20EC-4C5B-BB0A-EA8796D60F16}.Release|Any CPU.Build.0 = Release|Any CPU
	EndGlobalSection
	GlobalSection(SolutionProperties) = preSolution
		HideSolutionNode = FALSE
	EndGlobalSection
	GlobalSection(ExtensibilityGlobals) = postSolution
		SolutionGuid = {9CCF6E17-1047-48B5-AD9F-0D2B89443CC7}
	EndGlobalSection
EndGlobal
